{
  "version": 4,
  "terraform_version": "1.13.3",
  "serial": 116,
  "lineage": "fb65d248-ea4f-b453-e9e8-344069531e4b",
  "outputs": {
    "api_gateway_id": {
      "value": "b4gx20hcx4",
      "type": "string"
    },
    "api_gateway_url": {
      "value": "https://b4gx20hcx4.execute-api.eu-west-1.amazonaws.com/dev-secure",
      "type": "string"
    },
    "certificate_monitor_function_name": {
      "value": "cert-management-dev-secure-certificate-monitor",
      "type": "string"
    },
    "certificates_table_name": {
      "value": "cert-management-dev-secure-certificates",
      "type": "string"
    },
    "cloudfront_distribution_id": {
      "value": "E3G2T5YRDMM345",
      "type": "string"
    },
    "cloudfront_distribution_url": {
      "value": "https://d19eoajdfyip1t.cloudfront.net",
      "type": "string"
    },
    "cognito_client_id": {
      "value": "2ggi07dd8s63p3469j59t82p0o",
      "type": "string"
    },
    "cognito_domain_url": {
      "value": "https://cert-management-dev-secure-9xeyqp04.auth.eu-west-1.amazoncognito.com",
      "type": "string"
    },
    "cognito_user_pool_id": {
      "value": "eu-west-1_13fKTZw4o",
      "type": "string"
    },
    "cognito_users": {
      "value": {
        "admin": "vinaya-c.nayanegali@capgemini.com",
        "operator": "vinaya-c.nayanegali+operator@capgemini.com",
        "viewer": "vinaya-c.nayanegali+viewer@capgemini.com"
      },
      "type": [
        "object",
        {
          "admin": "string",
          "operator": "string",
          "viewer": "string"
        }
      ]
    },
    "dashboard_api_function_name": {
      "value": "cert-management-dev-secure-dashboard-api",
      "type": "string"
    },
    "dashboard_bucket_name": {
      "value": "cert-management-dev-secure-dashboard-9xeyqp04",
      "type": "string"
    },
    "deployment_summary": {
      "value": "  \r\n╔════════════════════════════════════════════════════════════════════╗\r\n║     CERTIFICATE MANAGEMENT SYSTEM - SECURE DEPLOYMENT              ║\r\n╚════════════════════════════════════════════════════════════════════╝\r\n  \r\n🌐 DASHBOARD URL (HTTPS):\r\n   d19eoajdfyip1t.cloudfront.net\r\n  \r\n🔐 AUTHENTICATION:\r\n   User Pool: eu-west-1_13fKTZw4o\r\n   Client ID: 2ggi07dd8s63p3469j59t82p0o\r\n     \r\n👥 USERS (check email for temporary passwords):\r\n   • Admin:    vinaya-c.nayanegali@capgemini.com\r\n   • Operator: vinaya-c.nayanegali+operator@capgemini.com\r\n   • Viewer:   vinaya-c.nayanegali+viewer@capgemini.com\r\n  \r\n🔗 API ENDPOINT:\r\n   https://b4gx20hcx4.execute-api.eu-west-1.amazonaws.com/dev-secure\r\n  \r\n📊 DATABASES:\r\n   • Certificates: cert-management-dev-secure-certificates\r\n   • Logs:         cert-management-dev-secure-certificate-logs\r\n  \r\n🔒 SECURITY FEATURES:\r\n   ✓ Cognito Authentication (3 user groups)\r\n   ✓ CloudFront HTTPS Distribution (TLS 1.2+)\r\n   ✓ API Gateway with JWT Authorization\r\n   ✓ Private S3 Buckets (OAI access only)\r\n   ✓ Lambda JWT Validation\r\n   ✓ Role-Based Access Control\r\n  \r\n📝 NEXT STEPS:\r\n   1. Check your email for Cognito temporary passwords\r\n   2. Access dashboard via CloudFront URL\r\n   3. Login with your credentials\r\n   4. Change temporary password on first login\r\n   5. Start managing certificates!\r\n  \r\n",
      "type": "string"
    },
    "excel_processor_function_name": {
      "value": "cert-management-dev-secure-excel-processor",
      "type": "string"
    },
    "logs_table_name": {
      "value": "cert-management-dev-secure-certificate-logs",
      "type": "string"
    },
    "uploads_bucket_name": {
      "value": "cert-management-dev-secure-uploads-9xeyqp04",
      "type": "string"
    }
  },
  "resources": [
    {
      "mode": "data",
      "type": "aws_caller_identity",
      "name": "current",
      "provider": "provider[\"registry.terraform.io/hashicorp/aws\"]",
      "instances": [
        {
          "schema_version": 0,
          "attributes": {
            "account_id": "992155623828",
            "arn": "arn:aws:iam::992155623828:user/vinaya_administrator",
            "id": "992155623828",
            "user_id": "AIDA6OAIVMGKGDDWNNQ2J"
          },
          "sensitive_attributes": [],
          "identity_schema_version": 0
        }
      ]
    },
    {
      "mode": "data",
      "type": "aws_region",
      "name": "current",
      "provider": "provider[\"registry.terraform.io/hashicorp/aws\"]",
      "instances": [
        {
          "schema_version": 0,
          "attributes": {
            "description": "Europe (Ireland)",
            "endpoint": "ec2.eu-west-1.amazonaws.com",
            "id": "eu-west-1",
            "name": "eu-west-1"
          },
          "sensitive_attributes": [],
          "identity_schema_version": 0
        }
      ]
    },
    {
      "mode": "managed",
      "type": "aws_ses_email_identity",
      "name": "sender",
      "provider": "provider[\"registry.terraform.io/hashicorp/aws\"]",
      "instances": [
        {
          "schema_version": 0,
          "attributes": {
            "arn": "arn:aws:ses:eu-west-1:992155623828:identity/vinaya-c.nayanegali@capgemini.com",
            "email": "vinaya-c.nayanegali@capgemini.com",
            "id": "vinaya-c.nayanegali@capgemini.com"
          },
          "sensitive_attributes": [],
          "identity_schema_version": 0,
          "private": "bnVsbA==",
          "create_before_destroy": true
        }
      ]
    },
    {
      "mode": "managed",
      "type": "random_string",
      "name": "suffix",
      "provider": "provider[\"registry.terraform.io/hashicorp/random\"]",
      "instances": [
        {
          "schema_version": 2,
          "attributes": {
            "id": "9xeyqp04",
            "keepers": null,
            "length": 8,
            "lower": true,
            "min_lower": 0,
            "min_numeric": 0,
            "min_special": 0,
            "min_upper": 0,
            "number": true,
            "numeric": true,
            "override_special": null,
            "result": "9xeyqp04",
            "special": false,
            "upper": false
          },
          "sensitive_attributes": [],
          "identity_schema_version": 0,
          "create_before_destroy": true
        }
      ]
    },
    {
      "module": "module.api_gateway",
      "mode": "managed",
      "type": "aws_api_gateway_authorizer",
      "name": "cognito",
      "provider": "provider[\"registry.terraform.io/hashicorp/aws\"]",
      "instances": [
        {
          "schema_version": 0,
          "attributes": {
            "arn": "arn:aws:apigateway:eu-west-1::/restapis/b4gx20hcx4/authorizers/8jvg73",
            "authorizer_credentials": "",
            "authorizer_result_ttl_in_seconds": 300,
            "authorizer_uri": "",
            "id": "8jvg73",
            "identity_source": "method.request.header.Authorization",
            "identity_validation_expression": "",
            "name": "cert-management-dev-secure-cognito-authorizer",
            "provider_arns": [
              "arn:aws:cognito-idp:eu-west-1:992155623828:userpool/eu-west-1_13fKTZw4o"
            ],
            "rest_api_id": "b4gx20hcx4",
            "type": "COGNITO_USER_POOLS"
          },
          "sensitive_attributes": [],
          "identity_schema_version": 0,
          "private": "bnVsbA==",
          "dependencies": [
            "aws_ses_email_identity.sender",
            "data.aws_caller_identity.current",
            "data.aws_region.current",
            "module.api_gateway.aws_api_gateway_rest_api.main",
            "module.cloudfront.aws_cloudfront_distribution.dashboard",
            "module.cloudfront.aws_cloudfront_origin_access_identity.dashboard",
            "module.cognito.aws_cognito_identity_pool.main",
            "module.cognito.aws_cognito_user.admin",
            "module.cognito.aws_cognito_user.operator",
            "module.cognito.aws_cognito_user.viewer",
            "module.cognito.aws_cognito_user_group.admins",
            "module.cognito.aws_cognito_user_group.operators",
            "module.cognito.aws_cognito_user_group.viewers",
            "module.cognito.aws_cognito_user_in_group.admin_group_membership",
            "module.cognito.aws_cognito_user_in_group.operator_group_membership",
            "module.cognito.aws_cognito_user_in_group.viewer_group_membership",
            "module.cognito.aws_cognito_user_pool.main",
            "module.cognito.aws_cognito_user_pool_client.web_client",
            "module.cognito.aws_cognito_user_pool_domain.main",
            "module.cognito.data.aws_region.current",
            "module.database.aws_dynamodb_table.certificate_logs",
            "module.database.aws_dynamodb_table.certificates",
            "module.iam.aws_iam_policy.lambda_policy",
            "module.iam.aws_iam_role.lambda_role",
            "module.iam.aws_iam_role_policy_attachment.lambda_basic",
            "module.iam.aws_iam_role_policy_attachment.lambda_policy",
            "module.lambda_secure.aws_cloudwatch_log_group.certificate_monitor",
            "module.lambda_secure.aws_cloudwatch_log_group.dashboard_api",
            "module.lambda_secure.aws_cloudwatch_log_group.excel_processor",
            "module.lambda_secure.aws_lambda_function.certificate_monitor",
            "module.lambda_secure.aws_lambda_function.dashboard_api",
            "module.lambda_secure.aws_lambda_function.excel_processor",
            "module.lambda_secure.aws_lambda_permission.allow_s3",
            "module.lambda_secure.aws_lambda_permission.api_gateway",
            "module.lambda_secure.aws_s3_bucket_notification.excel_upload",
            "module.lambda_secure.data.archive_file.certificate_monitor",
            "module.lambda_secure.data.archive_file.dashboard_api",
            "module.lambda_secure.data.archive_file.excel_processor",
            "module.storage_secure.aws_s3_bucket.dashboard",
            "module.storage_secure.aws_s3_bucket.logs",
            "module.storage_secure.aws_s3_bucket.uploads",
            "module.storage_secure.aws_s3_bucket_cors_configuration.dashboard",
            "module.storage_secure.aws_s3_bucket_lifecycle_configuration.logs",
            "module.storage_secure.aws_s3_bucket_lifecycle_configuration.uploads",
            "module.storage_secure.aws_s3_bucket_public_access_block.dashboard",
            "module.storage_secure.aws_s3_bucket_public_access_block.logs",
            "module.storage_secure.aws_s3_bucket_public_access_block.uploads",
            "module.storage_secure.aws_s3_bucket_server_side_encryption_configuration.dashboard",
            "module.storage_secure.aws_s3_bucket_server_side_encryption_configuration.logs",
            "module.storage_secure.aws_s3_bucket_server_side_encryption_configuration.uploads",
            "module.storage_secure.aws_s3_bucket_versioning.dashboard",
            "module.storage_secure.aws_s3_bucket_versioning.logs",
            "module.storage_secure.aws_s3_bucket_versioning.uploads",
            "random_string.suffix"
          ],
          "create_before_destroy": true
        }
      ]
    },
    {
      "module": "module.api_gateway",
      "mode": "managed",
      "type": "aws_api_gateway_deployment",
      "name": "main",
      "provider": "provider[\"registry.terraform.io/hashicorp/aws\"]",
      "instances": [
        {
          "schema_version": 0,
          "attributes": {
            "created_date": "2025-11-09T07:23:30Z",
            "description": "",
            "execution_arn": "arn:aws:execute-api:eu-west-1:992155623828:b4gx20hcx4/",
            "id": "uoyl0k",
            "invoke_url": "https://b4gx20hcx4.execute-api.eu-west-1.amazonaws.com/",
            "rest_api_id": "b4gx20hcx4",
            "stage_description": null,
            "stage_name": null,
            "triggers": {
              "redeployment": "0b337065161e07aad15cb0767b0199b95c7fd802"
            },
            "variables": null
          },
          "sensitive_attributes": [],
          "identity_schema_version": 0,
          "private": "bnVsbA==",
          "dependencies": [
            "aws_ses_email_identity.sender",
            "data.aws_caller_identity.current",
            "data.aws_region.current",
            "module.api_gateway.aws_api_gateway_authorizer.cognito",
            "module.api_gateway.aws_api_gateway_integration.delete_certificates",
            "module.api_gateway.aws_api_gateway_integration.get_certificates",
            "module.api_gateway.aws_api_gateway_integration.options_certificates",
            "module.api_gateway.aws_api_gateway_integration.post_certificates",
            "module.api_gateway.aws_api_gateway_integration.put_certificates",
            "module.api_gateway.aws_api_gateway_method.delete_certificates",
            "module.api_gateway.aws_api_gateway_method.get_certificates",
            "module.api_gateway.aws_api_gateway_method.options_certificates",
            "module.api_gateway.aws_api_gateway_method.post_certificates",
            "module.api_gateway.aws_api_gateway_method.put_certificates",
            "module.api_gateway.aws_api_gateway_resource.certificates",
            "module.api_gateway.aws_api_gateway_rest_api.main",
            "module.cloudfront.aws_cloudfront_distribution.dashboard",
            "module.cloudfront.aws_cloudfront_origin_access_identity.dashboard",
            "module.cognito.aws_cognito_identity_pool.main",
            "module.cognito.aws_cognito_user.admin",
            "module.cognito.aws_cognito_user.operator",
            "module.cognito.aws_cognito_user.viewer",
            "module.cognito.aws_cognito_user_group.admins",
            "module.cognito.aws_cognito_user_group.operators",
            "module.cognito.aws_cognito_user_group.viewers",
            "module.cognito.aws_cognito_user_in_group.admin_group_membership",
            "module.cognito.aws_cognito_user_in_group.operator_group_membership",
            "module.cognito.aws_cognito_user_in_group.viewer_group_membership",
            "module.cognito.aws_cognito_user_pool.main",
            "module.cognito.aws_cognito_user_pool_client.web_client",
            "module.cognito.aws_cognito_user_pool_domain.main",
            "module.cognito.data.aws_region.current",
            "module.database.aws_dynamodb_table.certificate_logs",
            "module.database.aws_dynamodb_table.certificates",
            "module.iam.aws_iam_policy.lambda_policy",
            "module.iam.aws_iam_role.lambda_role",
            "module.iam.aws_iam_role_policy_attachment.lambda_basic",
            "module.iam.aws_iam_role_policy_attachment.lambda_policy",
            "module.lambda_secure.aws_cloudwatch_log_group.certificate_monitor",
            "module.lambda_secure.aws_cloudwatch_log_group.dashboard_api",
            "module.lambda_secure.aws_cloudwatch_log_group.excel_processor",
            "module.lambda_secure.aws_lambda_function.certificate_monitor",
            "module.lambda_secure.aws_lambda_function.dashboard_api",
            "module.lambda_secure.aws_lambda_function.excel_processor",
            "module.lambda_secure.aws_lambda_permission.allow_s3",
            "module.lambda_secure.aws_lambda_permission.api_gateway",
            "module.lambda_secure.aws_s3_bucket_notification.excel_upload",
            "module.lambda_secure.data.archive_file.certificate_monitor",
            "module.lambda_secure.data.archive_file.dashboard_api",
            "module.lambda_secure.data.archive_file.excel_processor",
            "module.storage_secure.aws_s3_bucket.dashboard",
            "module.storage_secure.aws_s3_bucket.logs",
            "module.storage_secure.aws_s3_bucket.uploads",
            "module.storage_secure.aws_s3_bucket_cors_configuration.dashboard",
            "module.storage_secure.aws_s3_bucket_lifecycle_configuration.logs",
            "module.storage_secure.aws_s3_bucket_lifecycle_configuration.uploads",
            "module.storage_secure.aws_s3_bucket_public_access_block.dashboard",
            "module.storage_secure.aws_s3_bucket_public_access_block.logs",
            "module.storage_secure.aws_s3_bucket_public_access_block.uploads",
            "module.storage_secure.aws_s3_bucket_server_side_encryption_configuration.dashboard",
            "module.storage_secure.aws_s3_bucket_server_side_encryption_configuration.logs",
            "module.storage_secure.aws_s3_bucket_server_side_encryption_configuration.uploads",
            "module.storage_secure.aws_s3_bucket_versioning.dashboard",
            "module.storage_secure.aws_s3_bucket_versioning.logs",
            "module.storage_secure.aws_s3_bucket_versioning.uploads",
            "random_string.suffix"
          ],
          "create_before_destroy": true
        }
      ]
    },
    {
      "module": "module.api_gateway",
      "mode": "managed",
      "type": "aws_api_gateway_integration",
      "name": "delete_certificates",
      "provider": "provider[\"registry.terraform.io/hashicorp/aws\"]",
      "instances": [
        {
          "schema_version": 0,
          "attributes": {
            "cache_key_parameters": [],
            "cache_namespace": "sp5igg",
            "connection_id": "",
            "connection_type": "INTERNET",
            "content_handling": "",
            "credentials": "",
            "http_method": "DELETE",
            "id": "agi-b4gx20hcx4-sp5igg-DELETE",
            "integration_http_method": "POST",
            "passthrough_behavior": "WHEN_NO_MATCH",
            "request_parameters": {},
            "request_templates": {},
            "resource_id": "sp5igg",
            "rest_api_id": "b4gx20hcx4",
            "timeout_milliseconds": 29000,
            "tls_config": [],
            "type": "AWS_PROXY",
            "uri": "arn:aws:apigateway:eu-west-1:lambda:path/2015-03-31/functions/arn:aws:lambda:eu-west-1:992155623828:function:cert-management-dev-secure-dashboard-api/invocations"
          },
          "sensitive_attributes": [],
          "identity_schema_version": 0,
          "private": "bnVsbA==",
          "dependencies": [
            "aws_ses_email_identity.sender",
            "data.aws_caller_identity.current",
            "data.aws_region.current",
            "module.api_gateway.aws_api_gateway_authorizer.cognito",
            "module.api_gateway.aws_api_gateway_method.delete_certificates",
            "module.api_gateway.aws_api_gateway_resource.certificates",
            "module.api_gateway.aws_api_gateway_rest_api.main",
            "module.cloudfront.aws_cloudfront_distribution.dashboard",
            "module.cloudfront.aws_cloudfront_origin_access_identity.dashboard",
            "module.cognito.aws_cognito_identity_pool.main",
            "module.cognito.aws_cognito_user.admin",
            "module.cognito.aws_cognito_user.operator",
            "module.cognito.aws_cognito_user.viewer",
            "module.cognito.aws_cognito_user_group.admins",
            "module.cognito.aws_cognito_user_group.operators",
            "module.cognito.aws_cognito_user_group.viewers",
            "module.cognito.aws_cognito_user_in_group.admin_group_membership",
            "module.cognito.aws_cognito_user_in_group.operator_group_membership",
            "module.cognito.aws_cognito_user_in_group.viewer_group_membership",
            "module.cognito.aws_cognito_user_pool.main",
            "module.cognito.aws_cognito_user_pool_client.web_client",
            "module.cognito.aws_cognito_user_pool_domain.main",
            "module.cognito.data.aws_region.current",
            "module.database.aws_dynamodb_table.certificate_logs",
            "module.database.aws_dynamodb_table.certificates",
            "module.iam.aws_iam_policy.lambda_policy",
            "module.iam.aws_iam_role.lambda_role",
            "module.iam.aws_iam_role_policy_attachment.lambda_basic",
            "module.iam.aws_iam_role_policy_attachment.lambda_policy",
            "module.lambda_secure.aws_cloudwatch_log_group.certificate_monitor",
            "module.lambda_secure.aws_cloudwatch_log_group.dashboard_api",
            "module.lambda_secure.aws_cloudwatch_log_group.excel_processor",
            "module.lambda_secure.aws_lambda_function.certificate_monitor",
            "module.lambda_secure.aws_lambda_function.dashboard_api",
            "module.lambda_secure.aws_lambda_function.excel_processor",
            "module.lambda_secure.aws_lambda_permission.allow_s3",
            "module.lambda_secure.aws_lambda_permission.api_gateway",
            "module.lambda_secure.aws_s3_bucket_notification.excel_upload",
            "module.lambda_secure.data.archive_file.certificate_monitor",
            "module.lambda_secure.data.archive_file.dashboard_api",
            "module.lambda_secure.data.archive_file.excel_processor",
            "module.storage_secure.aws_s3_bucket.dashboard",
            "module.storage_secure.aws_s3_bucket.logs",
            "module.storage_secure.aws_s3_bucket.uploads",
            "module.storage_secure.aws_s3_bucket_cors_configuration.dashboard",
            "module.storage_secure.aws_s3_bucket_lifecycle_configuration.logs",
            "module.storage_secure.aws_s3_bucket_lifecycle_configuration.uploads",
            "module.storage_secure.aws_s3_bucket_public_access_block.dashboard",
            "module.storage_secure.aws_s3_bucket_public_access_block.logs",
            "module.storage_secure.aws_s3_bucket_public_access_block.uploads",
            "module.storage_secure.aws_s3_bucket_server_side_encryption_configuration.dashboard",
            "module.storage_secure.aws_s3_bucket_server_side_encryption_configuration.logs",
            "module.storage_secure.aws_s3_bucket_server_side_encryption_configuration.uploads",
            "module.storage_secure.aws_s3_bucket_versioning.dashboard",
            "module.storage_secure.aws_s3_bucket_versioning.logs",
            "module.storage_secure.aws_s3_bucket_versioning.uploads",
            "random_string.suffix"
          ],
          "create_before_destroy": true
        }
      ]
    },
    {
      "module": "module.api_gateway",
      "mode": "managed",
      "type": "aws_api_gateway_integration",
      "name": "get_certificates",
      "provider": "provider[\"registry.terraform.io/hashicorp/aws\"]",
      "instances": [
        {
          "schema_version": 0,
          "attributes": {
            "cache_key_parameters": [],
            "cache_namespace": "sp5igg",
            "connection_id": "",
            "connection_type": "INTERNET",
            "content_handling": "",
            "credentials": "",
            "http_method": "GET",
            "id": "agi-b4gx20hcx4-sp5igg-GET",
            "integration_http_method": "POST",
            "passthrough_behavior": "WHEN_NO_MATCH",
            "request_parameters": {},
            "request_templates": {},
            "resource_id": "sp5igg",
            "rest_api_id": "b4gx20hcx4",
            "timeout_milliseconds": 29000,
            "tls_config": [],
            "type": "AWS_PROXY",
            "uri": "arn:aws:apigateway:eu-west-1:lambda:path/2015-03-31/functions/arn:aws:lambda:eu-west-1:992155623828:function:cert-management-dev-secure-dashboard-api/invocations"
          },
          "sensitive_attributes": [],
          "identity_schema_version": 0,
          "private": "bnVsbA==",
          "dependencies": [
            "aws_ses_email_identity.sender",
            "data.aws_caller_identity.current",
            "data.aws_region.current",
            "module.api_gateway.aws_api_gateway_authorizer.cognito",
            "module.api_gateway.aws_api_gateway_method.get_certificates",
            "module.api_gateway.aws_api_gateway_resource.certificates",
            "module.api_gateway.aws_api_gateway_rest_api.main",
            "module.cloudfront.aws_cloudfront_distribution.dashboard",
            "module.cloudfront.aws_cloudfront_origin_access_identity.dashboard",
            "module.cognito.aws_cognito_identity_pool.main",
            "module.cognito.aws_cognito_user.admin",
            "module.cognito.aws_cognito_user.operator",
            "module.cognito.aws_cognito_user.viewer",
            "module.cognito.aws_cognito_user_group.admins",
            "module.cognito.aws_cognito_user_group.operators",
            "module.cognito.aws_cognito_user_group.viewers",
            "module.cognito.aws_cognito_user_in_group.admin_group_membership",
            "module.cognito.aws_cognito_user_in_group.operator_group_membership",
            "module.cognito.aws_cognito_user_in_group.viewer_group_membership",
            "module.cognito.aws_cognito_user_pool.main",
            "module.cognito.aws_cognito_user_pool_client.web_client",
            "module.cognito.aws_cognito_user_pool_domain.main",
            "module.cognito.data.aws_region.current",
            "module.database.aws_dynamodb_table.certificate_logs",
            "module.database.aws_dynamodb_table.certificates",
            "module.iam.aws_iam_policy.lambda_policy",
            "module.iam.aws_iam_role.lambda_role",
            "module.iam.aws_iam_role_policy_attachment.lambda_basic",
            "module.iam.aws_iam_role_policy_attachment.lambda_policy",
            "module.lambda_secure.aws_cloudwatch_log_group.certificate_monitor",
            "module.lambda_secure.aws_cloudwatch_log_group.dashboard_api",
            "module.lambda_secure.aws_cloudwatch_log_group.excel_processor",
            "module.lambda_secure.aws_lambda_function.certificate_monitor",
            "module.lambda_secure.aws_lambda_function.dashboard_api",
            "module.lambda_secure.aws_lambda_function.excel_processor",
            "module.lambda_secure.aws_lambda_permission.allow_s3",
            "module.lambda_secure.aws_lambda_permission.api_gateway",
            "module.lambda_secure.aws_s3_bucket_notification.excel_upload",
            "module.lambda_secure.data.archive_file.certificate_monitor",
            "module.lambda_secure.data.archive_file.dashboard_api",
            "module.lambda_secure.data.archive_file.excel_processor",
            "module.storage_secure.aws_s3_bucket.dashboard",
            "module.storage_secure.aws_s3_bucket.logs",
            "module.storage_secure.aws_s3_bucket.uploads",
            "module.storage_secure.aws_s3_bucket_cors_configuration.dashboard",
            "module.storage_secure.aws_s3_bucket_lifecycle_configuration.logs",
            "module.storage_secure.aws_s3_bucket_lifecycle_configuration.uploads",
            "module.storage_secure.aws_s3_bucket_public_access_block.dashboard",
            "module.storage_secure.aws_s3_bucket_public_access_block.logs",
            "module.storage_secure.aws_s3_bucket_public_access_block.uploads",
            "module.storage_secure.aws_s3_bucket_server_side_encryption_configuration.dashboard",
            "module.storage_secure.aws_s3_bucket_server_side_encryption_configuration.logs",
            "module.storage_secure.aws_s3_bucket_server_side_encryption_configuration.uploads",
            "module.storage_secure.aws_s3_bucket_versioning.dashboard",
            "module.storage_secure.aws_s3_bucket_versioning.logs",
            "module.storage_secure.aws_s3_bucket_versioning.uploads",
            "random_string.suffix"
          ],
          "create_before_destroy": true
        }
      ]
    },
    {
      "module": "module.api_gateway",
      "mode": "managed",
      "type": "aws_api_gateway_integration",
      "name": "options_certificates",
      "provider": "provider[\"registry.terraform.io/hashicorp/aws\"]",
      "instances": [
        {
          "schema_version": 0,
          "attributes": {
            "cache_key_parameters": [],
            "cache_namespace": "sp5igg",
            "connection_id": "",
            "connection_type": "INTERNET",
            "content_handling": "",
            "credentials": "",
            "http_method": "OPTIONS",
            "id": "agi-b4gx20hcx4-sp5igg-OPTIONS",
            "integration_http_method": "",
            "passthrough_behavior": "WHEN_NO_MATCH",
            "request_parameters": {},
            "request_templates": {
              "application/json": "{\"statusCode\": 200}"
            },
            "resource_id": "sp5igg",
            "rest_api_id": "b4gx20hcx4",
            "timeout_milliseconds": 29000,
            "tls_config": [],
            "type": "MOCK",
            "uri": ""
          },
          "sensitive_attributes": [],
          "identity_schema_version": 0,
          "private": "bnVsbA==",
          "dependencies": [
            "aws_ses_email_identity.sender",
            "data.aws_caller_identity.current",
            "data.aws_region.current",
            "module.api_gateway.aws_api_gateway_method.options_certificates",
            "module.api_gateway.aws_api_gateway_resource.certificates",
            "module.api_gateway.aws_api_gateway_rest_api.main",
            "module.cloudfront.aws_cloudfront_distribution.dashboard",
            "module.cloudfront.aws_cloudfront_origin_access_identity.dashboard",
            "module.cognito.aws_cognito_identity_pool.main",
            "module.cognito.aws_cognito_user.admin",
            "module.cognito.aws_cognito_user.operator",
            "module.cognito.aws_cognito_user.viewer",
            "module.cognito.aws_cognito_user_group.admins",
            "module.cognito.aws_cognito_user_group.operators",
            "module.cognito.aws_cognito_user_group.viewers",
            "module.cognito.aws_cognito_user_in_group.admin_group_membership",
            "module.cognito.aws_cognito_user_in_group.operator_group_membership",
            "module.cognito.aws_cognito_user_in_group.viewer_group_membership",
            "module.cognito.aws_cognito_user_pool.main",
            "module.cognito.aws_cognito_user_pool_client.web_client",
            "module.cognito.aws_cognito_user_pool_domain.main",
            "module.cognito.data.aws_region.current",
            "module.database.aws_dynamodb_table.certificate_logs",
            "module.database.aws_dynamodb_table.certificates",
            "module.iam.aws_iam_policy.lambda_policy",
            "module.iam.aws_iam_role.lambda_role",
            "module.iam.aws_iam_role_policy_attachment.lambda_basic",
            "module.iam.aws_iam_role_policy_attachment.lambda_policy",
            "module.lambda_secure.aws_cloudwatch_log_group.certificate_monitor",
            "module.lambda_secure.aws_cloudwatch_log_group.dashboard_api",
            "module.lambda_secure.aws_cloudwatch_log_group.excel_processor",
            "module.lambda_secure.aws_lambda_function.certificate_monitor",
            "module.lambda_secure.aws_lambda_function.dashboard_api",
            "module.lambda_secure.aws_lambda_function.excel_processor",
            "module.lambda_secure.aws_lambda_permission.allow_s3",
            "module.lambda_secure.aws_lambda_permission.api_gateway",
            "module.lambda_secure.aws_s3_bucket_notification.excel_upload",
            "module.lambda_secure.data.archive_file.certificate_monitor",
            "module.lambda_secure.data.archive_file.dashboard_api",
            "module.lambda_secure.data.archive_file.excel_processor",
            "module.storage_secure.aws_s3_bucket.dashboard",
            "module.storage_secure.aws_s3_bucket.logs",
            "module.storage_secure.aws_s3_bucket.uploads",
            "module.storage_secure.aws_s3_bucket_cors_configuration.dashboard",
            "module.storage_secure.aws_s3_bucket_lifecycle_configuration.logs",
            "module.storage_secure.aws_s3_bucket_lifecycle_configuration.uploads",
            "module.storage_secure.aws_s3_bucket_public_access_block.dashboard",
            "module.storage_secure.aws_s3_bucket_public_access_block.logs",
            "module.storage_secure.aws_s3_bucket_public_access_block.uploads",
            "module.storage_secure.aws_s3_bucket_server_side_encryption_configuration.dashboard",
            "module.storage_secure.aws_s3_bucket_server_side_encryption_configuration.logs",
            "module.storage_secure.aws_s3_bucket_server_side_encryption_configuration.uploads",
            "module.storage_secure.aws_s3_bucket_versioning.dashboard",
            "module.storage_secure.aws_s3_bucket_versioning.logs",
            "module.storage_secure.aws_s3_bucket_versioning.uploads",
            "random_string.suffix"
          ],
          "create_before_destroy": true
        }
      ]
    },
    {
      "module": "module.api_gateway",
      "mode": "managed",
      "type": "aws_api_gateway_integration",
      "name": "post_certificates",
      "provider": "provider[\"registry.terraform.io/hashicorp/aws\"]",
      "instances": [
        {
          "schema_version": 0,
          "attributes": {
            "cache_key_parameters": [],
            "cache_namespace": "sp5igg",
            "connection_id": "",
            "connection_type": "INTERNET",
            "content_handling": "",
            "credentials": "",
            "http_method": "POST",
            "id": "agi-b4gx20hcx4-sp5igg-POST",
            "integration_http_method": "POST",
            "passthrough_behavior": "WHEN_NO_MATCH",
            "request_parameters": {},
            "request_templates": {},
            "resource_id": "sp5igg",
            "rest_api_id": "b4gx20hcx4",
            "timeout_milliseconds": 29000,
            "tls_config": [],
            "type": "AWS_PROXY",
            "uri": "arn:aws:apigateway:eu-west-1:lambda:path/2015-03-31/functions/arn:aws:lambda:eu-west-1:992155623828:function:cert-management-dev-secure-dashboard-api/invocations"
          },
          "sensitive_attributes": [],
          "identity_schema_version": 0,
          "private": "bnVsbA==",
          "dependencies": [
            "aws_ses_email_identity.sender",
            "data.aws_caller_identity.current",
            "data.aws_region.current",
            "module.api_gateway.aws_api_gateway_authorizer.cognito",
            "module.api_gateway.aws_api_gateway_method.post_certificates",
            "module.api_gateway.aws_api_gateway_resource.certificates",
            "module.api_gateway.aws_api_gateway_rest_api.main",
            "module.cloudfront.aws_cloudfront_distribution.dashboard",
            "module.cloudfront.aws_cloudfront_origin_access_identity.dashboard",
            "module.cognito.aws_cognito_identity_pool.main",
            "module.cognito.aws_cognito_user.admin",
            "module.cognito.aws_cognito_user.operator",
            "module.cognito.aws_cognito_user.viewer",
            "module.cognito.aws_cognito_user_group.admins",
            "module.cognito.aws_cognito_user_group.operators",
            "module.cognito.aws_cognito_user_group.viewers",
            "module.cognito.aws_cognito_user_in_group.admin_group_membership",
            "module.cognito.aws_cognito_user_in_group.operator_group_membership",
            "module.cognito.aws_cognito_user_in_group.viewer_group_membership",
            "module.cognito.aws_cognito_user_pool.main",
            "module.cognito.aws_cognito_user_pool_client.web_client",
            "module.cognito.aws_cognito_user_pool_domain.main",
            "module.cognito.data.aws_region.current",
            "module.database.aws_dynamodb_table.certificate_logs",
            "module.database.aws_dynamodb_table.certificates",
            "module.iam.aws_iam_policy.lambda_policy",
            "module.iam.aws_iam_role.lambda_role",
            "module.iam.aws_iam_role_policy_attachment.lambda_basic",
            "module.iam.aws_iam_role_policy_attachment.lambda_policy",
            "module.lambda_secure.aws_cloudwatch_log_group.certificate_monitor",
            "module.lambda_secure.aws_cloudwatch_log_group.dashboard_api",
            "module.lambda_secure.aws_cloudwatch_log_group.excel_processor",
            "module.lambda_secure.aws_lambda_function.certificate_monitor",
            "module.lambda_secure.aws_lambda_function.dashboard_api",
            "module.lambda_secure.aws_lambda_function.excel_processor",
            "module.lambda_secure.aws_lambda_permission.allow_s3",
            "module.lambda_secure.aws_lambda_permission.api_gateway",
            "module.lambda_secure.aws_s3_bucket_notification.excel_upload",
            "module.lambda_secure.data.archive_file.certificate_monitor",
            "module.lambda_secure.data.archive_file.dashboard_api",
            "module.lambda_secure.data.archive_file.excel_processor",
            "module.storage_secure.aws_s3_bucket.dashboard",
            "module.storage_secure.aws_s3_bucket.logs",
            "module.storage_secure.aws_s3_bucket.uploads",
            "module.storage_secure.aws_s3_bucket_cors_configuration.dashboard",
            "module.storage_secure.aws_s3_bucket_lifecycle_configuration.logs",
            "module.storage_secure.aws_s3_bucket_lifecycle_configuration.uploads",
            "module.storage_secure.aws_s3_bucket_public_access_block.dashboard",
            "module.storage_secure.aws_s3_bucket_public_access_block.logs",
            "module.storage_secure.aws_s3_bucket_public_access_block.uploads",
            "module.storage_secure.aws_s3_bucket_server_side_encryption_configuration.dashboard",
            "module.storage_secure.aws_s3_bucket_server_side_encryption_configuration.logs",
            "module.storage_secure.aws_s3_bucket_server_side_encryption_configuration.uploads",
            "module.storage_secure.aws_s3_bucket_versioning.dashboard",
            "module.storage_secure.aws_s3_bucket_versioning.logs",
            "module.storage_secure.aws_s3_bucket_versioning.uploads",
            "random_string.suffix"
          ],
          "create_before_destroy": true
        }
      ]
    },
    {
      "module": "module.api_gateway",
      "mode": "managed",
      "type": "aws_api_gateway_integration",
      "name": "put_certificates",
      "provider": "provider[\"registry.terraform.io/hashicorp/aws\"]",
      "instances": [
        {
          "schema_version": 0,
          "attributes": {
            "cache_key_parameters": [],
            "cache_namespace": "sp5igg",
            "connection_id": "",
            "connection_type": "INTERNET",
            "content_handling": "",
            "credentials": "",
            "http_method": "PUT",
            "id": "agi-b4gx20hcx4-sp5igg-PUT",
            "integration_http_method": "POST",
            "passthrough_behavior": "WHEN_NO_MATCH",
            "request_parameters": {},
            "request_templates": {},
            "resource_id": "sp5igg",
            "rest_api_id": "b4gx20hcx4",
            "timeout_milliseconds": 29000,
            "tls_config": [],
            "type": "AWS_PROXY",
            "uri": "arn:aws:apigateway:eu-west-1:lambda:path/2015-03-31/functions/arn:aws:lambda:eu-west-1:992155623828:function:cert-management-dev-secure-dashboard-api/invocations"
          },
          "sensitive_attributes": [],
          "identity_schema_version": 0,
          "private": "bnVsbA==",
          "dependencies": [
            "aws_ses_email_identity.sender",
            "data.aws_caller_identity.current",
            "data.aws_region.current",
            "module.api_gateway.aws_api_gateway_authorizer.cognito",
            "module.api_gateway.aws_api_gateway_method.put_certificates",
            "module.api_gateway.aws_api_gateway_resource.certificates",
            "module.api_gateway.aws_api_gateway_rest_api.main",
            "module.cloudfront.aws_cloudfront_distribution.dashboard",
            "module.cloudfront.aws_cloudfront_origin_access_identity.dashboard",
            "module.cognito.aws_cognito_identity_pool.main",
            "module.cognito.aws_cognito_user.admin",
            "module.cognito.aws_cognito_user.operator",
            "module.cognito.aws_cognito_user.viewer",
            "module.cognito.aws_cognito_user_group.admins",
            "module.cognito.aws_cognito_user_group.operators",
            "module.cognito.aws_cognito_user_group.viewers",
            "module.cognito.aws_cognito_user_in_group.admin_group_membership",
            "module.cognito.aws_cognito_user_in_group.operator_group_membership",
            "module.cognito.aws_cognito_user_in_group.viewer_group_membership",
            "module.cognito.aws_cognito_user_pool.main",
            "module.cognito.aws_cognito_user_pool_client.web_client",
            "module.cognito.aws_cognito_user_pool_domain.main",
            "module.cognito.data.aws_region.current",
            "module.database.aws_dynamodb_table.certificate_logs",
            "module.database.aws_dynamodb_table.certificates",
            "module.iam.aws_iam_policy.lambda_policy",
            "module.iam.aws_iam_role.lambda_role",
            "module.iam.aws_iam_role_policy_attachment.lambda_basic",
            "module.iam.aws_iam_role_policy_attachment.lambda_policy",
            "module.lambda_secure.aws_cloudwatch_log_group.certificate_monitor",
            "module.lambda_secure.aws_cloudwatch_log_group.dashboard_api",
            "module.lambda_secure.aws_cloudwatch_log_group.excel_processor",
            "module.lambda_secure.aws_lambda_function.certificate_monitor",
            "module.lambda_secure.aws_lambda_function.dashboard_api",
            "module.lambda_secure.aws_lambda_function.excel_processor",
            "module.lambda_secure.aws_lambda_permission.allow_s3",
            "module.lambda_secure.aws_lambda_permission.api_gateway",
            "module.lambda_secure.aws_s3_bucket_notification.excel_upload",
            "module.lambda_secure.data.archive_file.certificate_monitor",
            "module.lambda_secure.data.archive_file.dashboard_api",
            "module.lambda_secure.data.archive_file.excel_processor",
            "module.storage_secure.aws_s3_bucket.dashboard",
            "module.storage_secure.aws_s3_bucket.logs",
            "module.storage_secure.aws_s3_bucket.uploads",
            "module.storage_secure.aws_s3_bucket_cors_configuration.dashboard",
            "module.storage_secure.aws_s3_bucket_lifecycle_configuration.logs",
            "module.storage_secure.aws_s3_bucket_lifecycle_configuration.uploads",
            "module.storage_secure.aws_s3_bucket_public_access_block.dashboard",
            "module.storage_secure.aws_s3_bucket_public_access_block.logs",
            "module.storage_secure.aws_s3_bucket_public_access_block.uploads",
            "module.storage_secure.aws_s3_bucket_server_side_encryption_configuration.dashboard",
            "module.storage_secure.aws_s3_bucket_server_side_encryption_configuration.logs",
            "module.storage_secure.aws_s3_bucket_server_side_encryption_configuration.uploads",
            "module.storage_secure.aws_s3_bucket_versioning.dashboard",
            "module.storage_secure.aws_s3_bucket_versioning.logs",
            "module.storage_secure.aws_s3_bucket_versioning.uploads",
            "random_string.suffix"
          ],
          "create_before_destroy": true
        }
      ]
    },
    {
      "module": "module.api_gateway",
      "mode": "managed",
      "type": "aws_api_gateway_integration_response",
      "name": "options_certificates",
      "provider": "provider[\"registry.terraform.io/hashicorp/aws\"]",
      "instances": [
        {
          "schema_version": 0,
          "attributes": {
            "content_handling": "",
            "http_method": "OPTIONS",
            "id": "agir-b4gx20hcx4-sp5igg-OPTIONS-200",
            "resource_id": "sp5igg",
            "response_parameters": {
              "method.response.header.Access-Control-Allow-Headers": "'Content-Type,X-Amz-Date,Authorization,X-Api-Key,X-Amz-Security-Token'",
              "method.response.header.Access-Control-Allow-Methods": "'GET,OPTIONS,POST,PUT,DELETE'",
              "method.response.header.Access-Control-Allow-Origin": "'*'"
            },
            "response_templates": {},
            "rest_api_id": "b4gx20hcx4",
            "selection_pattern": "",
            "status_code": "200"
          },
          "sensitive_attributes": [],
          "identity_schema_version": 0,
          "private": "bnVsbA==",
          "dependencies": [
            "aws_ses_email_identity.sender",
            "data.aws_caller_identity.current",
            "data.aws_region.current",
            "module.api_gateway.aws_api_gateway_integration.options_certificates",
            "module.api_gateway.aws_api_gateway_method.options_certificates",
            "module.api_gateway.aws_api_gateway_method_response.options_certificates_200",
            "module.api_gateway.aws_api_gateway_resource.certificates",
            "module.api_gateway.aws_api_gateway_rest_api.main",
            "module.cloudfront.aws_cloudfront_distribution.dashboard",
            "module.cloudfront.aws_cloudfront_origin_access_identity.dashboard",
            "module.cognito.aws_cognito_identity_pool.main",
            "module.cognito.aws_cognito_user.admin",
            "module.cognito.aws_cognito_user.operator",
            "module.cognito.aws_cognito_user.viewer",
            "module.cognito.aws_cognito_user_group.admins",
            "module.cognito.aws_cognito_user_group.operators",
            "module.cognito.aws_cognito_user_group.viewers",
            "module.cognito.aws_cognito_user_in_group.admin_group_membership",
            "module.cognito.aws_cognito_user_in_group.operator_group_membership",
            "module.cognito.aws_cognito_user_in_group.viewer_group_membership",
            "module.cognito.aws_cognito_user_pool.main",
            "module.cognito.aws_cognito_user_pool_client.web_client",
            "module.cognito.aws_cognito_user_pool_domain.main",
            "module.cognito.data.aws_region.current",
            "module.database.aws_dynamodb_table.certificate_logs",
            "module.database.aws_dynamodb_table.certificates",
            "module.iam.aws_iam_policy.lambda_policy",
            "module.iam.aws_iam_role.lambda_role",
            "module.iam.aws_iam_role_policy_attachment.lambda_basic",
            "module.iam.aws_iam_role_policy_attachment.lambda_policy",
            "module.lambda_secure.aws_cloudwatch_log_group.certificate_monitor",
            "module.lambda_secure.aws_cloudwatch_log_group.dashboard_api",
            "module.lambda_secure.aws_cloudwatch_log_group.excel_processor",
            "module.lambda_secure.aws_lambda_function.certificate_monitor",
            "module.lambda_secure.aws_lambda_function.dashboard_api",
            "module.lambda_secure.aws_lambda_function.excel_processor",
            "module.lambda_secure.aws_lambda_permission.allow_s3",
            "module.lambda_secure.aws_lambda_permission.api_gateway",
            "module.lambda_secure.aws_s3_bucket_notification.excel_upload",
            "module.lambda_secure.data.archive_file.certificate_monitor",
            "module.lambda_secure.data.archive_file.dashboard_api",
            "module.lambda_secure.data.archive_file.excel_processor",
            "module.storage_secure.aws_s3_bucket.dashboard",
            "module.storage_secure.aws_s3_bucket.logs",
            "module.storage_secure.aws_s3_bucket.uploads",
            "module.storage_secure.aws_s3_bucket_cors_configuration.dashboard",
            "module.storage_secure.aws_s3_bucket_lifecycle_configuration.logs",
            "module.storage_secure.aws_s3_bucket_lifecycle_configuration.uploads",
            "module.storage_secure.aws_s3_bucket_public_access_block.dashboard",
            "module.storage_secure.aws_s3_bucket_public_access_block.logs",
            "module.storage_secure.aws_s3_bucket_public_access_block.uploads",
            "module.storage_secure.aws_s3_bucket_server_side_encryption_configuration.dashboard",
            "module.storage_secure.aws_s3_bucket_server_side_encryption_configuration.logs",
            "module.storage_secure.aws_s3_bucket_server_side_encryption_configuration.uploads",
            "module.storage_secure.aws_s3_bucket_versioning.dashboard",
            "module.storage_secure.aws_s3_bucket_versioning.logs",
            "module.storage_secure.aws_s3_bucket_versioning.uploads",
            "random_string.suffix"
          ]
        }
      ]
    },
    {
      "module": "module.api_gateway",
      "mode": "managed",
      "type": "aws_api_gateway_method",
      "name": "delete_certificates",
      "provider": "provider[\"registry.terraform.io/hashicorp/aws\"]",
      "instances": [
        {
          "schema_version": 0,
          "attributes": {
            "api_key_required": false,
            "authorization": "COGNITO_USER_POOLS",
            "authorization_scopes": [],
            "authorizer_id": "8jvg73",
            "http_method": "DELETE",
            "id": "agm-b4gx20hcx4-sp5igg-DELETE",
            "operation_name": "",
            "request_models": {},
            "request_parameters": {},
            "request_validator_id": "",
            "resource_id": "sp5igg",
            "rest_api_id": "b4gx20hcx4"
          },
          "sensitive_attributes": [],
          "identity_schema_version": 0,
          "private": "bnVsbA==",
          "dependencies": [
            "aws_ses_email_identity.sender",
            "data.aws_caller_identity.current",
            "data.aws_region.current",
            "module.api_gateway.aws_api_gateway_authorizer.cognito",
            "module.api_gateway.aws_api_gateway_resource.certificates",
            "module.api_gateway.aws_api_gateway_rest_api.main",
            "module.cloudfront.aws_cloudfront_distribution.dashboard",
            "module.cloudfront.aws_cloudfront_origin_access_identity.dashboard",
            "module.cognito.aws_cognito_identity_pool.main",
            "module.cognito.aws_cognito_user.admin",
            "module.cognito.aws_cognito_user.operator",
            "module.cognito.aws_cognito_user.viewer",
            "module.cognito.aws_cognito_user_group.admins",
            "module.cognito.aws_cognito_user_group.operators",
            "module.cognito.aws_cognito_user_group.viewers",
            "module.cognito.aws_cognito_user_in_group.admin_group_membership",
            "module.cognito.aws_cognito_user_in_group.operator_group_membership",
            "module.cognito.aws_cognito_user_in_group.viewer_group_membership",
            "module.cognito.aws_cognito_user_pool.main",
            "module.cognito.aws_cognito_user_pool_client.web_client",
            "module.cognito.aws_cognito_user_pool_domain.main",
            "module.cognito.data.aws_region.current",
            "module.database.aws_dynamodb_table.certificate_logs",
            "module.database.aws_dynamodb_table.certificates",
            "module.iam.aws_iam_policy.lambda_policy",
            "module.iam.aws_iam_role.lambda_role",
            "module.iam.aws_iam_role_policy_attachment.lambda_basic",
            "module.iam.aws_iam_role_policy_attachment.lambda_policy",
            "module.lambda_secure.aws_cloudwatch_log_group.certificate_monitor",
            "module.lambda_secure.aws_cloudwatch_log_group.dashboard_api",
            "module.lambda_secure.aws_cloudwatch_log_group.excel_processor",
            "module.lambda_secure.aws_lambda_function.certificate_monitor",
            "module.lambda_secure.aws_lambda_function.dashboard_api",
            "module.lambda_secure.aws_lambda_function.excel_processor",
            "module.lambda_secure.aws_lambda_permission.allow_s3",
            "module.lambda_secure.aws_lambda_permission.api_gateway",
            "module.lambda_secure.aws_s3_bucket_notification.excel_upload",
            "module.lambda_secure.data.archive_file.certificate_monitor",
            "module.lambda_secure.data.archive_file.dashboard_api",
            "module.lambda_secure.data.archive_file.excel_processor",
            "module.storage_secure.aws_s3_bucket.dashboard",
            "module.storage_secure.aws_s3_bucket.logs",
            "module.storage_secure.aws_s3_bucket.uploads",
            "module.storage_secure.aws_s3_bucket_cors_configuration.dashboard",
            "module.storage_secure.aws_s3_bucket_lifecycle_configuration.logs",
            "module.storage_secure.aws_s3_bucket_lifecycle_configuration.uploads",
            "module.storage_secure.aws_s3_bucket_public_access_block.dashboard",
            "module.storage_secure.aws_s3_bucket_public_access_block.logs",
            "module.storage_secure.aws_s3_bucket_public_access_block.uploads",
            "module.storage_secure.aws_s3_bucket_server_side_encryption_configuration.dashboard",
            "module.storage_secure.aws_s3_bucket_server_side_encryption_configuration.logs",
            "module.storage_secure.aws_s3_bucket_server_side_encryption_configuration.uploads",
            "module.storage_secure.aws_s3_bucket_versioning.dashboard",
            "module.storage_secure.aws_s3_bucket_versioning.logs",
            "module.storage_secure.aws_s3_bucket_versioning.uploads",
            "random_string.suffix"
          ],
          "create_before_destroy": true
        }
      ]
    },
    {
      "module": "module.api_gateway",
      "mode": "managed",
      "type": "aws_api_gateway_method",
      "name": "get_certificates",
      "provider": "provider[\"registry.terraform.io/hashicorp/aws\"]",
      "instances": [
        {
          "schema_version": 0,
          "attributes": {
            "api_key_required": false,
            "authorization": "COGNITO_USER_POOLS",
            "authorization_scopes": [],
            "authorizer_id": "8jvg73",
            "http_method": "GET",
            "id": "agm-b4gx20hcx4-sp5igg-GET",
            "operation_name": "",
            "request_models": {},
            "request_parameters": {
              "method.request.querystring.environment": false,
              "method.request.querystring.status": false
            },
            "request_validator_id": "",
            "resource_id": "sp5igg",
            "rest_api_id": "b4gx20hcx4"
          },
          "sensitive_attributes": [],
          "identity_schema_version": 0,
          "private": "bnVsbA==",
          "dependencies": [
            "aws_ses_email_identity.sender",
            "data.aws_caller_identity.current",
            "data.aws_region.current",
            "module.api_gateway.aws_api_gateway_authorizer.cognito",
            "module.api_gateway.aws_api_gateway_resource.certificates",
            "module.api_gateway.aws_api_gateway_rest_api.main",
            "module.cloudfront.aws_cloudfront_distribution.dashboard",
            "module.cloudfront.aws_cloudfront_origin_access_identity.dashboard",
            "module.cognito.aws_cognito_identity_pool.main",
            "module.cognito.aws_cognito_user.admin",
            "module.cognito.aws_cognito_user.operator",
            "module.cognito.aws_cognito_user.viewer",
            "module.cognito.aws_cognito_user_group.admins",
            "module.cognito.aws_cognito_user_group.operators",
            "module.cognito.aws_cognito_user_group.viewers",
            "module.cognito.aws_cognito_user_in_group.admin_group_membership",
            "module.cognito.aws_cognito_user_in_group.operator_group_membership",
            "module.cognito.aws_cognito_user_in_group.viewer_group_membership",
            "module.cognito.aws_cognito_user_pool.main",
            "module.cognito.aws_cognito_user_pool_client.web_client",
            "module.cognito.aws_cognito_user_pool_domain.main",
            "module.cognito.data.aws_region.current",
            "module.database.aws_dynamodb_table.certificate_logs",
            "module.database.aws_dynamodb_table.certificates",
            "module.iam.aws_iam_policy.lambda_policy",
            "module.iam.aws_iam_role.lambda_role",
            "module.iam.aws_iam_role_policy_attachment.lambda_basic",
            "module.iam.aws_iam_role_policy_attachment.lambda_policy",
            "module.lambda_secure.aws_cloudwatch_log_group.certificate_monitor",
            "module.lambda_secure.aws_cloudwatch_log_group.dashboard_api",
            "module.lambda_secure.aws_cloudwatch_log_group.excel_processor",
            "module.lambda_secure.aws_lambda_function.certificate_monitor",
            "module.lambda_secure.aws_lambda_function.dashboard_api",
            "module.lambda_secure.aws_lambda_function.excel_processor",
            "module.lambda_secure.aws_lambda_permission.allow_s3",
            "module.lambda_secure.aws_lambda_permission.api_gateway",
            "module.lambda_secure.aws_s3_bucket_notification.excel_upload",
            "module.lambda_secure.data.archive_file.certificate_monitor",
            "module.lambda_secure.data.archive_file.dashboard_api",
            "module.lambda_secure.data.archive_file.excel_processor",
            "module.storage_secure.aws_s3_bucket.dashboard",
            "module.storage_secure.aws_s3_bucket.logs",
            "module.storage_secure.aws_s3_bucket.uploads",
            "module.storage_secure.aws_s3_bucket_cors_configuration.dashboard",
            "module.storage_secure.aws_s3_bucket_lifecycle_configuration.logs",
            "module.storage_secure.aws_s3_bucket_lifecycle_configuration.uploads",
            "module.storage_secure.aws_s3_bucket_public_access_block.dashboard",
            "module.storage_secure.aws_s3_bucket_public_access_block.logs",
            "module.storage_secure.aws_s3_bucket_public_access_block.uploads",
            "module.storage_secure.aws_s3_bucket_server_side_encryption_configuration.dashboard",
            "module.storage_secure.aws_s3_bucket_server_side_encryption_configuration.logs",
            "module.storage_secure.aws_s3_bucket_server_side_encryption_configuration.uploads",
            "module.storage_secure.aws_s3_bucket_versioning.dashboard",
            "module.storage_secure.aws_s3_bucket_versioning.logs",
            "module.storage_secure.aws_s3_bucket_versioning.uploads",
            "random_string.suffix"
          ],
          "create_before_destroy": true
        }
      ]
    },
    {
      "module": "module.api_gateway",
      "mode": "managed",
      "type": "aws_api_gateway_method",
      "name": "options_certificates",
      "provider": "provider[\"registry.terraform.io/hashicorp/aws\"]",
      "instances": [
        {
          "schema_version": 0,
          "attributes": {
            "api_key_required": false,
            "authorization": "NONE",
            "authorization_scopes": [],
            "authorizer_id": "",
            "http_method": "OPTIONS",
            "id": "agm-b4gx20hcx4-sp5igg-OPTIONS",
            "operation_name": "",
            "request_models": {},
            "request_parameters": {},
            "request_validator_id": "",
            "resource_id": "sp5igg",
            "rest_api_id": "b4gx20hcx4"
          },
          "sensitive_attributes": [],
          "identity_schema_version": 0,
          "private": "bnVsbA==",
          "dependencies": [
            "aws_ses_email_identity.sender",
            "data.aws_caller_identity.current",
            "data.aws_region.current",
            "module.api_gateway.aws_api_gateway_resource.certificates",
            "module.api_gateway.aws_api_gateway_rest_api.main",
            "module.cloudfront.aws_cloudfront_distribution.dashboard",
            "module.cloudfront.aws_cloudfront_origin_access_identity.dashboard",
            "module.cognito.aws_cognito_identity_pool.main",
            "module.cognito.aws_cognito_user.admin",
            "module.cognito.aws_cognito_user.operator",
            "module.cognito.aws_cognito_user.viewer",
            "module.cognito.aws_cognito_user_group.admins",
            "module.cognito.aws_cognito_user_group.operators",
            "module.cognito.aws_cognito_user_group.viewers",
            "module.cognito.aws_cognito_user_in_group.admin_group_membership",
            "module.cognito.aws_cognito_user_in_group.operator_group_membership",
            "module.cognito.aws_cognito_user_in_group.viewer_group_membership",
            "module.cognito.aws_cognito_user_pool.main",
            "module.cognito.aws_cognito_user_pool_client.web_client",
            "module.cognito.aws_cognito_user_pool_domain.main",
            "module.cognito.data.aws_region.current",
            "module.database.aws_dynamodb_table.certificate_logs",
            "module.database.aws_dynamodb_table.certificates",
            "module.iam.aws_iam_policy.lambda_policy",
            "module.iam.aws_iam_role.lambda_role",
            "module.iam.aws_iam_role_policy_attachment.lambda_basic",
            "module.iam.aws_iam_role_policy_attachment.lambda_policy",
            "module.lambda_secure.aws_cloudwatch_log_group.certificate_monitor",
            "module.lambda_secure.aws_cloudwatch_log_group.dashboard_api",
            "module.lambda_secure.aws_cloudwatch_log_group.excel_processor",
            "module.lambda_secure.aws_lambda_function.certificate_monitor",
            "module.lambda_secure.aws_lambda_function.dashboard_api",
            "module.lambda_secure.aws_lambda_function.excel_processor",
            "module.lambda_secure.aws_lambda_permission.allow_s3",
            "module.lambda_secure.aws_lambda_permission.api_gateway",
            "module.lambda_secure.aws_s3_bucket_notification.excel_upload",
            "module.lambda_secure.data.archive_file.certificate_monitor",
            "module.lambda_secure.data.archive_file.dashboard_api",
            "module.lambda_secure.data.archive_file.excel_processor",
            "module.storage_secure.aws_s3_bucket.dashboard",
            "module.storage_secure.aws_s3_bucket.logs",
            "module.storage_secure.aws_s3_bucket.uploads",
            "module.storage_secure.aws_s3_bucket_cors_configuration.dashboard",
            "module.storage_secure.aws_s3_bucket_lifecycle_configuration.logs",
            "module.storage_secure.aws_s3_bucket_lifecycle_configuration.uploads",
            "module.storage_secure.aws_s3_bucket_public_access_block.dashboard",
            "module.storage_secure.aws_s3_bucket_public_access_block.logs",
            "module.storage_secure.aws_s3_bucket_public_access_block.uploads",
            "module.storage_secure.aws_s3_bucket_server_side_encryption_configuration.dashboard",
            "module.storage_secure.aws_s3_bucket_server_side_encryption_configuration.logs",
            "module.storage_secure.aws_s3_bucket_server_side_encryption_configuration.uploads",
            "module.storage_secure.aws_s3_bucket_versioning.dashboard",
            "module.storage_secure.aws_s3_bucket_versioning.logs",
            "module.storage_secure.aws_s3_bucket_versioning.uploads",
            "random_string.suffix"
          ],
          "create_before_destroy": true
        }
      ]
    },
    {
      "module": "module.api_gateway",
      "mode": "managed",
      "type": "aws_api_gateway_method",
      "name": "post_certificates",
      "provider": "provider[\"registry.terraform.io/hashicorp/aws\"]",
      "instances": [
        {
          "schema_version": 0,
          "attributes": {
            "api_key_required": false,
            "authorization": "COGNITO_USER_POOLS",
            "authorization_scopes": [],
            "authorizer_id": "8jvg73",
            "http_method": "POST",
            "id": "agm-b4gx20hcx4-sp5igg-POST",
            "operation_name": "",
            "request_models": {},
            "request_parameters": {},
            "request_validator_id": "",
            "resource_id": "sp5igg",
            "rest_api_id": "b4gx20hcx4"
          },
          "sensitive_attributes": [],
          "identity_schema_version": 0,
          "private": "bnVsbA==",
          "dependencies": [
            "aws_ses_email_identity.sender",
            "data.aws_caller_identity.current",
            "data.aws_region.current",
            "module.api_gateway.aws_api_gateway_authorizer.cognito",
            "module.api_gateway.aws_api_gateway_resource.certificates",
            "module.api_gateway.aws_api_gateway_rest_api.main",
            "module.cloudfront.aws_cloudfront_distribution.dashboard",
            "module.cloudfront.aws_cloudfront_origin_access_identity.dashboard",
            "module.cognito.aws_cognito_identity_pool.main",
            "module.cognito.aws_cognito_user.admin",
            "module.cognito.aws_cognito_user.operator",
            "module.cognito.aws_cognito_user.viewer",
            "module.cognito.aws_cognito_user_group.admins",
            "module.cognito.aws_cognito_user_group.operators",
            "module.cognito.aws_cognito_user_group.viewers",
            "module.cognito.aws_cognito_user_in_group.admin_group_membership",
            "module.cognito.aws_cognito_user_in_group.operator_group_membership",
            "module.cognito.aws_cognito_user_in_group.viewer_group_membership",
            "module.cognito.aws_cognito_user_pool.main",
            "module.cognito.aws_cognito_user_pool_client.web_client",
            "module.cognito.aws_cognito_user_pool_domain.main",
            "module.cognito.data.aws_region.current",
            "module.database.aws_dynamodb_table.certificate_logs",
            "module.database.aws_dynamodb_table.certificates",
            "module.iam.aws_iam_policy.lambda_policy",
            "module.iam.aws_iam_role.lambda_role",
            "module.iam.aws_iam_role_policy_attachment.lambda_basic",
            "module.iam.aws_iam_role_policy_attachment.lambda_policy",
            "module.lambda_secure.aws_cloudwatch_log_group.certificate_monitor",
            "module.lambda_secure.aws_cloudwatch_log_group.dashboard_api",
            "module.lambda_secure.aws_cloudwatch_log_group.excel_processor",
            "module.lambda_secure.aws_lambda_function.certificate_monitor",
            "module.lambda_secure.aws_lambda_function.dashboard_api",
            "module.lambda_secure.aws_lambda_function.excel_processor",
            "module.lambda_secure.aws_lambda_permission.allow_s3",
            "module.lambda_secure.aws_lambda_permission.api_gateway",
            "module.lambda_secure.aws_s3_bucket_notification.excel_upload",
            "module.lambda_secure.data.archive_file.certificate_monitor",
            "module.lambda_secure.data.archive_file.dashboard_api",
            "module.lambda_secure.data.archive_file.excel_processor",
            "module.storage_secure.aws_s3_bucket.dashboard",
            "module.storage_secure.aws_s3_bucket.logs",
            "module.storage_secure.aws_s3_bucket.uploads",
            "module.storage_secure.aws_s3_bucket_cors_configuration.dashboard",
            "module.storage_secure.aws_s3_bucket_lifecycle_configuration.logs",
            "module.storage_secure.aws_s3_bucket_lifecycle_configuration.uploads",
            "module.storage_secure.aws_s3_bucket_public_access_block.dashboard",
            "module.storage_secure.aws_s3_bucket_public_access_block.logs",
            "module.storage_secure.aws_s3_bucket_public_access_block.uploads",
            "module.storage_secure.aws_s3_bucket_server_side_encryption_configuration.dashboard",
            "module.storage_secure.aws_s3_bucket_server_side_encryption_configuration.logs",
            "module.storage_secure.aws_s3_bucket_server_side_encryption_configuration.uploads",
            "module.storage_secure.aws_s3_bucket_versioning.dashboard",
            "module.storage_secure.aws_s3_bucket_versioning.logs",
            "module.storage_secure.aws_s3_bucket_versioning.uploads",
            "random_string.suffix"
          ],
          "create_before_destroy": true
        }
      ]
    },
    {
      "module": "module.api_gateway",
      "mode": "managed",
      "type": "aws_api_gateway_method",
      "name": "put_certificates",
      "provider": "provider[\"registry.terraform.io/hashicorp/aws\"]",
      "instances": [
        {
          "schema_version": 0,
          "attributes": {
            "api_key_required": false,
            "authorization": "COGNITO_USER_POOLS",
            "authorization_scopes": [],
            "authorizer_id": "8jvg73",
            "http_method": "PUT",
            "id": "agm-b4gx20hcx4-sp5igg-PUT",
            "operation_name": "",
            "request_models": {},
            "request_parameters": {},
            "request_validator_id": "",
            "resource_id": "sp5igg",
            "rest_api_id": "b4gx20hcx4"
          },
          "sensitive_attributes": [],
          "identity_schema_version": 0,
          "private": "bnVsbA==",
          "dependencies": [
            "aws_ses_email_identity.sender",
            "data.aws_caller_identity.current",
            "data.aws_region.current",
            "module.api_gateway.aws_api_gateway_authorizer.cognito",
            "module.api_gateway.aws_api_gateway_resource.certificates",
            "module.api_gateway.aws_api_gateway_rest_api.main",
            "module.cloudfront.aws_cloudfront_distribution.dashboard",
            "module.cloudfront.aws_cloudfront_origin_access_identity.dashboard",
            "module.cognito.aws_cognito_identity_pool.main",
            "module.cognito.aws_cognito_user.admin",
            "module.cognito.aws_cognito_user.operator",
            "module.cognito.aws_cognito_user.viewer",
            "module.cognito.aws_cognito_user_group.admins",
            "module.cognito.aws_cognito_user_group.operators",
            "module.cognito.aws_cognito_user_group.viewers",
            "module.cognito.aws_cognito_user_in_group.admin_group_membership",
            "module.cognito.aws_cognito_user_in_group.operator_group_membership",
            "module.cognito.aws_cognito_user_in_group.viewer_group_membership",
            "module.cognito.aws_cognito_user_pool.main",
            "module.cognito.aws_cognito_user_pool_client.web_client",
            "module.cognito.aws_cognito_user_pool_domain.main",
            "module.cognito.data.aws_region.current",
            "module.database.aws_dynamodb_table.certificate_logs",
            "module.database.aws_dynamodb_table.certificates",
            "module.iam.aws_iam_policy.lambda_policy",
            "module.iam.aws_iam_role.lambda_role",
            "module.iam.aws_iam_role_policy_attachment.lambda_basic",
            "module.iam.aws_iam_role_policy_attachment.lambda_policy",
            "module.lambda_secure.aws_cloudwatch_log_group.certificate_monitor",
            "module.lambda_secure.aws_cloudwatch_log_group.dashboard_api",
            "module.lambda_secure.aws_cloudwatch_log_group.excel_processor",
            "module.lambda_secure.aws_lambda_function.certificate_monitor",
            "module.lambda_secure.aws_lambda_function.dashboard_api",
            "module.lambda_secure.aws_lambda_function.excel_processor",
            "module.lambda_secure.aws_lambda_permission.allow_s3",
            "module.lambda_secure.aws_lambda_permission.api_gateway",
            "module.lambda_secure.aws_s3_bucket_notification.excel_upload",
            "module.lambda_secure.data.archive_file.certificate_monitor",
            "module.lambda_secure.data.archive_file.dashboard_api",
            "module.lambda_secure.data.archive_file.excel_processor",
            "module.storage_secure.aws_s3_bucket.dashboard",
            "module.storage_secure.aws_s3_bucket.logs",
            "module.storage_secure.aws_s3_bucket.uploads",
            "module.storage_secure.aws_s3_bucket_cors_configuration.dashboard",
            "module.storage_secure.aws_s3_bucket_lifecycle_configuration.logs",
            "module.storage_secure.aws_s3_bucket_lifecycle_configuration.uploads",
            "module.storage_secure.aws_s3_bucket_public_access_block.dashboard",
            "module.storage_secure.aws_s3_bucket_public_access_block.logs",
            "module.storage_secure.aws_s3_bucket_public_access_block.uploads",
            "module.storage_secure.aws_s3_bucket_server_side_encryption_configuration.dashboard",
            "module.storage_secure.aws_s3_bucket_server_side_encryption_configuration.logs",
            "module.storage_secure.aws_s3_bucket_server_side_encryption_configuration.uploads",
            "module.storage_secure.aws_s3_bucket_versioning.dashboard",
            "module.storage_secure.aws_s3_bucket_versioning.logs",
            "module.storage_secure.aws_s3_bucket_versioning.uploads",
            "random_string.suffix"
          ],
          "create_before_destroy": true
        }
      ]
    },
    {
      "module": "module.api_gateway",
      "mode": "managed",
      "type": "aws_api_gateway_method_response",
      "name": "options_certificates_200",
      "provider": "provider[\"registry.terraform.io/hashicorp/aws\"]",
      "instances": [
        {
          "schema_version": 0,
          "attributes": {
            "http_method": "OPTIONS",
            "id": "agmr-b4gx20hcx4-sp5igg-OPTIONS-200",
            "resource_id": "sp5igg",
            "response_models": {
              "application/json": "Empty"
            },
            "response_parameters": {
              "method.response.header.Access-Control-Allow-Headers": true,
              "method.response.header.Access-Control-Allow-Methods": true,
              "method.response.header.Access-Control-Allow-Origin": true
            },
            "rest_api_id": "b4gx20hcx4",
            "status_code": "200"
          },
          "sensitive_attributes": [],
          "identity_schema_version": 0,
          "private": "bnVsbA==",
          "dependencies": [
            "aws_ses_email_identity.sender",
            "data.aws_caller_identity.current",
            "data.aws_region.current",
            "module.api_gateway.aws_api_gateway_method.options_certificates",
            "module.api_gateway.aws_api_gateway_resource.certificates",
            "module.api_gateway.aws_api_gateway_rest_api.main",
            "module.cloudfront.aws_cloudfront_distribution.dashboard",
            "module.cloudfront.aws_cloudfront_origin_access_identity.dashboard",
            "module.cognito.aws_cognito_identity_pool.main",
            "module.cognito.aws_cognito_user.admin",
            "module.cognito.aws_cognito_user.operator",
            "module.cognito.aws_cognito_user.viewer",
            "module.cognito.aws_cognito_user_group.admins",
            "module.cognito.aws_cognito_user_group.operators",
            "module.cognito.aws_cognito_user_group.viewers",
            "module.cognito.aws_cognito_user_in_group.admin_group_membership",
            "module.cognito.aws_cognito_user_in_group.operator_group_membership",
            "module.cognito.aws_cognito_user_in_group.viewer_group_membership",
            "module.cognito.aws_cognito_user_pool.main",
            "module.cognito.aws_cognito_user_pool_client.web_client",
            "module.cognito.aws_cognito_user_pool_domain.main",
            "module.cognito.data.aws_region.current",
            "module.database.aws_dynamodb_table.certificate_logs",
            "module.database.aws_dynamodb_table.certificates",
            "module.iam.aws_iam_policy.lambda_policy",
            "module.iam.aws_iam_role.lambda_role",
            "module.iam.aws_iam_role_policy_attachment.lambda_basic",
            "module.iam.aws_iam_role_policy_attachment.lambda_policy",
            "module.lambda_secure.aws_cloudwatch_log_group.certificate_monitor",
            "module.lambda_secure.aws_cloudwatch_log_group.dashboard_api",
            "module.lambda_secure.aws_cloudwatch_log_group.excel_processor",
            "module.lambda_secure.aws_lambda_function.certificate_monitor",
            "module.lambda_secure.aws_lambda_function.dashboard_api",
            "module.lambda_secure.aws_lambda_function.excel_processor",
            "module.lambda_secure.aws_lambda_permission.allow_s3",
            "module.lambda_secure.aws_lambda_permission.api_gateway",
            "module.lambda_secure.aws_s3_bucket_notification.excel_upload",
            "module.lambda_secure.data.archive_file.certificate_monitor",
            "module.lambda_secure.data.archive_file.dashboard_api",
            "module.lambda_secure.data.archive_file.excel_processor",
            "module.storage_secure.aws_s3_bucket.dashboard",
            "module.storage_secure.aws_s3_bucket.logs",
            "module.storage_secure.aws_s3_bucket.uploads",
            "module.storage_secure.aws_s3_bucket_cors_configuration.dashboard",
            "module.storage_secure.aws_s3_bucket_lifecycle_configuration.logs",
            "module.storage_secure.aws_s3_bucket_lifecycle_configuration.uploads",
            "module.storage_secure.aws_s3_bucket_public_access_block.dashboard",
            "module.storage_secure.aws_s3_bucket_public_access_block.logs",
            "module.storage_secure.aws_s3_bucket_public_access_block.uploads",
            "module.storage_secure.aws_s3_bucket_server_side_encryption_configuration.dashboard",
            "module.storage_secure.aws_s3_bucket_server_side_encryption_configuration.logs",
            "module.storage_secure.aws_s3_bucket_server_side_encryption_configuration.uploads",
            "module.storage_secure.aws_s3_bucket_versioning.dashboard",
            "module.storage_secure.aws_s3_bucket_versioning.logs",
            "module.storage_secure.aws_s3_bucket_versioning.uploads",
            "random_string.suffix"
          ]
        }
      ]
    },
    {
      "module": "module.api_gateway",
      "mode": "managed",
      "type": "aws_api_gateway_method_settings",
      "name": "all",
      "provider": "provider[\"registry.terraform.io/hashicorp/aws\"]",
      "instances": [
        {
          "schema_version": 0,
          "attributes": {
            "id": "b4gx20hcx4-dev-secure-*/*",
            "method_path": "*/*",
            "rest_api_id": "b4gx20hcx4",
            "settings": [
              {
                "cache_data_encrypted": false,
                "cache_ttl_in_seconds": 300,
                "caching_enabled": false,
                "data_trace_enabled": false,
                "logging_level": "INFO",
                "metrics_enabled": true,
                "require_authorization_for_cache_control": true,
                "throttling_burst_limit": 5000,
                "throttling_rate_limit": 2000,
                "unauthorized_cache_control_header_strategy": "SUCCEED_WITH_RESPONSE_HEADER"
              }
            ],
            "stage_name": "dev-secure"
          },
          "sensitive_attributes": [],
          "identity_schema_version": 0,
          "private": "bnVsbA==",
          "dependencies": [
            "aws_ses_email_identity.sender",
            "data.aws_caller_identity.current",
            "data.aws_region.current",
            "module.api_gateway.aws_api_gateway_authorizer.cognito",
            "module.api_gateway.aws_api_gateway_deployment.main",
            "module.api_gateway.aws_api_gateway_integration.delete_certificates",
            "module.api_gateway.aws_api_gateway_integration.get_certificates",
            "module.api_gateway.aws_api_gateway_integration.options_certificates",
            "module.api_gateway.aws_api_gateway_integration.post_certificates",
            "module.api_gateway.aws_api_gateway_integration.put_certificates",
            "module.api_gateway.aws_api_gateway_method.delete_certificates",
            "module.api_gateway.aws_api_gateway_method.get_certificates",
            "module.api_gateway.aws_api_gateway_method.options_certificates",
            "module.api_gateway.aws_api_gateway_method.post_certificates",
            "module.api_gateway.aws_api_gateway_method.put_certificates",
            "module.api_gateway.aws_api_gateway_resource.certificates",
            "module.api_gateway.aws_api_gateway_rest_api.main",
            "module.api_gateway.aws_api_gateway_stage.main",
            "module.api_gateway.aws_cloudwatch_log_group.api_gateway",
            "module.cloudfront.aws_cloudfront_distribution.dashboard",
            "module.cloudfront.aws_cloudfront_origin_access_identity.dashboard",
            "module.cognito.aws_cognito_identity_pool.main",
            "module.cognito.aws_cognito_user.admin",
            "module.cognito.aws_cognito_user.operator",
            "module.cognito.aws_cognito_user.viewer",
            "module.cognito.aws_cognito_user_group.admins",
            "module.cognito.aws_cognito_user_group.operators",
            "module.cognito.aws_cognito_user_group.viewers",
            "module.cognito.aws_cognito_user_in_group.admin_group_membership",
            "module.cognito.aws_cognito_user_in_group.operator_group_membership",
            "module.cognito.aws_cognito_user_in_group.viewer_group_membership",
            "module.cognito.aws_cognito_user_pool.main",
            "module.cognito.aws_cognito_user_pool_client.web_client",
            "module.cognito.aws_cognito_user_pool_domain.main",
            "module.cognito.data.aws_region.current",
            "module.database.aws_dynamodb_table.certificate_logs",
            "module.database.aws_dynamodb_table.certificates",
            "module.iam.aws_iam_policy.lambda_policy",
            "module.iam.aws_iam_role.lambda_role",
            "module.iam.aws_iam_role_policy_attachment.lambda_basic",
            "module.iam.aws_iam_role_policy_attachment.lambda_policy",
            "module.lambda_secure.aws_cloudwatch_log_group.certificate_monitor",
            "module.lambda_secure.aws_cloudwatch_log_group.dashboard_api",
            "module.lambda_secure.aws_cloudwatch_log_group.excel_processor",
            "module.lambda_secure.aws_lambda_function.certificate_monitor",
            "module.lambda_secure.aws_lambda_function.dashboard_api",
            "module.lambda_secure.aws_lambda_function.excel_processor",
            "module.lambda_secure.aws_lambda_permission.allow_s3",
            "module.lambda_secure.aws_lambda_permission.api_gateway",
            "module.lambda_secure.aws_s3_bucket_notification.excel_upload",
            "module.lambda_secure.data.archive_file.certificate_monitor",
            "module.lambda_secure.data.archive_file.dashboard_api",
            "module.lambda_secure.data.archive_file.excel_processor",
            "module.storage_secure.aws_s3_bucket.dashboard",
            "module.storage_secure.aws_s3_bucket.logs",
            "module.storage_secure.aws_s3_bucket.uploads",
            "module.storage_secure.aws_s3_bucket_cors_configuration.dashboard",
            "module.storage_secure.aws_s3_bucket_lifecycle_configuration.logs",
            "module.storage_secure.aws_s3_bucket_lifecycle_configuration.uploads",
            "module.storage_secure.aws_s3_bucket_public_access_block.dashboard",
            "module.storage_secure.aws_s3_bucket_public_access_block.logs",
            "module.storage_secure.aws_s3_bucket_public_access_block.uploads",
            "module.storage_secure.aws_s3_bucket_server_side_encryption_configuration.dashboard",
            "module.storage_secure.aws_s3_bucket_server_side_encryption_configuration.logs",
            "module.storage_secure.aws_s3_bucket_server_side_encryption_configuration.uploads",
            "module.storage_secure.aws_s3_bucket_versioning.dashboard",
            "module.storage_secure.aws_s3_bucket_versioning.logs",
            "module.storage_secure.aws_s3_bucket_versioning.uploads",
            "random_string.suffix"
          ]
        }
      ]
    },
    {
      "module": "module.api_gateway",
      "mode": "managed",
      "type": "aws_api_gateway_resource",
      "name": "certificates",
      "provider": "provider[\"registry.terraform.io/hashicorp/aws\"]",
      "instances": [
        {
          "schema_version": 0,
          "attributes": {
            "id": "sp5igg",
            "parent_id": "v68rmx8mgl",
            "path": "/certificates",
            "path_part": "certificates",
            "rest_api_id": "b4gx20hcx4"
          },
          "sensitive_attributes": [],
          "identity_schema_version": 0,
          "private": "bnVsbA==",
          "dependencies": [
            "aws_ses_email_identity.sender",
            "data.aws_caller_identity.current",
            "data.aws_region.current",
            "module.api_gateway.aws_api_gateway_rest_api.main",
            "module.cloudfront.aws_cloudfront_distribution.dashboard",
            "module.cloudfront.aws_cloudfront_origin_access_identity.dashboard",
            "module.cognito.aws_cognito_identity_pool.main",
            "module.cognito.aws_cognito_user.admin",
            "module.cognito.aws_cognito_user.operator",
            "module.cognito.aws_cognito_user.viewer",
            "module.cognito.aws_cognito_user_group.admins",
            "module.cognito.aws_cognito_user_group.operators",
            "module.cognito.aws_cognito_user_group.viewers",
            "module.cognito.aws_cognito_user_in_group.admin_group_membership",
            "module.cognito.aws_cognito_user_in_group.operator_group_membership",
            "module.cognito.aws_cognito_user_in_group.viewer_group_membership",
            "module.cognito.aws_cognito_user_pool.main",
            "module.cognito.aws_cognito_user_pool_client.web_client",
            "module.cognito.aws_cognito_user_pool_domain.main",
            "module.cognito.data.aws_region.current",
            "module.database.aws_dynamodb_table.certificate_logs",
            "module.database.aws_dynamodb_table.certificates",
            "module.iam.aws_iam_policy.lambda_policy",
            "module.iam.aws_iam_role.lambda_role",
            "module.iam.aws_iam_role_policy_attachment.lambda_basic",
            "module.iam.aws_iam_role_policy_attachment.lambda_policy",
            "module.lambda_secure.aws_cloudwatch_log_group.certificate_monitor",
            "module.lambda_secure.aws_cloudwatch_log_group.dashboard_api",
            "module.lambda_secure.aws_cloudwatch_log_group.excel_processor",
            "module.lambda_secure.aws_lambda_function.certificate_monitor",
            "module.lambda_secure.aws_lambda_function.dashboard_api",
            "module.lambda_secure.aws_lambda_function.excel_processor",
            "module.lambda_secure.aws_lambda_permission.allow_s3",
            "module.lambda_secure.aws_lambda_permission.api_gateway",
            "module.lambda_secure.aws_s3_bucket_notification.excel_upload",
            "module.lambda_secure.data.archive_file.certificate_monitor",
            "module.lambda_secure.data.archive_file.dashboard_api",
            "module.lambda_secure.data.archive_file.excel_processor",
            "module.storage_secure.aws_s3_bucket.dashboard",
            "module.storage_secure.aws_s3_bucket.logs",
            "module.storage_secure.aws_s3_bucket.uploads",
            "module.storage_secure.aws_s3_bucket_cors_configuration.dashboard",
            "module.storage_secure.aws_s3_bucket_lifecycle_configuration.logs",
            "module.storage_secure.aws_s3_bucket_lifecycle_configuration.uploads",
            "module.storage_secure.aws_s3_bucket_public_access_block.dashboard",
            "module.storage_secure.aws_s3_bucket_public_access_block.logs",
            "module.storage_secure.aws_s3_bucket_public_access_block.uploads",
            "module.storage_secure.aws_s3_bucket_server_side_encryption_configuration.dashboard",
            "module.storage_secure.aws_s3_bucket_server_side_encryption_configuration.logs",
            "module.storage_secure.aws_s3_bucket_server_side_encryption_configuration.uploads",
            "module.storage_secure.aws_s3_bucket_versioning.dashboard",
            "module.storage_secure.aws_s3_bucket_versioning.logs",
            "module.storage_secure.aws_s3_bucket_versioning.uploads",
            "random_string.suffix"
          ],
          "create_before_destroy": true
        }
      ]
    },
    {
      "module": "module.api_gateway",
      "mode": "managed",
      "type": "aws_api_gateway_rest_api",
      "name": "main",
      "provider": "provider[\"registry.terraform.io/hashicorp/aws\"]",
      "instances": [
        {
          "schema_version": 0,
          "attributes": {
            "api_key_source": "HEADER",
            "arn": "arn:aws:apigateway:eu-west-1::/restapis/b4gx20hcx4",
            "binary_media_types": [],
            "body": null,
            "created_date": "2025-11-09T07:23:27Z",
            "description": "Certificate Management API with Cognito authentication",
            "disable_execute_api_endpoint": false,
            "endpoint_configuration": [
              {
                "types": [
                  "REGIONAL"
                ],
                "vpc_endpoint_ids": []
              }
            ],
            "execution_arn": "arn:aws:execute-api:eu-west-1:992155623828:b4gx20hcx4",
            "fail_on_warnings": null,
            "id": "b4gx20hcx4",
            "minimum_compression_size": -1,
            "name": "cert-management-dev-secure-api",
            "parameters": null,
            "policy": "",
            "put_rest_api_mode": null,
            "root_resource_id": "v68rmx8mgl",
            "tags": {},
            "tags_all": {
              "Environment": "dev-secure",
              "ManagedBy": "Terraform",
              "Owner": "Certificate-Management-Team",
              "Project": "cert-management",
              "Security": "Enhanced"
            }
          },
          "sensitive_attributes": [],
          "identity_schema_version": 0,
          "private": "bnVsbA==",
          "dependencies": [
            "aws_ses_email_identity.sender",
            "data.aws_caller_identity.current",
            "data.aws_region.current",
            "module.cloudfront.aws_cloudfront_distribution.dashboard",
            "module.cloudfront.aws_cloudfront_origin_access_identity.dashboard",
            "module.cognito.aws_cognito_identity_pool.main",
            "module.cognito.aws_cognito_user.admin",
            "module.cognito.aws_cognito_user.operator",
            "module.cognito.aws_cognito_user.viewer",
            "module.cognito.aws_cognito_user_group.admins",
            "module.cognito.aws_cognito_user_group.operators",
            "module.cognito.aws_cognito_user_group.viewers",
            "module.cognito.aws_cognito_user_in_group.admin_group_membership",
            "module.cognito.aws_cognito_user_in_group.operator_group_membership",
            "module.cognito.aws_cognito_user_in_group.viewer_group_membership",
            "module.cognito.aws_cognito_user_pool.main",
            "module.cognito.aws_cognito_user_pool_client.web_client",
            "module.cognito.aws_cognito_user_pool_domain.main",
            "module.cognito.data.aws_region.current",
            "module.database.aws_dynamodb_table.certificate_logs",
            "module.database.aws_dynamodb_table.certificates",
            "module.iam.aws_iam_policy.lambda_policy",
            "module.iam.aws_iam_role.lambda_role",
            "module.iam.aws_iam_role_policy_attachment.lambda_basic",
            "module.iam.aws_iam_role_policy_attachment.lambda_policy",
            "module.lambda_secure.aws_cloudwatch_log_group.certificate_monitor",
            "module.lambda_secure.aws_cloudwatch_log_group.dashboard_api",
            "module.lambda_secure.aws_cloudwatch_log_group.excel_processor",
            "module.lambda_secure.aws_lambda_function.certificate_monitor",
            "module.lambda_secure.aws_lambda_function.dashboard_api",
            "module.lambda_secure.aws_lambda_function.excel_processor",
            "module.lambda_secure.aws_lambda_permission.allow_s3",
            "module.lambda_secure.aws_lambda_permission.api_gateway",
            "module.lambda_secure.aws_s3_bucket_notification.excel_upload",
            "module.lambda_secure.data.archive_file.certificate_monitor",
            "module.lambda_secure.data.archive_file.dashboard_api",
            "module.lambda_secure.data.archive_file.excel_processor",
            "module.storage_secure.aws_s3_bucket.dashboard",
            "module.storage_secure.aws_s3_bucket.logs",
            "module.storage_secure.aws_s3_bucket.uploads",
            "module.storage_secure.aws_s3_bucket_cors_configuration.dashboard",
            "module.storage_secure.aws_s3_bucket_lifecycle_configuration.logs",
            "module.storage_secure.aws_s3_bucket_lifecycle_configuration.uploads",
            "module.storage_secure.aws_s3_bucket_public_access_block.dashboard",
            "module.storage_secure.aws_s3_bucket_public_access_block.logs",
            "module.storage_secure.aws_s3_bucket_public_access_block.uploads",
            "module.storage_secure.aws_s3_bucket_server_side_encryption_configuration.dashboard",
            "module.storage_secure.aws_s3_bucket_server_side_encryption_configuration.logs",
            "module.storage_secure.aws_s3_bucket_server_side_encryption_configuration.uploads",
            "module.storage_secure.aws_s3_bucket_versioning.dashboard",
            "module.storage_secure.aws_s3_bucket_versioning.logs",
            "module.storage_secure.aws_s3_bucket_versioning.uploads",
            "random_string.suffix"
          ],
          "create_before_destroy": true
        }
      ]
    },
    {
      "module": "module.api_gateway",
      "mode": "managed",
      "type": "aws_api_gateway_stage",
      "name": "main",
      "provider": "provider[\"registry.terraform.io/hashicorp/aws\"]",
      "instances": [
        {
          "schema_version": 0,
          "attributes": {
            "access_log_settings": [
              {
                "destination_arn": "arn:aws:logs:eu-west-1:992155623828:log-group:/aws/apigateway/cert-management-dev-secure-api",
                "format": "{\"caller\":\"$context.identity.caller\",\"httpMethod\":\"$context.httpMethod\",\"ip\":\"$context.identity.sourceIp\",\"protocol\":\"$context.protocol\",\"requestId\":\"$context.requestId\",\"requestTime\":\"$context.requestTime\",\"resourcePath\":\"$context.resourcePath\",\"responseLength\":\"$context.responseLength\",\"status\":\"$context.status\",\"user\":\"$context.identity.user\"}"
              }
            ],
            "arn": "arn:aws:apigateway:eu-west-1::/restapis/b4gx20hcx4/stages/dev-secure",
            "cache_cluster_enabled": false,
            "cache_cluster_size": "",
            "canary_settings": [],
            "client_certificate_id": "",
            "deployment_id": "uoyl0k",
            "description": "",
            "documentation_version": "",
            "execution_arn": "arn:aws:execute-api:eu-west-1:992155623828:b4gx20hcx4/dev-secure",
            "id": "ags-b4gx20hcx4-dev-secure",
            "invoke_url": "https://b4gx20hcx4.execute-api.eu-west-1.amazonaws.com/dev-secure",
            "rest_api_id": "b4gx20hcx4",
            "stage_name": "dev-secure",
            "tags": {},
            "tags_all": {
              "Environment": "dev-secure",
              "ManagedBy": "Terraform",
              "Owner": "Certificate-Management-Team",
              "Project": "cert-management",
              "Security": "Enhanced"
            },
            "variables": {},
            "web_acl_arn": "",
            "xray_tracing_enabled": false
          },
          "sensitive_attributes": [],
          "identity_schema_version": 0,
          "private": "bnVsbA==",
          "dependencies": [
            "aws_ses_email_identity.sender",
            "data.aws_caller_identity.current",
            "data.aws_region.current",
            "module.api_gateway.aws_api_gateway_authorizer.cognito",
            "module.api_gateway.aws_api_gateway_deployment.main",
            "module.api_gateway.aws_api_gateway_integration.delete_certificates",
            "module.api_gateway.aws_api_gateway_integration.get_certificates",
            "module.api_gateway.aws_api_gateway_integration.options_certificates",
            "module.api_gateway.aws_api_gateway_integration.post_certificates",
            "module.api_gateway.aws_api_gateway_integration.put_certificates",
            "module.api_gateway.aws_api_gateway_method.delete_certificates",
            "module.api_gateway.aws_api_gateway_method.get_certificates",
            "module.api_gateway.aws_api_gateway_method.options_certificates",
            "module.api_gateway.aws_api_gateway_method.post_certificates",
            "module.api_gateway.aws_api_gateway_method.put_certificates",
            "module.api_gateway.aws_api_gateway_resource.certificates",
            "module.api_gateway.aws_api_gateway_rest_api.main",
            "module.api_gateway.aws_cloudwatch_log_group.api_gateway",
            "module.cloudfront.aws_cloudfront_distribution.dashboard",
            "module.cloudfront.aws_cloudfront_origin_access_identity.dashboard",
            "module.cognito.aws_cognito_identity_pool.main",
            "module.cognito.aws_cognito_user.admin",
            "module.cognito.aws_cognito_user.operator",
            "module.cognito.aws_cognito_user.viewer",
            "module.cognito.aws_cognito_user_group.admins",
            "module.cognito.aws_cognito_user_group.operators",
            "module.cognito.aws_cognito_user_group.viewers",
            "module.cognito.aws_cognito_user_in_group.admin_group_membership",
            "module.cognito.aws_cognito_user_in_group.operator_group_membership",
            "module.cognito.aws_cognito_user_in_group.viewer_group_membership",
            "module.cognito.aws_cognito_user_pool.main",
            "module.cognito.aws_cognito_user_pool_client.web_client",
            "module.cognito.aws_cognito_user_pool_domain.main",
            "module.cognito.data.aws_region.current",
            "module.database.aws_dynamodb_table.certificate_logs",
            "module.database.aws_dynamodb_table.certificates",
            "module.iam.aws_iam_policy.lambda_policy",
            "module.iam.aws_iam_role.lambda_role",
            "module.iam.aws_iam_role_policy_attachment.lambda_basic",
            "module.iam.aws_iam_role_policy_attachment.lambda_policy",
            "module.lambda_secure.aws_cloudwatch_log_group.certificate_monitor",
            "module.lambda_secure.aws_cloudwatch_log_group.dashboard_api",
            "module.lambda_secure.aws_cloudwatch_log_group.excel_processor",
            "module.lambda_secure.aws_lambda_function.certificate_monitor",
            "module.lambda_secure.aws_lambda_function.dashboard_api",
            "module.lambda_secure.aws_lambda_function.excel_processor",
            "module.lambda_secure.aws_lambda_permission.allow_s3",
            "module.lambda_secure.aws_lambda_permission.api_gateway",
            "module.lambda_secure.aws_s3_bucket_notification.excel_upload",
            "module.lambda_secure.data.archive_file.certificate_monitor",
            "module.lambda_secure.data.archive_file.dashboard_api",
            "module.lambda_secure.data.archive_file.excel_processor",
            "module.storage_secure.aws_s3_bucket.dashboard",
            "module.storage_secure.aws_s3_bucket.logs",
            "module.storage_secure.aws_s3_bucket.uploads",
            "module.storage_secure.aws_s3_bucket_cors_configuration.dashboard",
            "module.storage_secure.aws_s3_bucket_lifecycle_configuration.logs",
            "module.storage_secure.aws_s3_bucket_lifecycle_configuration.uploads",
            "module.storage_secure.aws_s3_bucket_public_access_block.dashboard",
            "module.storage_secure.aws_s3_bucket_public_access_block.logs",
            "module.storage_secure.aws_s3_bucket_public_access_block.uploads",
            "module.storage_secure.aws_s3_bucket_server_side_encryption_configuration.dashboard",
            "module.storage_secure.aws_s3_bucket_server_side_encryption_configuration.logs",
            "module.storage_secure.aws_s3_bucket_server_side_encryption_configuration.uploads",
            "module.storage_secure.aws_s3_bucket_versioning.dashboard",
            "module.storage_secure.aws_s3_bucket_versioning.logs",
            "module.storage_secure.aws_s3_bucket_versioning.uploads",
            "random_string.suffix"
          ]
        }
      ]
    },
    {
      "module": "module.api_gateway",
      "mode": "managed",
      "type": "aws_api_gateway_usage_plan",
      "name": "main",
      "provider": "provider[\"registry.terraform.io/hashicorp/aws\"]",
      "instances": []
    },
    {
      "module": "module.api_gateway",
      "mode": "managed",
      "type": "aws_cloudwatch_log_group",
      "name": "api_gateway",
      "provider": "provider[\"registry.terraform.io/hashicorp/aws\"]",
      "instances": [
        {
          "schema_version": 0,
          "attributes": {
            "arn": "arn:aws:logs:eu-west-1:992155623828:log-group:/aws/apigateway/cert-management-dev-secure-api",
            "id": "/aws/apigateway/cert-management-dev-secure-api",
            "kms_key_id": "",
            "name": "/aws/apigateway/cert-management-dev-secure-api",
            "name_prefix": "",
            "retention_in_days": 30,
            "skip_destroy": false,
            "tags": {},
            "tags_all": {
              "Environment": "dev-secure",
              "ManagedBy": "Terraform",
              "Owner": "Certificate-Management-Team",
              "Project": "cert-management",
              "Security": "Enhanced"
            }
          },
          "sensitive_attributes": [],
          "identity_schema_version": 0,
          "private": "bnVsbA==",
          "dependencies": [
            "aws_ses_email_identity.sender",
            "data.aws_caller_identity.current",
            "data.aws_region.current",
            "module.cloudfront.aws_cloudfront_distribution.dashboard",
            "module.cloudfront.aws_cloudfront_origin_access_identity.dashboard",
            "module.cognito.aws_cognito_identity_pool.main",
            "module.cognito.aws_cognito_user.admin",
            "module.cognito.aws_cognito_user.operator",
            "module.cognito.aws_cognito_user.viewer",
            "module.cognito.aws_cognito_user_group.admins",
            "module.cognito.aws_cognito_user_group.operators",
            "module.cognito.aws_cognito_user_group.viewers",
            "module.cognito.aws_cognito_user_in_group.admin_group_membership",
            "module.cognito.aws_cognito_user_in_group.operator_group_membership",
            "module.cognito.aws_cognito_user_in_group.viewer_group_membership",
            "module.cognito.aws_cognito_user_pool.main",
            "module.cognito.aws_cognito_user_pool_client.web_client",
            "module.cognito.aws_cognito_user_pool_domain.main",
            "module.cognito.data.aws_region.current",
            "module.database.aws_dynamodb_table.certificate_logs",
            "module.database.aws_dynamodb_table.certificates",
            "module.iam.aws_iam_policy.lambda_policy",
            "module.iam.aws_iam_role.lambda_role",
            "module.iam.aws_iam_role_policy_attachment.lambda_basic",
            "module.iam.aws_iam_role_policy_attachment.lambda_policy",
            "module.lambda_secure.aws_cloudwatch_log_group.certificate_monitor",
            "module.lambda_secure.aws_cloudwatch_log_group.dashboard_api",
            "module.lambda_secure.aws_cloudwatch_log_group.excel_processor",
            "module.lambda_secure.aws_lambda_function.certificate_monitor",
            "module.lambda_secure.aws_lambda_function.dashboard_api",
            "module.lambda_secure.aws_lambda_function.excel_processor",
            "module.lambda_secure.aws_lambda_permission.allow_s3",
            "module.lambda_secure.aws_lambda_permission.api_gateway",
            "module.lambda_secure.aws_s3_bucket_notification.excel_upload",
            "module.lambda_secure.data.archive_file.certificate_monitor",
            "module.lambda_secure.data.archive_file.dashboard_api",
            "module.lambda_secure.data.archive_file.excel_processor",
            "module.storage_secure.aws_s3_bucket.dashboard",
            "module.storage_secure.aws_s3_bucket.logs",
            "module.storage_secure.aws_s3_bucket.uploads",
            "module.storage_secure.aws_s3_bucket_cors_configuration.dashboard",
            "module.storage_secure.aws_s3_bucket_lifecycle_configuration.logs",
            "module.storage_secure.aws_s3_bucket_lifecycle_configuration.uploads",
            "module.storage_secure.aws_s3_bucket_public_access_block.dashboard",
            "module.storage_secure.aws_s3_bucket_public_access_block.logs",
            "module.storage_secure.aws_s3_bucket_public_access_block.uploads",
            "module.storage_secure.aws_s3_bucket_server_side_encryption_configuration.dashboard",
            "module.storage_secure.aws_s3_bucket_server_side_encryption_configuration.logs",
            "module.storage_secure.aws_s3_bucket_server_side_encryption_configuration.uploads",
            "module.storage_secure.aws_s3_bucket_versioning.dashboard",
            "module.storage_secure.aws_s3_bucket_versioning.logs",
            "module.storage_secure.aws_s3_bucket_versioning.uploads",
            "random_string.suffix"
          ]
        }
      ]
    },
    {
      "module": "module.cloudfront",
      "mode": "managed",
      "type": "aws_cloudfront_distribution",
      "name": "dashboard",
      "provider": "provider[\"registry.terraform.io/hashicorp/aws\"]",
      "instances": [
        {
          "schema_version": 1,
          "attributes": {
            "aliases": [],
            "arn": "arn:aws:cloudfront::992155623828:distribution/E3G2T5YRDMM345",
            "caller_reference": "terraform-20251109071243804700000005",
            "comment": "cert-management dev-secure Certificate Dashboard",
            "custom_error_response": [
              {
                "error_caching_min_ttl": 10,
                "error_code": 403,
                "response_code": 200,
                "response_page_path": "/index.html"
              },
              {
                "error_caching_min_ttl": 10,
                "error_code": 404,
                "response_code": 200,
                "response_page_path": "/index.html"
              }
            ],
            "default_cache_behavior": [
              {
                "allowed_methods": [
                  "GET",
                  "HEAD",
                  "OPTIONS"
                ],
                "cache_policy_id": "",
                "cached_methods": [
                  "GET",
                  "HEAD",
                  "OPTIONS"
                ],
                "compress": true,
                "default_ttl": 3600,
                "field_level_encryption_id": "",
                "forwarded_values": [
                  {
                    "cookies": [
                      {
                        "forward": "none",
                        "whitelisted_names": []
                      }
                    ],
                    "headers": [
                      "Access-Control-Request-Headers",
                      "Access-Control-Request-Method",
                      "Origin"
                    ],
                    "query_string": false,
                    "query_string_cache_keys": []
                  }
                ],
                "function_association": [],
                "lambda_function_association": [],
                "max_ttl": 86400,
                "min_ttl": 0,
                "origin_request_policy_id": "",
                "realtime_log_config_arn": "",
                "response_headers_policy_id": "",
                "smooth_streaming": false,
                "target_origin_id": "S3-cert-management-dev-secure-dashboard-9xeyqp04",
                "trusted_key_groups": [],
                "trusted_signers": [],
                "viewer_protocol_policy": "redirect-to-https"
              }
            ],
            "default_root_object": "index.html",
            "domain_name": "d19eoajdfyip1t.cloudfront.net",
            "enabled": true,
            "etag": "EOJ6JM7XS0XK9",
            "hosted_zone_id": "Z2FDTNDATAQYW2",
            "http_version": "http2and3",
            "id": "E3G2T5YRDMM345",
            "in_progress_validation_batches": 0,
            "is_ipv6_enabled": true,
            "last_modified_time": "2025-11-09 07:48:52.506 +0000 UTC",
            "logging_config": [],
            "ordered_cache_behavior": [
              {
                "allowed_methods": [
                  "GET",
                  "HEAD",
                  "OPTIONS"
                ],
                "cache_policy_id": "",
                "cached_methods": [
                  "GET",
                  "HEAD",
                  "OPTIONS"
                ],
                "compress": true,
                "default_ttl": 86400,
                "field_level_encryption_id": "",
                "forwarded_values": [
                  {
                    "cookies": [
                      {
                        "forward": "none",
                        "whitelisted_names": []
                      }
                    ],
                    "headers": [],
                    "query_string": false,
                    "query_string_cache_keys": []
                  }
                ],
                "function_association": [],
                "lambda_function_association": [],
                "max_ttl": 31536000,
                "min_ttl": 0,
                "origin_request_policy_id": "",
                "path_pattern": "/images/*",
                "realtime_log_config_arn": "",
                "response_headers_policy_id": "",
                "smooth_streaming": false,
                "target_origin_id": "S3-cert-management-dev-secure-dashboard-9xeyqp04",
                "trusted_key_groups": [],
                "trusted_signers": [],
                "viewer_protocol_policy": "redirect-to-https"
              },
              {
                "allowed_methods": [
                  "GET",
                  "HEAD",
                  "OPTIONS"
                ],
                "cache_policy_id": "",
                "cached_methods": [
                  "GET",
                  "HEAD",
                  "OPTIONS"
                ],
                "compress": true,
                "default_ttl": 3600,
                "field_level_encryption_id": "",
                "forwarded_values": [
                  {
                    "cookies": [
                      {
                        "forward": "none",
                        "whitelisted_names": []
                      }
                    ],
                    "headers": [],
                    "query_string": false,
                    "query_string_cache_keys": []
                  }
                ],
                "function_association": [],
                "lambda_function_association": [],
                "max_ttl": 86400,
                "min_ttl": 0,
                "origin_request_policy_id": "",
                "path_pattern": "*.js",
                "realtime_log_config_arn": "",
                "response_headers_policy_id": "",
                "smooth_streaming": false,
                "target_origin_id": "S3-cert-management-dev-secure-dashboard-9xeyqp04",
                "trusted_key_groups": [],
                "trusted_signers": [],
                "viewer_protocol_policy": "redirect-to-https"
              }
            ],
            "origin": [
              {
                "connection_attempts": 3,
                "connection_timeout": 10,
                "custom_header": [
                  {
                    "name": "X-Origin-Verify",
                    "value": ""
                  }
                ],
                "custom_origin_config": [],
                "domain_name": "cert-management-dev-secure-dashboard-9xeyqp04.s3.eu-west-1.amazonaws.com",
                "origin_access_control_id": "",
                "origin_id": "S3-cert-management-dev-secure-dashboard-9xeyqp04",
                "origin_path": "",
                "origin_shield": [],
                "s3_origin_config": [
                  {
                    "origin_access_identity": "origin-access-identity/cloudfront/EKZOU5O9KX66U"
                  }
                ]
              }
            ],
            "origin_group": [],
            "price_class": "PriceClass_100",
            "restrictions": [
              {
                "geo_restriction": [
                  {
                    "locations": [],
                    "restriction_type": "none"
                  }
                ]
              }
            ],
            "retain_on_delete": false,
            "status": "Deployed",
            "tags": {},
            "tags_all": {
              "Environment": "dev-secure",
              "ManagedBy": "Terraform",
              "Owner": "Certificate-Management-Team",
              "Project": "cert-management",
              "Security": "Enhanced"
            },
            "trusted_key_groups": [
              {
                "enabled": false,
                "items": []
              }
            ],
            "trusted_signers": [
              {
                "enabled": false,
                "items": []
              }
            ],
            "viewer_certificate": [
              {
                "acm_certificate_arn": "",
                "cloudfront_default_certificate": true,
                "iam_certificate_id": "",
                "minimum_protocol_version": "TLSv1",
                "ssl_support_method": ""
              }
            ],
            "wait_for_deployment": true,
            "web_acl_id": ""
          },
          "sensitive_attributes": [],
          "identity_schema_version": 0,
          "private": "eyJzY2hlbWFfdmVyc2lvbiI6IjEifQ==",
          "dependencies": [
            "module.cloudfront.aws_cloudfront_origin_access_identity.dashboard",
            "module.storage_secure.aws_s3_bucket.dashboard",
            "module.storage_secure.aws_s3_bucket.logs",
            "module.storage_secure.aws_s3_bucket.uploads",
            "module.storage_secure.aws_s3_bucket_cors_configuration.dashboard",
            "module.storage_secure.aws_s3_bucket_lifecycle_configuration.logs",
            "module.storage_secure.aws_s3_bucket_lifecycle_configuration.uploads",
            "module.storage_secure.aws_s3_bucket_public_access_block.dashboard",
            "module.storage_secure.aws_s3_bucket_public_access_block.logs",
            "module.storage_secure.aws_s3_bucket_public_access_block.uploads",
            "module.storage_secure.aws_s3_bucket_server_side_encryption_configuration.dashboard",
            "module.storage_secure.aws_s3_bucket_server_side_encryption_configuration.logs",
            "module.storage_secure.aws_s3_bucket_server_side_encryption_configuration.uploads",
            "module.storage_secure.aws_s3_bucket_versioning.dashboard",
            "module.storage_secure.aws_s3_bucket_versioning.logs",
            "module.storage_secure.aws_s3_bucket_versioning.uploads",
            "random_string.suffix"
          ],
          "create_before_destroy": true
        }
      ]
    },
    {
      "module": "module.cloudfront",
      "mode": "managed",
      "type": "aws_cloudfront_origin_access_identity",
      "name": "dashboard",
      "provider": "provider[\"registry.terraform.io/hashicorp/aws\"]",
      "instances": [
        {
          "schema_version": 0,
          "attributes": {
            "caller_reference": "terraform-20251109071241991200000004",
            "cloudfront_access_identity_path": "origin-access-identity/cloudfront/EKZOU5O9KX66U",
            "comment": "OAI for cert-management-dev-secure dashboard",
            "etag": "E3UN6WX5RRO2AG",
            "iam_arn": "arn:aws:iam::cloudfront:user/CloudFront Origin Access Identity EKZOU5O9KX66U",
            "id": "EKZOU5O9KX66U",
            "s3_canonical_user_id": "087f001f9f5d49d91c0b513f0477433b8dc08289fdf7023fa0c9ba60174293f093018b9c88feca4c7fe2141e915c5d47"
          },
          "sensitive_attributes": [],
          "identity_schema_version": 0,
          "private": "bnVsbA==",
          "dependencies": [
            "module.storage_secure.aws_s3_bucket.dashboard",
            "module.storage_secure.aws_s3_bucket.logs",
            "module.storage_secure.aws_s3_bucket.uploads",
            "module.storage_secure.aws_s3_bucket_cors_configuration.dashboard",
            "module.storage_secure.aws_s3_bucket_lifecycle_configuration.logs",
            "module.storage_secure.aws_s3_bucket_lifecycle_configuration.uploads",
            "module.storage_secure.aws_s3_bucket_public_access_block.dashboard",
            "module.storage_secure.aws_s3_bucket_public_access_block.logs",
            "module.storage_secure.aws_s3_bucket_public_access_block.uploads",
            "module.storage_secure.aws_s3_bucket_server_side_encryption_configuration.dashboard",
            "module.storage_secure.aws_s3_bucket_server_side_encryption_configuration.logs",
            "module.storage_secure.aws_s3_bucket_server_side_encryption_configuration.uploads",
            "module.storage_secure.aws_s3_bucket_versioning.dashboard",
            "module.storage_secure.aws_s3_bucket_versioning.logs",
            "module.storage_secure.aws_s3_bucket_versioning.uploads",
            "random_string.suffix"
          ],
          "create_before_destroy": true
        }
      ]
    },
    {
      "module": "module.cloudfront",
      "mode": "managed",
      "type": "aws_s3_bucket_policy",
      "name": "cloudfront_access",
      "provider": "provider[\"registry.terraform.io/hashicorp/aws\"]",
      "instances": [
        {
          "schema_version": 0,
          "attributes": {
            "bucket": "cert-management-dev-secure-dashboard-9xeyqp04",
            "id": "cert-management-dev-secure-dashboard-9xeyqp04",
            "policy": "{\"Statement\":[{\"Action\":\"s3:GetObject\",\"Effect\":\"Allow\",\"Principal\":{\"AWS\":\"arn:aws:iam::cloudfront:user/CloudFront Origin Access Identity EKZOU5O9KX66U\"},\"Resource\":\"arn:aws:s3:::cert-management-dev-secure-dashboard-9xeyqp04/*\",\"Sid\":\"AllowCloudFrontOAI\"}],\"Version\":\"2012-10-17\"}"
          },
          "sensitive_attributes": [],
          "identity_schema_version": 0,
          "private": "bnVsbA==",
          "dependencies": [
            "module.cloudfront.aws_cloudfront_origin_access_identity.dashboard",
            "module.storage_secure.aws_s3_bucket.dashboard",
            "module.storage_secure.aws_s3_bucket.logs",
            "module.storage_secure.aws_s3_bucket.uploads",
            "module.storage_secure.aws_s3_bucket_cors_configuration.dashboard",
            "module.storage_secure.aws_s3_bucket_lifecycle_configuration.logs",
            "module.storage_secure.aws_s3_bucket_lifecycle_configuration.uploads",
            "module.storage_secure.aws_s3_bucket_public_access_block.dashboard",
            "module.storage_secure.aws_s3_bucket_public_access_block.logs",
            "module.storage_secure.aws_s3_bucket_public_access_block.uploads",
            "module.storage_secure.aws_s3_bucket_server_side_encryption_configuration.dashboard",
            "module.storage_secure.aws_s3_bucket_server_side_encryption_configuration.logs",
            "module.storage_secure.aws_s3_bucket_server_side_encryption_configuration.uploads",
            "module.storage_secure.aws_s3_bucket_versioning.dashboard",
            "module.storage_secure.aws_s3_bucket_versioning.logs",
            "module.storage_secure.aws_s3_bucket_versioning.uploads",
            "random_string.suffix"
          ]
        }
      ]
    },
    {
      "module": "module.cognito",
      "mode": "data",
      "type": "aws_region",
      "name": "current",
      "provider": "provider[\"registry.terraform.io/hashicorp/aws\"]",
      "instances": [
        {
          "schema_version": 0,
          "attributes": {
            "description": "Europe (Ireland)",
            "endpoint": "ec2.eu-west-1.amazonaws.com",
            "id": "eu-west-1",
            "name": "eu-west-1"
          },
          "sensitive_attributes": [],
          "identity_schema_version": 0
        }
      ]
    },
    {
      "module": "module.cognito",
      "mode": "managed",
      "type": "aws_cognito_identity_pool",
      "name": "main",
      "provider": "provider[\"registry.terraform.io/hashicorp/aws\"]",
      "instances": [
        {
          "schema_version": 0,
          "attributes": {
            "allow_classic_flow": false,
            "allow_unauthenticated_identities": false,
            "arn": "arn:aws:cognito-identity:eu-west-1:992155623828:identitypool/eu-west-1:ce94d110-cb76-4acf-8f1a-5e2ce8588ae2",
            "cognito_identity_providers": [
              {
                "client_id": "2ggi07dd8s63p3469j59t82p0o",
                "provider_name": "cognito-idp.eu-west-1.amazonaws.com/eu-west-1_13fKTZw4o",
                "server_side_token_check": true
              }
            ],
            "developer_provider_name": "",
            "id": "eu-west-1:ce94d110-cb76-4acf-8f1a-5e2ce8588ae2",
            "identity_pool_name": "cert-management-dev-secure-identity-pool",
            "openid_connect_provider_arns": [],
            "saml_provider_arns": [],
            "supported_login_providers": {},
            "tags": {},
            "tags_all": {
              "Environment": "dev-secure",
              "ManagedBy": "Terraform",
              "Owner": "Certificate-Management-Team",
              "Project": "cert-management",
              "Security": "Enhanced"
            }
          },
          "sensitive_attributes": [],
          "identity_schema_version": 0,
          "private": "bnVsbA==",
          "dependencies": [
            "aws_ses_email_identity.sender",
            "module.cloudfront.aws_cloudfront_distribution.dashboard",
            "module.cloudfront.aws_cloudfront_origin_access_identity.dashboard",
            "module.cognito.aws_cognito_user_pool.main",
            "module.cognito.aws_cognito_user_pool_client.web_client",
            "module.storage_secure.aws_s3_bucket.dashboard",
            "module.storage_secure.aws_s3_bucket.logs",
            "module.storage_secure.aws_s3_bucket.uploads",
            "module.storage_secure.aws_s3_bucket_cors_configuration.dashboard",
            "module.storage_secure.aws_s3_bucket_lifecycle_configuration.logs",
            "module.storage_secure.aws_s3_bucket_lifecycle_configuration.uploads",
            "module.storage_secure.aws_s3_bucket_public_access_block.dashboard",
            "module.storage_secure.aws_s3_bucket_public_access_block.logs",
            "module.storage_secure.aws_s3_bucket_public_access_block.uploads",
            "module.storage_secure.aws_s3_bucket_server_side_encryption_configuration.dashboard",
            "module.storage_secure.aws_s3_bucket_server_side_encryption_configuration.logs",
            "module.storage_secure.aws_s3_bucket_server_side_encryption_configuration.uploads",
            "module.storage_secure.aws_s3_bucket_versioning.dashboard",
            "module.storage_secure.aws_s3_bucket_versioning.logs",
            "module.storage_secure.aws_s3_bucket_versioning.uploads",
            "random_string.suffix"
          ],
          "create_before_destroy": true
        }
      ]
    },
    {
      "module": "module.cognito",
      "mode": "managed",
      "type": "aws_cognito_user",
      "name": "admin",
      "provider": "provider[\"registry.terraform.io/hashicorp/aws\"]",
      "instances": [
        {
          "schema_version": 0,
          "attributes": {
            "attributes": {
              "email": "vinaya-c.nayanegali@capgemini.com",
              "email_verified": "true",
              "name": "System Administrator",
              "sub": "a2a59494-1051-7051-1f33-6b10f38c1a6f"
            },
            "client_metadata": null,
            "creation_date": "2025-11-09T07:21:55Z",
            "desired_delivery_mediums": [
              "EMAIL"
            ],
            "enabled": true,
            "force_alias_creation": false,
            "id": "eu-west-1_13fKTZw4o/a2a59494-1051-7051-1f33-6b10f38c1a6f",
            "last_modified_date": "2025-11-09T07:21:55Z",
            "message_action": null,
            "mfa_setting_list": [],
            "password": null,
            "preferred_mfa_setting": "",
            "status": "FORCE_CHANGE_PASSWORD",
            "sub": "a2a59494-1051-7051-1f33-6b10f38c1a6f",
            "temporary_password": null,
            "user_pool_id": "eu-west-1_13fKTZw4o",
            "username": "vinaya-c.nayanegali@capgemini.com",
            "validation_data": null
          },
          "sensitive_attributes": [
            [
              {
                "type": "get_attr",
                "value": "password"
              }
            ],
            [
              {
                "type": "get_attr",
                "value": "temporary_password"
              }
            ]
          ],
          "identity_schema_version": 0,
          "private": "bnVsbA==",
          "dependencies": [
            "aws_ses_email_identity.sender",
            "module.cognito.aws_cognito_user_pool.main"
          ],
          "create_before_destroy": true
        }
      ]
    },
    {
      "module": "module.cognito",
      "mode": "managed",
      "type": "aws_cognito_user",
      "name": "operator",
      "provider": "provider[\"registry.terraform.io/hashicorp/aws\"]",
      "instances": [
        {
          "schema_version": 0,
          "attributes": {
            "attributes": {
              "email": "vinaya-c.nayanegali+operator@capgemini.com",
              "email_verified": "true",
              "name": "Certificate Operator",
              "sub": "82c5d434-1051-70bb-f632-1c5996547e42"
            },
            "client_metadata": null,
            "creation_date": "2025-11-09T07:21:55Z",
            "desired_delivery_mediums": [
              "EMAIL"
            ],
            "enabled": true,
            "force_alias_creation": false,
            "id": "eu-west-1_13fKTZw4o/82c5d434-1051-70bb-f632-1c5996547e42",
            "last_modified_date": "2025-11-09T07:21:55Z",
            "message_action": null,
            "mfa_setting_list": [],
            "password": null,
            "preferred_mfa_setting": "",
            "status": "FORCE_CHANGE_PASSWORD",
            "sub": "82c5d434-1051-70bb-f632-1c5996547e42",
            "temporary_password": null,
            "user_pool_id": "eu-west-1_13fKTZw4o",
            "username": "vinaya-c.nayanegali+operator@capgemini.com",
            "validation_data": null
          },
          "sensitive_attributes": [
            [
              {
                "type": "get_attr",
                "value": "password"
              }
            ],
            [
              {
                "type": "get_attr",
                "value": "temporary_password"
              }
            ]
          ],
          "identity_schema_version": 0,
          "private": "bnVsbA==",
          "dependencies": [
            "aws_ses_email_identity.sender",
            "module.cognito.aws_cognito_user_pool.main"
          ],
          "create_before_destroy": true
        }
      ]
    },
    {
      "module": "module.cognito",
      "mode": "managed",
      "type": "aws_cognito_user",
      "name": "viewer",
      "provider": "provider[\"registry.terraform.io/hashicorp/aws\"]",
      "instances": [
        {
          "schema_version": 0,
          "attributes": {
            "attributes": {
              "email": "vinaya-c.nayanegali+viewer@capgemini.com",
              "email_verified": "true",
              "name": "Certificate Viewer",
              "sub": "c2d504f4-c081-7067-1a5f-a0f9859a7238"
            },
            "client_metadata": null,
            "creation_date": "2025-11-09T07:21:55Z",
            "desired_delivery_mediums": [
              "EMAIL"
            ],
            "enabled": true,
            "force_alias_creation": false,
            "id": "eu-west-1_13fKTZw4o/c2d504f4-c081-7067-1a5f-a0f9859a7238",
            "last_modified_date": "2025-11-09T07:21:55Z",
            "message_action": null,
            "mfa_setting_list": [],
            "password": null,
            "preferred_mfa_setting": "",
            "status": "FORCE_CHANGE_PASSWORD",
            "sub": "c2d504f4-c081-7067-1a5f-a0f9859a7238",
            "temporary_password": null,
            "user_pool_id": "eu-west-1_13fKTZw4o",
            "username": "vinaya-c.nayanegali+viewer@capgemini.com",
            "validation_data": null
          },
          "sensitive_attributes": [
            [
              {
                "type": "get_attr",
                "value": "password"
              }
            ],
            [
              {
                "type": "get_attr",
                "value": "temporary_password"
              }
            ]
          ],
          "identity_schema_version": 0,
          "private": "bnVsbA==",
          "dependencies": [
            "aws_ses_email_identity.sender",
            "module.cognito.aws_cognito_user_pool.main"
          ],
          "create_before_destroy": true
        }
      ]
    },
    {
      "module": "module.cognito",
      "mode": "managed",
      "type": "aws_cognito_user_group",
      "name": "admins",
      "provider": "provider[\"registry.terraform.io/hashicorp/aws\"]",
      "instances": [
        {
          "schema_version": 0,
          "attributes": {
            "description": "Administrators with full access to all certificate operations",
            "id": "eu-west-1_13fKTZw4o/Admins",
            "name": "Admins",
            "precedence": 1,
            "role_arn": "",
            "user_pool_id": "eu-west-1_13fKTZw4o"
          },
          "sensitive_attributes": [],
          "identity_schema_version": 0,
          "private": "bnVsbA==",
          "dependencies": [
            "aws_ses_email_identity.sender",
            "module.cognito.aws_cognito_user_pool.main"
          ],
          "create_before_destroy": true
        }
      ]
    },
    {
      "module": "module.cognito",
      "mode": "managed",
      "type": "aws_cognito_user_group",
      "name": "operators",
      "provider": "provider[\"registry.terraform.io/hashicorp/aws\"]",
      "instances": [
        {
          "schema_version": 0,
          "attributes": {
            "description": "Operators who can view and update certificate status",
            "id": "eu-west-1_13fKTZw4o/Operators",
            "name": "Operators",
            "precedence": 2,
            "role_arn": "",
            "user_pool_id": "eu-west-1_13fKTZw4o"
          },
          "sensitive_attributes": [],
          "identity_schema_version": 0,
          "private": "bnVsbA==",
          "dependencies": [
            "aws_ses_email_identity.sender",
            "module.cognito.aws_cognito_user_pool.main"
          ],
          "create_before_destroy": true
        }
      ]
    },
    {
      "module": "module.cognito",
      "mode": "managed",
      "type": "aws_cognito_user_group",
      "name": "viewers",
      "provider": "provider[\"registry.terraform.io/hashicorp/aws\"]",
      "instances": [
        {
          "schema_version": 0,
          "attributes": {
            "description": "Viewers with read-only access to certificates",
            "id": "eu-west-1_13fKTZw4o/Viewers",
            "name": "Viewers",
            "precedence": 3,
            "role_arn": "",
            "user_pool_id": "eu-west-1_13fKTZw4o"
          },
          "sensitive_attributes": [],
          "identity_schema_version": 0,
          "private": "bnVsbA==",
          "dependencies": [
            "aws_ses_email_identity.sender",
            "module.cognito.aws_cognito_user_pool.main"
          ],
          "create_before_destroy": true
        }
      ]
    },
    {
      "module": "module.cognito",
      "mode": "managed",
      "type": "aws_cognito_user_in_group",
      "name": "admin_group_membership",
      "provider": "provider[\"registry.terraform.io/hashicorp/aws\"]",
      "instances": [
        {
          "schema_version": 0,
          "attributes": {
            "group_name": "Admins",
            "id": "terraform-20251109072156995500000004",
            "user_pool_id": "eu-west-1_13fKTZw4o",
            "username": "vinaya-c.nayanegali@capgemini.com"
          },
          "sensitive_attributes": [],
          "identity_schema_version": 0,
          "private": "bnVsbA==",
          "dependencies": [
            "aws_ses_email_identity.sender",
            "module.cognito.aws_cognito_user.admin",
            "module.cognito.aws_cognito_user_group.admins",
            "module.cognito.aws_cognito_user_pool.main"
          ],
          "create_before_destroy": true
        }
      ]
    },
    {
      "module": "module.cognito",
      "mode": "managed",
      "type": "aws_cognito_user_in_group",
      "name": "operator_group_membership",
      "provider": "provider[\"registry.terraform.io/hashicorp/aws\"]",
      "instances": [
        {
          "schema_version": 0,
          "attributes": {
            "group_name": "Operators",
            "id": "terraform-20251109072156790300000002",
            "user_pool_id": "eu-west-1_13fKTZw4o",
            "username": "vinaya-c.nayanegali+operator@capgemini.com"
          },
          "sensitive_attributes": [],
          "identity_schema_version": 0,
          "private": "bnVsbA==",
          "dependencies": [
            "aws_ses_email_identity.sender",
            "module.cognito.aws_cognito_user.operator",
            "module.cognito.aws_cognito_user_group.operators",
            "module.cognito.aws_cognito_user_pool.main"
          ],
          "create_before_destroy": true
        }
      ]
    },
    {
      "module": "module.cognito",
      "mode": "managed",
      "type": "aws_cognito_user_in_group",
      "name": "viewer_group_membership",
      "provider": "provider[\"registry.terraform.io/hashicorp/aws\"]",
      "instances": [
        {
          "schema_version": 0,
          "attributes": {
            "group_name": "Viewers",
            "id": "terraform-20251109072156829700000003",
            "user_pool_id": "eu-west-1_13fKTZw4o",
            "username": "vinaya-c.nayanegali+viewer@capgemini.com"
          },
          "sensitive_attributes": [],
          "identity_schema_version": 0,
          "private": "bnVsbA==",
          "dependencies": [
            "aws_ses_email_identity.sender",
            "module.cognito.aws_cognito_user.viewer",
            "module.cognito.aws_cognito_user_group.viewers",
            "module.cognito.aws_cognito_user_pool.main"
          ],
          "create_before_destroy": true
        }
      ]
    },
    {
      "module": "module.cognito",
      "mode": "managed",
      "type": "aws_cognito_user_pool",
      "name": "main",
      "provider": "provider[\"registry.terraform.io/hashicorp/aws\"]",
      "instances": [
        {
          "schema_version": 0,
          "attributes": {
            "account_recovery_setting": [
              {
                "recovery_mechanism": [
                  {
                    "name": "verified_email",
                    "priority": 1
                  }
                ]
              }
            ],
            "admin_create_user_config": [
              {
                "allow_admin_create_user_only": false,
                "invite_message_template": [
                  {
                    "email_message": "Welcome! Your username is {username} and temporary password is {####}. Please change it on first login.",
                    "email_subject": "Your Certificate Management Dashboard login",
                    "sms_message": "Your username is {username} and temporary password is {####}"
                  }
                ]
              }
            ],
            "alias_attributes": null,
            "arn": "arn:aws:cognito-idp:eu-west-1:992155623828:userpool/eu-west-1_13fKTZw4o",
            "auto_verified_attributes": [
              "email"
            ],
            "creation_date": "2025-11-09T07:11:55Z",
            "custom_domain": "",
            "deletion_protection": "INACTIVE",
            "device_configuration": [],
            "domain": "cert-management-dev-secure-9xeyqp04",
            "email_configuration": [
              {
                "configuration_set": "",
                "email_sending_account": "DEVELOPER",
                "from_email_address": "vinaya-c.nayanegali@capgemini.com",
                "reply_to_email_address": "",
                "source_arn": "arn:aws:ses:eu-west-1:992155623828:identity/vinaya-c.nayanegali@capgemini.com"
              }
            ],
            "email_verification_message": "Your verification code is {####}",
            "email_verification_subject": "Verify your email for Certificate Dashboard",
            "endpoint": "cognito-idp.eu-west-1.amazonaws.com/eu-west-1_13fKTZw4o",
            "estimated_number_of_users": 3,
            "id": "eu-west-1_13fKTZw4o",
            "lambda_config": [],
            "last_modified_date": "2025-11-09T07:11:55Z",
            "mfa_configuration": "OFF",
            "name": "cert-management-dev-secure-user-pool",
            "password_policy": [
              {
                "minimum_length": 8,
                "require_lowercase": true,
                "require_numbers": true,
                "require_symbols": true,
                "require_uppercase": true,
                "temporary_password_validity_days": 7
              }
            ],
            "schema": [
              {
                "attribute_data_type": "String",
                "developer_only_attribute": false,
                "mutable": true,
                "name": "email",
                "number_attribute_constraints": [],
                "required": true,
                "string_attribute_constraints": [
                  {
                    "max_length": "256",
                    "min_length": "1"
                  }
                ]
              },
              {
                "attribute_data_type": "String",
                "developer_only_attribute": false,
                "mutable": true,
                "name": "name",
                "number_attribute_constraints": [],
                "required": true,
                "string_attribute_constraints": [
                  {
                    "max_length": "256",
                    "min_length": "1"
                  }
                ]
              }
            ],
            "sms_authentication_message": "",
            "sms_configuration": [],
            "sms_verification_message": "",
            "software_token_mfa_configuration": [],
            "tags": {},
            "tags_all": {
              "Environment": "dev-secure",
              "ManagedBy": "Terraform",
              "Owner": "Certificate-Management-Team",
              "Project": "cert-management",
              "Security": "Enhanced"
            },
            "user_attribute_update_settings": [],
            "user_pool_add_ons": [
              {
                "advanced_security_mode": "AUDIT"
              }
            ],
            "username_attributes": [
              "email"
            ],
            "username_configuration": [],
            "verification_message_template": [
              {
                "default_email_option": "CONFIRM_WITH_CODE",
                "email_message": "Your verification code is {####}",
                "email_message_by_link": "",
                "email_subject": "Verify your email for Certificate Dashboard",
                "email_subject_by_link": "",
                "sms_message": ""
              }
            ]
          },
          "sensitive_attributes": [],
          "identity_schema_version": 0,
          "private": "bnVsbA==",
          "dependencies": [
            "aws_ses_email_identity.sender"
          ],
          "create_before_destroy": true
        }
      ]
    },
    {
      "module": "module.cognito",
      "mode": "managed",
      "type": "aws_cognito_user_pool_client",
      "name": "web_client",
      "provider": "provider[\"registry.terraform.io/hashicorp/aws\"]",
      "instances": [
        {
          "schema_version": 0,
          "attributes": {
            "access_token_validity": 1,
            "allowed_oauth_flows": [
              "code",
              "implicit"
            ],
            "allowed_oauth_flows_user_pool_client": true,
            "allowed_oauth_scopes": [
              "aws.cognito.signin.user.admin",
              "email",
              "openid",
              "profile"
            ],
            "analytics_configuration": [],
            "auth_session_validity": 3,
            "callback_urls": [
              "https://d19eoajdfyip1t.cloudfront.net/dashboard.html",
              "https://d19eoajdfyip1t.cloudfront.net/index.html"
            ],
            "client_secret": "",
            "default_redirect_uri": "",
            "enable_propagate_additional_user_context_data": false,
            "enable_token_revocation": true,
            "explicit_auth_flows": [
              "ALLOW_REFRESH_TOKEN_AUTH",
              "ALLOW_USER_PASSWORD_AUTH",
              "ALLOW_USER_SRP_AUTH"
            ],
            "generate_secret": null,
            "id": "2ggi07dd8s63p3469j59t82p0o",
            "id_token_validity": 1,
            "logout_urls": [
              "https://d19eoajdfyip1t.cloudfront.net/login.html"
            ],
            "name": "cert-management-dev-secure-web-client",
            "prevent_user_existence_errors": "ENABLED",
            "read_attributes": [
              "email",
              "email_verified",
              "name"
            ],
            "refresh_token_validity": 30,
            "supported_identity_providers": [],
            "token_validity_units": [
              {
                "access_token": "hours",
                "id_token": "hours",
                "refresh_token": "days"
              }
            ],
            "user_pool_id": "eu-west-1_13fKTZw4o",
            "write_attributes": [
              "email",
              "name"
            ]
          },
          "sensitive_attributes": [
            [
              {
                "type": "get_attr",
                "value": "client_secret"
              }
            ]
          ],
          "identity_schema_version": 0,
          "dependencies": [
            "aws_ses_email_identity.sender",
            "module.cloudfront.aws_cloudfront_distribution.dashboard",
            "module.cloudfront.aws_cloudfront_origin_access_identity.dashboard",
            "module.cognito.aws_cognito_user_pool.main",
            "module.storage_secure.aws_s3_bucket.dashboard",
            "module.storage_secure.aws_s3_bucket.logs",
            "module.storage_secure.aws_s3_bucket.uploads",
            "module.storage_secure.aws_s3_bucket_cors_configuration.dashboard",
            "module.storage_secure.aws_s3_bucket_lifecycle_configuration.logs",
            "module.storage_secure.aws_s3_bucket_lifecycle_configuration.uploads",
            "module.storage_secure.aws_s3_bucket_public_access_block.dashboard",
            "module.storage_secure.aws_s3_bucket_public_access_block.logs",
            "module.storage_secure.aws_s3_bucket_public_access_block.uploads",
            "module.storage_secure.aws_s3_bucket_server_side_encryption_configuration.dashboard",
            "module.storage_secure.aws_s3_bucket_server_side_encryption_configuration.logs",
            "module.storage_secure.aws_s3_bucket_server_side_encryption_configuration.uploads",
            "module.storage_secure.aws_s3_bucket_versioning.dashboard",
            "module.storage_secure.aws_s3_bucket_versioning.logs",
            "module.storage_secure.aws_s3_bucket_versioning.uploads",
            "random_string.suffix"
          ],
          "create_before_destroy": true
        }
      ]
    },
    {
      "module": "module.cognito",
      "mode": "managed",
      "type": "aws_cognito_user_pool_domain",
      "name": "main",
      "provider": "provider[\"registry.terraform.io/hashicorp/aws\"]",
      "instances": [
        {
          "schema_version": 0,
          "attributes": {
            "aws_account_id": "992155623828",
            "certificate_arn": "",
            "cloudfront_distribution": "d2uqej7bo24sqa.cloudfront.net",
            "cloudfront_distribution_arn": "d2uqej7bo24sqa.cloudfront.net",
            "cloudfront_distribution_zone_id": "Z2FDTNDATAQYW2",
            "domain": "cert-management-dev-secure-9xeyqp04",
            "id": "cert-management-dev-secure-9xeyqp04",
            "s3_bucket": "aws-cognito-prod-dub-assets",
            "user_pool_id": "eu-west-1_13fKTZw4o",
            "version": "20251109071156"
          },
          "sensitive_attributes": [],
          "identity_schema_version": 0,
          "private": "bnVsbA==",
          "dependencies": [
            "aws_ses_email_identity.sender",
            "module.cognito.aws_cognito_user_pool.main",
            "random_string.suffix"
          ],
          "create_before_destroy": true
        }
      ]
    },
    {
      "module": "module.database",
      "mode": "managed",
      "type": "aws_dynamodb_table",
      "name": "certificate_logs",
      "provider": "provider[\"registry.terraform.io/hashicorp/aws\"]",
      "instances": [
        {
          "schema_version": 1,
          "attributes": {
            "arn": "arn:aws:dynamodb:eu-west-1:992155623828:table/cert-management-dev-secure-certificate-logs",
            "attribute": [
              {
                "name": "Action",
                "type": "S"
              },
              {
                "name": "CertificateID",
                "type": "S"
              },
              {
                "name": "LogID",
                "type": "S"
              },
              {
                "name": "Timestamp",
                "type": "S"
              }
            ],
            "billing_mode": "PAY_PER_REQUEST",
            "deletion_protection_enabled": false,
            "global_secondary_index": [
              {
                "hash_key": "Action",
                "name": "ActionIndex",
                "non_key_attributes": [],
                "projection_type": "ALL",
                "range_key": "Timestamp",
                "read_capacity": 0,
                "write_capacity": 0
              },
              {
                "hash_key": "CertificateID",
                "name": "CertificateLogsIndex",
                "non_key_attributes": [],
                "projection_type": "ALL",
                "range_key": "Timestamp",
                "read_capacity": 0,
                "write_capacity": 0
              }
            ],
            "hash_key": "LogID",
            "id": "cert-management-dev-secure-certificate-logs",
            "local_secondary_index": [],
            "name": "cert-management-dev-secure-certificate-logs",
            "point_in_time_recovery": [
              {
                "enabled": true
              }
            ],
            "range_key": "Timestamp",
            "read_capacity": 0,
            "replica": [],
            "restore_date_time": null,
            "restore_source_name": null,
            "restore_to_latest_time": null,
            "server_side_encryption": [],
            "stream_arn": "",
            "stream_enabled": false,
            "stream_label": "",
            "stream_view_type": "",
            "table_class": "STANDARD",
            "tags": {
              "Name": "cert-management-dev-secure-certificate-logs"
            },
            "tags_all": {
              "Environment": "dev-secure",
              "ManagedBy": "Terraform",
              "Name": "cert-management-dev-secure-certificate-logs",
              "Owner": "Certificate-Management-Team",
              "Project": "cert-management",
              "Security": "Enhanced"
            },
            "timeouts": null,
            "ttl": [
              {
                "attribute_name": "",
                "enabled": false
              }
            ],
            "write_capacity": 0
          },
          "sensitive_attributes": [],
          "identity_schema_version": 0,
          "private": "eyJlMmJmYjczMC1lY2FhLTExZTYtOGY4OC0zNDM2M2JjN2M0YzAiOnsiY3JlYXRlIjoxODAwMDAwMDAwMDAwLCJkZWxldGUiOjYwMDAwMDAwMDAwMCwidXBkYXRlIjozNjAwMDAwMDAwMDAwfSwic2NoZW1hX3ZlcnNpb24iOiIxIn0=",
          "create_before_destroy": true
        }
      ]
    },
    {
      "module": "module.database",
      "mode": "managed",
      "type": "aws_dynamodb_table",
      "name": "certificates",
      "provider": "provider[\"registry.terraform.io/hashicorp/aws\"]",
      "instances": [
        {
          "schema_version": 1,
          "attributes": {
            "arn": "arn:aws:dynamodb:eu-west-1:992155623828:table/cert-management-dev-secure-certificates",
            "attribute": [
              {
                "name": "CertificateID",
                "type": "S"
              },
              {
                "name": "Environment",
                "type": "S"
              },
              {
                "name": "ExpiryDate",
                "type": "S"
              },
              {
                "name": "OwnerEmail",
                "type": "S"
              },
              {
                "name": "Status",
                "type": "S"
              }
            ],
            "billing_mode": "PAY_PER_REQUEST",
            "deletion_protection_enabled": false,
            "global_secondary_index": [
              {
                "hash_key": "Environment",
                "name": "EnvironmentIndex",
                "non_key_attributes": [],
                "projection_type": "ALL",
                "range_key": "ExpiryDate",
                "read_capacity": 0,
                "write_capacity": 0
              },
              {
                "hash_key": "ExpiryDate",
                "name": "ExpiryIndex",
                "non_key_attributes": [],
                "projection_type": "ALL",
                "range_key": "",
                "read_capacity": 0,
                "write_capacity": 0
              },
              {
                "hash_key": "OwnerEmail",
                "name": "OwnerIndex",
                "non_key_attributes": [],
                "projection_type": "ALL",
                "range_key": "ExpiryDate",
                "read_capacity": 0,
                "write_capacity": 0
              },
              {
                "hash_key": "Status",
                "name": "StatusIndex",
                "non_key_attributes": [],
                "projection_type": "ALL",
                "range_key": "ExpiryDate",
                "read_capacity": 0,
                "write_capacity": 0
              }
            ],
            "hash_key": "CertificateID",
            "id": "cert-management-dev-secure-certificates",
            "local_secondary_index": [],
            "name": "cert-management-dev-secure-certificates",
            "point_in_time_recovery": [
              {
                "enabled": true
              }
            ],
            "range_key": null,
            "read_capacity": 0,
            "replica": [],
            "restore_date_time": null,
            "restore_source_name": null,
            "restore_to_latest_time": null,
            "server_side_encryption": [],
            "stream_arn": "",
            "stream_enabled": false,
            "stream_label": "",
            "stream_view_type": "",
            "table_class": "STANDARD",
            "tags": {
              "Name": "cert-management-dev-secure-certificates"
            },
            "tags_all": {
              "Environment": "dev-secure",
              "ManagedBy": "Terraform",
              "Name": "cert-management-dev-secure-certificates",
              "Owner": "Certificate-Management-Team",
              "Project": "cert-management",
              "Security": "Enhanced"
            },
            "timeouts": null,
            "ttl": [
              {
                "attribute_name": "",
                "enabled": false
              }
            ],
            "write_capacity": 0
          },
          "sensitive_attributes": [],
          "identity_schema_version": 0,
          "private": "eyJlMmJmYjczMC1lY2FhLTExZTYtOGY4OC0zNDM2M2JjN2M0YzAiOnsiY3JlYXRlIjoxODAwMDAwMDAwMDAwLCJkZWxldGUiOjYwMDAwMDAwMDAwMCwidXBkYXRlIjozNjAwMDAwMDAwMDAwfSwic2NoZW1hX3ZlcnNpb24iOiIxIn0=",
          "create_before_destroy": true
        }
      ]
    },
    {
      "module": "module.eventbridge",
      "mode": "managed",
      "type": "aws_cloudwatch_event_rule",
      "name": "daily_monitor",
      "provider": "provider[\"registry.terraform.io/hashicorp/aws\"]",
      "instances": [
        {
          "schema_version": 0,
          "attributes": {
            "arn": "arn:aws:events:eu-west-1:992155623828:rule/cert-management-dev-secure-daily-monitor",
            "description": "Trigger certificate monitoring daily",
            "event_bus_name": "default",
            "event_pattern": null,
            "id": "cert-management-dev-secure-daily-monitor",
            "is_enabled": true,
            "name": "cert-management-dev-secure-daily-monitor",
            "name_prefix": "",
            "role_arn": "",
            "schedule_expression": "cron(0 9 * * ? *)",
            "tags": {},
            "tags_all": {
              "Environment": "dev-secure",
              "ManagedBy": "Terraform",
              "Owner": "Certificate-Management-Team",
              "Project": "cert-management",
              "Security": "Enhanced"
            }
          },
          "sensitive_attributes": [],
          "identity_schema_version": 0,
          "private": "bnVsbA==",
          "dependencies": [
            "data.aws_caller_identity.current",
            "data.aws_region.current",
            "module.database.aws_dynamodb_table.certificate_logs",
            "module.database.aws_dynamodb_table.certificates",
            "module.iam.aws_iam_policy.lambda_policy",
            "module.iam.aws_iam_role.lambda_role",
            "module.iam.aws_iam_role_policy_attachment.lambda_basic",
            "module.iam.aws_iam_role_policy_attachment.lambda_policy",
            "module.lambda_secure.aws_cloudwatch_log_group.certificate_monitor",
            "module.lambda_secure.aws_cloudwatch_log_group.dashboard_api",
            "module.lambda_secure.aws_cloudwatch_log_group.excel_processor",
            "module.lambda_secure.aws_lambda_function.certificate_monitor",
            "module.lambda_secure.aws_lambda_function.dashboard_api",
            "module.lambda_secure.aws_lambda_function.excel_processor",
            "module.lambda_secure.aws_lambda_permission.allow_s3",
            "module.lambda_secure.aws_lambda_permission.api_gateway",
            "module.lambda_secure.aws_s3_bucket_notification.excel_upload",
            "module.lambda_secure.data.archive_file.certificate_monitor",
            "module.lambda_secure.data.archive_file.dashboard_api",
            "module.lambda_secure.data.archive_file.excel_processor",
            "module.storage_secure.aws_s3_bucket.dashboard",
            "module.storage_secure.aws_s3_bucket.logs",
            "module.storage_secure.aws_s3_bucket.uploads",
            "random_string.suffix"
          ]
        }
      ]
    },
    {
      "module": "module.eventbridge",
      "mode": "managed",
      "type": "aws_cloudwatch_event_target",
      "name": "lambda_target",
      "provider": "provider[\"registry.terraform.io/hashicorp/aws\"]",
      "instances": [
        {
          "schema_version": 1,
          "attributes": {
            "arn": "arn:aws:lambda:eu-west-1:992155623828:function:cert-management-dev-secure-certificate-monitor",
            "batch_target": [],
            "dead_letter_config": [],
            "ecs_target": [],
            "event_bus_name": "default",
            "http_target": [],
            "id": "cert-management-dev-secure-daily-monitor-CertificateMonitorTarget",
            "input": "",
            "input_path": "",
            "input_transformer": [],
            "kinesis_target": [],
            "redshift_target": [],
            "retry_policy": [],
            "role_arn": "",
            "rule": "cert-management-dev-secure-daily-monitor",
            "run_command_targets": [],
            "sqs_target": [],
            "target_id": "CertificateMonitorTarget"
          },
          "sensitive_attributes": [],
          "identity_schema_version": 0,
          "private": "eyJzY2hlbWFfdmVyc2lvbiI6IjEifQ==",
          "dependencies": [
            "data.aws_caller_identity.current",
            "data.aws_region.current",
            "module.database.aws_dynamodb_table.certificate_logs",
            "module.database.aws_dynamodb_table.certificates",
            "module.eventbridge.aws_cloudwatch_event_rule.daily_monitor",
            "module.iam.aws_iam_policy.lambda_policy",
            "module.iam.aws_iam_role.lambda_role",
            "module.iam.aws_iam_role_policy_attachment.lambda_basic",
            "module.iam.aws_iam_role_policy_attachment.lambda_policy",
            "module.lambda_secure.aws_cloudwatch_log_group.certificate_monitor",
            "module.lambda_secure.aws_cloudwatch_log_group.dashboard_api",
            "module.lambda_secure.aws_cloudwatch_log_group.excel_processor",
            "module.lambda_secure.aws_lambda_function.certificate_monitor",
            "module.lambda_secure.aws_lambda_function.dashboard_api",
            "module.lambda_secure.aws_lambda_function.excel_processor",
            "module.lambda_secure.aws_lambda_permission.allow_s3",
            "module.lambda_secure.aws_lambda_permission.api_gateway",
            "module.lambda_secure.aws_s3_bucket_notification.excel_upload",
            "module.lambda_secure.data.archive_file.certificate_monitor",
            "module.lambda_secure.data.archive_file.dashboard_api",
            "module.lambda_secure.data.archive_file.excel_processor",
            "module.storage_secure.aws_s3_bucket.dashboard",
            "module.storage_secure.aws_s3_bucket.logs",
            "module.storage_secure.aws_s3_bucket.uploads",
            "random_string.suffix"
          ]
        }
      ]
    },
    {
      "module": "module.eventbridge",
      "mode": "managed",
      "type": "aws_lambda_permission",
      "name": "allow_eventbridge",
      "provider": "provider[\"registry.terraform.io/hashicorp/aws\"]",
      "instances": [
        {
          "schema_version": 0,
          "attributes": {
            "action": "lambda:InvokeFunction",
            "event_source_token": null,
            "function_name": "cert-management-dev-secure-certificate-monitor",
            "function_url_auth_type": null,
            "id": "AllowExecutionFromEventBridge",
            "principal": "events.amazonaws.com",
            "principal_org_id": null,
            "qualifier": "",
            "source_account": null,
            "source_arn": "arn:aws:events:eu-west-1:992155623828:rule/cert-management-dev-secure-daily-monitor",
            "statement_id": "AllowExecutionFromEventBridge",
            "statement_id_prefix": ""
          },
          "sensitive_attributes": [],
          "identity_schema_version": 0,
          "private": "bnVsbA==",
          "dependencies": [
            "data.aws_caller_identity.current",
            "data.aws_region.current",
            "module.database.aws_dynamodb_table.certificate_logs",
            "module.database.aws_dynamodb_table.certificates",
            "module.eventbridge.aws_cloudwatch_event_rule.daily_monitor",
            "module.iam.aws_iam_policy.lambda_policy",
            "module.iam.aws_iam_role.lambda_role",
            "module.iam.aws_iam_role_policy_attachment.lambda_basic",
            "module.iam.aws_iam_role_policy_attachment.lambda_policy",
            "module.lambda_secure.aws_cloudwatch_log_group.certificate_monitor",
            "module.lambda_secure.aws_cloudwatch_log_group.dashboard_api",
            "module.lambda_secure.aws_cloudwatch_log_group.excel_processor",
            "module.lambda_secure.aws_lambda_function.certificate_monitor",
            "module.lambda_secure.aws_lambda_function.dashboard_api",
            "module.lambda_secure.aws_lambda_function.excel_processor",
            "module.lambda_secure.aws_lambda_permission.allow_s3",
            "module.lambda_secure.aws_lambda_permission.api_gateway",
            "module.lambda_secure.aws_s3_bucket_notification.excel_upload",
            "module.lambda_secure.data.archive_file.certificate_monitor",
            "module.lambda_secure.data.archive_file.dashboard_api",
            "module.lambda_secure.data.archive_file.excel_processor",
            "module.storage_secure.aws_s3_bucket.dashboard",
            "module.storage_secure.aws_s3_bucket.logs",
            "module.storage_secure.aws_s3_bucket.uploads",
            "random_string.suffix"
          ]
        }
      ]
    },
    {
      "module": "module.iam",
      "mode": "managed",
      "type": "aws_iam_policy",
      "name": "lambda_policy",
      "provider": "provider[\"registry.terraform.io/hashicorp/aws\"]",
      "instances": [
        {
          "schema_version": 0,
          "attributes": {
            "arn": "arn:aws:iam::992155623828:policy/cert-management-dev-secure-lambda-policy",
            "description": "Policy for certificate management Lambda functions",
            "id": "arn:aws:iam::992155623828:policy/cert-management-dev-secure-lambda-policy",
            "name": "cert-management-dev-secure-lambda-policy",
            "name_prefix": "",
            "path": "/",
            "policy": "{\"Statement\":[{\"Action\":[\"logs:CreateLogGroup\",\"logs:CreateLogStream\",\"logs:PutLogEvents\"],\"Effect\":\"Allow\",\"Resource\":\"arn:aws:logs:eu-west-1:992155623828:*\"},{\"Action\":[\"dynamodb:GetItem\",\"dynamodb:PutItem\",\"dynamodb:UpdateItem\",\"dynamodb:DeleteItem\",\"dynamodb:Query\",\"dynamodb:Scan\",\"dynamodb:BatchGetItem\",\"dynamodb:BatchWriteItem\"],\"Effect\":\"Allow\",\"Resource\":[\"arn:aws:dynamodb:eu-west-1:992155623828:table/cert-management-dev-secure-certificates\",\"arn:aws:dynamodb:eu-west-1:992155623828:table/cert-management-dev-secure-certificates/*\",\"arn:aws:dynamodb:eu-west-1:992155623828:table/cert-management-dev-secure-certificate-logs\",\"arn:aws:dynamodb:eu-west-1:992155623828:table/cert-management-dev-secure-certificate-logs/*\"]},{\"Action\":[\"s3:GetObject\",\"s3:PutObject\",\"s3:DeleteObject\",\"s3:ListBucket\"],\"Effect\":\"Allow\",\"Resource\":[\"arn:aws:s3:::cert-management-dev-secure-uploads-9xeyqp04\",\"arn:aws:s3:::cert-management-dev-secure-uploads-9xeyqp04/*\",\"arn:aws:s3:::cert-management-dev-secure-logs-9xeyqp04\",\"arn:aws:s3:::cert-management-dev-secure-logs-9xeyqp04/*\"]},{\"Action\":[\"ses:SendEmail\",\"ses:SendRawEmail\"],\"Effect\":\"Allow\",\"Resource\":\"*\"}],\"Version\":\"2012-10-17\"}",
            "policy_id": "ANPA6OAIVMGKB3NBSYJ2A",
            "tags": {},
            "tags_all": {
              "Environment": "dev-secure",
              "ManagedBy": "Terraform",
              "Owner": "Certificate-Management-Team",
              "Project": "cert-management",
              "Security": "Enhanced"
            }
          },
          "sensitive_attributes": [],
          "identity_schema_version": 0,
          "private": "bnVsbA==",
          "dependencies": [
            "data.aws_caller_identity.current",
            "data.aws_region.current",
            "module.database.aws_dynamodb_table.certificate_logs",
            "module.database.aws_dynamodb_table.certificates",
            "module.storage_secure.aws_s3_bucket.logs",
            "module.storage_secure.aws_s3_bucket.uploads",
            "random_string.suffix"
          ],
          "create_before_destroy": true
        }
      ]
    },
    {
      "module": "module.iam",
      "mode": "managed",
      "type": "aws_iam_role",
      "name": "lambda_role",
      "provider": "provider[\"registry.terraform.io/hashicorp/aws\"]",
      "instances": [
        {
          "schema_version": 0,
          "attributes": {
            "arn": "arn:aws:iam::992155623828:role/cert-management-dev-secure-lambda-role",
            "assume_role_policy": "{\"Statement\":[{\"Action\":\"sts:AssumeRole\",\"Effect\":\"Allow\",\"Principal\":{\"Service\":\"lambda.amazonaws.com\"}}],\"Version\":\"2012-10-17\"}",
            "create_date": "2025-11-09T07:11:53Z",
            "description": "",
            "force_detach_policies": false,
            "id": "cert-management-dev-secure-lambda-role",
            "inline_policy": [],
            "managed_policy_arns": [
              "arn:aws:iam::992155623828:policy/cert-management-dev-secure-lambda-policy",
              "arn:aws:iam::aws:policy/service-role/AWSLambdaBasicExecutionRole"
            ],
            "max_session_duration": 3600,
            "name": "cert-management-dev-secure-lambda-role",
            "name_prefix": "",
            "path": "/",
            "permissions_boundary": null,
            "role_last_used": [
              {
                "last_used_date": "",
                "region": ""
              }
            ],
            "tags": {},
            "tags_all": {
              "Environment": "dev-secure",
              "ManagedBy": "Terraform",
              "Owner": "Certificate-Management-Team",
              "Project": "cert-management",
              "Security": "Enhanced"
            },
            "unique_id": "AROA6OAIVMGKMUB45ACPV"
          },
          "sensitive_attributes": [],
          "identity_schema_version": 0,
          "private": "bnVsbA==",
          "create_before_destroy": true
        }
      ]
    },
    {
      "module": "module.iam",
      "mode": "managed",
      "type": "aws_iam_role_policy_attachment",
      "name": "lambda_basic",
      "provider": "provider[\"registry.terraform.io/hashicorp/aws\"]",
      "instances": [
        {
          "schema_version": 0,
          "attributes": {
            "id": "cert-management-dev-secure-lambda-role-20251109071154932300000001",
            "policy_arn": "arn:aws:iam::aws:policy/service-role/AWSLambdaBasicExecutionRole",
            "role": "cert-management-dev-secure-lambda-role"
          },
          "sensitive_attributes": [],
          "identity_schema_version": 0,
          "private": "bnVsbA==",
          "dependencies": [
            "module.iam.aws_iam_role.lambda_role"
          ],
          "create_before_destroy": true
        }
      ]
    },
    {
      "module": "module.iam",
      "mode": "managed",
      "type": "aws_iam_role_policy_attachment",
      "name": "lambda_policy",
      "provider": "provider[\"registry.terraform.io/hashicorp/aws\"]",
      "instances": [
        {
          "schema_version": 0,
          "attributes": {
            "id": "cert-management-dev-secure-lambda-role-20251109071221394500000002",
            "policy_arn": "arn:aws:iam::992155623828:policy/cert-management-dev-secure-lambda-policy",
            "role": "cert-management-dev-secure-lambda-role"
          },
          "sensitive_attributes": [],
          "identity_schema_version": 0,
          "private": "bnVsbA==",
          "dependencies": [
            "data.aws_caller_identity.current",
            "data.aws_region.current",
            "module.database.aws_dynamodb_table.certificate_logs",
            "module.database.aws_dynamodb_table.certificates",
            "module.iam.aws_iam_policy.lambda_policy",
            "module.iam.aws_iam_role.lambda_role",
            "module.storage_secure.aws_s3_bucket.logs",
            "module.storage_secure.aws_s3_bucket.uploads",
            "random_string.suffix"
          ],
          "create_before_destroy": true
        }
      ]
    },
    {
      "module": "module.lambda_secure",
      "mode": "data",
      "type": "archive_file",
      "name": "certificate_monitor",
      "provider": "provider[\"registry.terraform.io/hashicorp/archive\"]",
      "instances": [
        {
          "schema_version": 0,
          "attributes": {
            "exclude_symlink_directories": null,
            "excludes": null,
            "id": "dc22396f89891001e41319dbc3aa5a197e40087f",
            "output_base64sha256": "f1Z2tt9QR/6w6gparzvJy0oGM6kbPvC8tXibaRiJ0lU=",
            "output_base64sha512": "o3iIZO0QpBlUU1xPZH5RXtvBp/M+mYnnz82PKc6HNIL3oaIUO5FVUHzGj73VfnQY5BTrke9p0Tw8gos9vJ5kVw==",
            "output_file_mode": null,
            "output_md5": "cb2ff4d67cd60fff20114265aca7fa0b",
            "output_path": "../../modules/lambda_secure/../../environments/dev-secure/certificate_monitor.zip",
            "output_sha": "dc22396f89891001e41319dbc3aa5a197e40087f",
            "output_sha256": "7f5676b6df5047feb0ea0a5aaf3bc9cb4a0633a91b3ef0bcb5789b691889d255",
            "output_sha512": "a3788864ed10a41954535c4f647e515edbc1a7f33e9989e7cfcd8f29ce873482f7a1a2143b9155507cc68fbdd57e7418e414eb91ef69d13c3c828b3dbc9e6457",
            "output_size": 4325,
            "source": [],
            "source_content": null,
            "source_content_filename": null,
            "source_dir": null,
            "source_file": "./../../../lambda/certificate_monitor.py",
            "type": "zip"
          },
          "sensitive_attributes": [],
          "identity_schema_version": 0
        }
      ]
    },
    {
      "module": "module.lambda_secure",
      "mode": "data",
      "type": "archive_file",
      "name": "dashboard_api",
      "provider": "provider[\"registry.terraform.io/hashicorp/archive\"]",
      "instances": [
        {
          "schema_version": 0,
          "attributes": {
            "exclude_symlink_directories": null,
            "excludes": null,
            "id": "90b801a6e0779ea7467de9d35c6996558cf43f70",
            "output_base64sha256": "N0TlETBDVIxoKZDdJ1Ddh2v6+v5VNQEqFfgreIQtnHU=",
            "output_base64sha512": "1fE32ZPFVhe+FnIZRv0+b5Owcx+Z4zh0v0mNd40YjcqJ+jkPOeAEWVNABjJvx5iJMG0uI28LzSl16MfC8En2ug==",
            "output_file_mode": null,
            "output_md5": "22504fc172f3f331dde1d6c289ed570b",
            "output_path": "../../modules/lambda_secure/../../environments/dev-secure/dashboard_api.zip",
            "output_sha": "90b801a6e0779ea7467de9d35c6996558cf43f70",
            "output_sha256": "3744e5113043548c682990dd2750dd876bfafafe5535012a15f82b78842d9c75",
            "output_sha512": "d5f137d993c55617be16721946fd3e6f93b0731f99e33874bf498d778d188dca89fa390f39e00459534006326fc79889306d2e236f0bcd2975e8c7c2f049f6ba",
            "output_size": 2563,
            "source": [],
            "source_content": null,
            "source_content_filename": null,
            "source_dir": null,
            "source_file": "./../../../lambda/dashboard_api.py",
            "type": "zip"
          },
          "sensitive_attributes": [],
          "identity_schema_version": 0
        }
      ]
    },
    {
      "module": "module.lambda_secure",
      "mode": "data",
      "type": "archive_file",
      "name": "excel_processor",
      "provider": "provider[\"registry.terraform.io/hashicorp/archive\"]",
      "instances": [
        {
          "schema_version": 0,
          "attributes": {
            "exclude_symlink_directories": null,
            "excludes": null,
            "id": "2873744d601882360d0df7e0516ba9c85f2d0ae4",
            "output_base64sha256": "9WjUhg2FmTh3KiClfTTi6RH0yS6E3itC7i/obFQJROU=",
            "output_base64sha512": "OLmUi9AS3J432mR6QB1mHTTGf+WAyYy/mQcIVg8L7zeZCDfxFkmllX7iiGBJfLRUZafhvnZ0EGTsTzrm0IOigw==",
            "output_file_mode": null,
            "output_md5": "dabbe9b24a509e46dd68b9c54c2fa8bc",
            "output_path": "../../modules/lambda_secure/../../environments/dev-secure/excel_processor.zip",
            "output_sha": "2873744d601882360d0df7e0516ba9c85f2d0ae4",
            "output_sha256": "f568d4860d859938772a20a57d34e2e911f4c92e84de2b42ee2fe86c540944e5",
            "output_sha512": "38b9948bd012dc9e37da647a401d661d34c67fe580c98cbf990708560f0bef37990837f11649a5957ee28860497cb45465a7e1be76741064ec4f3ae6d083a283",
            "output_size": 3290,
            "source": [],
            "source_content": null,
            "source_content_filename": null,
            "source_dir": null,
            "source_file": "./../../../lambda/excel_processor.py",
            "type": "zip"
          },
          "sensitive_attributes": [],
          "identity_schema_version": 0
        }
      ]
    },
    {
      "module": "module.lambda_secure",
      "mode": "managed",
      "type": "aws_cloudwatch_log_group",
      "name": "certificate_monitor",
      "provider": "provider[\"registry.terraform.io/hashicorp/aws\"]",
      "instances": [
        {
          "schema_version": 0,
          "attributes": {
            "arn": "arn:aws:logs:eu-west-1:992155623828:log-group:/aws/lambda/cert-management-dev-secure-certificate-monitor",
            "id": "/aws/lambda/cert-management-dev-secure-certificate-monitor",
            "kms_key_id": "",
            "name": "/aws/lambda/cert-management-dev-secure-certificate-monitor",
            "name_prefix": "",
            "retention_in_days": 30,
            "skip_destroy": false,
            "tags": {},
            "tags_all": {
              "Environment": "dev-secure",
              "ManagedBy": "Terraform",
              "Owner": "Certificate-Management-Team",
              "Project": "cert-management",
              "Security": "Enhanced"
            }
          },
          "sensitive_attributes": [],
          "identity_schema_version": 0,
          "private": "bnVsbA==",
          "dependencies": [
            "data.aws_caller_identity.current",
            "data.aws_region.current",
            "module.database.aws_dynamodb_table.certificate_logs",
            "module.database.aws_dynamodb_table.certificates",
            "module.iam.aws_iam_policy.lambda_policy",
            "module.iam.aws_iam_role.lambda_role",
            "module.iam.aws_iam_role_policy_attachment.lambda_basic",
            "module.iam.aws_iam_role_policy_attachment.lambda_policy",
            "module.storage_secure.aws_s3_bucket.dashboard",
            "module.storage_secure.aws_s3_bucket.logs",
            "module.storage_secure.aws_s3_bucket.uploads",
            "random_string.suffix"
          ],
          "create_before_destroy": true
        }
      ]
    },
    {
      "module": "module.lambda_secure",
      "mode": "managed",
      "type": "aws_cloudwatch_log_group",
      "name": "dashboard_api",
      "provider": "provider[\"registry.terraform.io/hashicorp/aws\"]",
      "instances": [
        {
          "schema_version": 0,
          "attributes": {
            "arn": "arn:aws:logs:eu-west-1:992155623828:log-group:/aws/lambda/cert-management-dev-secure-dashboard-api",
            "id": "/aws/lambda/cert-management-dev-secure-dashboard-api",
            "kms_key_id": "",
            "name": "/aws/lambda/cert-management-dev-secure-dashboard-api",
            "name_prefix": "",
            "retention_in_days": 30,
            "skip_destroy": false,
            "tags": {},
            "tags_all": {
              "Environment": "dev-secure",
              "ManagedBy": "Terraform",
              "Owner": "Certificate-Management-Team",
              "Project": "cert-management",
              "Security": "Enhanced"
            }
          },
          "sensitive_attributes": [],
          "identity_schema_version": 0,
          "private": "bnVsbA==",
          "dependencies": [
            "data.aws_caller_identity.current",
            "data.aws_region.current",
            "module.database.aws_dynamodb_table.certificate_logs",
            "module.database.aws_dynamodb_table.certificates",
            "module.iam.aws_iam_policy.lambda_policy",
            "module.iam.aws_iam_role.lambda_role",
            "module.iam.aws_iam_role_policy_attachment.lambda_basic",
            "module.iam.aws_iam_role_policy_attachment.lambda_policy",
            "module.storage_secure.aws_s3_bucket.dashboard",
            "module.storage_secure.aws_s3_bucket.logs",
            "module.storage_secure.aws_s3_bucket.uploads",
            "random_string.suffix"
          ],
          "create_before_destroy": true
        }
      ]
    },
    {
      "module": "module.lambda_secure",
      "mode": "managed",
      "type": "aws_cloudwatch_log_group",
      "name": "excel_processor",
      "provider": "provider[\"registry.terraform.io/hashicorp/aws\"]",
      "instances": [
        {
          "schema_version": 0,
          "attributes": {
            "arn": "arn:aws:logs:eu-west-1:992155623828:log-group:/aws/lambda/cert-management-dev-secure-excel-processor",
            "id": "/aws/lambda/cert-management-dev-secure-excel-processor",
            "kms_key_id": "",
            "name": "/aws/lambda/cert-management-dev-secure-excel-processor",
            "name_prefix": "",
            "retention_in_days": 30,
            "skip_destroy": false,
            "tags": {},
            "tags_all": {
              "Environment": "dev-secure",
              "ManagedBy": "Terraform",
              "Owner": "Certificate-Management-Team",
              "Project": "cert-management",
              "Security": "Enhanced"
            }
          },
          "sensitive_attributes": [],
          "identity_schema_version": 0,
          "private": "bnVsbA==",
          "dependencies": [
            "data.aws_caller_identity.current",
            "data.aws_region.current",
            "module.database.aws_dynamodb_table.certificate_logs",
            "module.database.aws_dynamodb_table.certificates",
            "module.iam.aws_iam_policy.lambda_policy",
            "module.iam.aws_iam_role.lambda_role",
            "module.iam.aws_iam_role_policy_attachment.lambda_basic",
            "module.iam.aws_iam_role_policy_attachment.lambda_policy",
            "module.storage_secure.aws_s3_bucket.dashboard",
            "module.storage_secure.aws_s3_bucket.logs",
            "module.storage_secure.aws_s3_bucket.uploads",
            "random_string.suffix"
          ],
          "create_before_destroy": true
        }
      ]
    },
    {
      "module": "module.lambda_secure",
      "mode": "managed",
      "type": "aws_lambda_function",
      "name": "certificate_monitor",
      "provider": "provider[\"registry.terraform.io/hashicorp/aws\"]",
      "instances": [
        {
          "schema_version": 0,
          "attributes": {
            "architectures": [
              "x86_64"
            ],
            "arn": "arn:aws:lambda:eu-west-1:992155623828:function:cert-management-dev-secure-certificate-monitor",
            "code_signing_config_arn": "",
            "dead_letter_config": [],
            "description": "",
            "environment": [
              {
                "variables": {
                  "CERTIFICATES_TABLE": "cert-management-dev-secure-certificates",
                  "EXPIRY_THRESHOLD": "30",
                  "LOGS_TABLE": "cert-management-dev-secure-certificate-logs",
                  "REGION": "eu-west-1",
                  "SENDER_EMAIL": "vinaya-c.nayanegali@capgemini.com"
                }
              }
            ],
            "ephemeral_storage": [
              {
                "size": 512
              }
            ],
            "file_system_config": [],
            "filename": "../../modules/lambda_secure/../../environments/dev-secure/certificate_monitor.zip",
            "function_name": "cert-management-dev-secure-certificate-monitor",
            "handler": "certificate_monitor.lambda_handler",
            "id": "cert-management-dev-secure-certificate-monitor",
            "image_config": [],
            "image_uri": "",
            "invoke_arn": "arn:aws:apigateway:eu-west-1:lambda:path/2015-03-31/functions/arn:aws:lambda:eu-west-1:992155623828:function:cert-management-dev-secure-certificate-monitor/invocations",
            "kms_key_arn": "",
            "last_modified": "2025-11-09T07:12:37.324+0000",
            "layers": [],
            "memory_size": 512,
            "package_type": "Zip",
            "publish": false,
            "qualified_arn": "arn:aws:lambda:eu-west-1:992155623828:function:cert-management-dev-secure-certificate-monitor:$LATEST",
            "qualified_invoke_arn": "arn:aws:apigateway:eu-west-1:lambda:path/2015-03-31/functions/arn:aws:lambda:eu-west-1:992155623828:function:cert-management-dev-secure-certificate-monitor:$LATEST/invocations",
            "replace_security_groups_on_destroy": null,
            "replacement_security_group_ids": null,
            "reserved_concurrent_executions": -1,
            "role": "arn:aws:iam::992155623828:role/cert-management-dev-secure-lambda-role",
            "runtime": "python3.9",
            "s3_bucket": null,
            "s3_key": null,
            "s3_object_version": null,
            "signing_job_arn": "",
            "signing_profile_version_arn": "",
            "skip_destroy": false,
            "snap_start": [],
            "source_code_hash": "f1Z2tt9QR/6w6gparzvJy0oGM6kbPvC8tXibaRiJ0lU=",
            "source_code_size": 4325,
            "tags": {
              "Name": "cert-management-dev-secure-certificate-monitor"
            },
            "tags_all": {
              "Environment": "dev-secure",
              "ManagedBy": "Terraform",
              "Name": "cert-management-dev-secure-certificate-monitor",
              "Owner": "Certificate-Management-Team",
              "Project": "cert-management",
              "Security": "Enhanced"
            },
            "timeout": 900,
            "timeouts": null,
            "tracing_config": [
              {
                "mode": "PassThrough"
              }
            ],
            "version": "$LATEST",
            "vpc_config": []
          },
          "sensitive_attributes": [],
          "identity_schema_version": 0,
          "private": "eyJlMmJmYjczMC1lY2FhLTExZTYtOGY4OC0zNDM2M2JjN2M0YzAiOnsiY3JlYXRlIjo2MDAwMDAwMDAwMDAsImRlbGV0ZSI6NjAwMDAwMDAwMDAwLCJ1cGRhdGUiOjYwMDAwMDAwMDAwMH19",
          "dependencies": [
            "data.aws_caller_identity.current",
            "data.aws_region.current",
            "module.database.aws_dynamodb_table.certificate_logs",
            "module.database.aws_dynamodb_table.certificates",
            "module.iam.aws_iam_policy.lambda_policy",
            "module.iam.aws_iam_role.lambda_role",
            "module.iam.aws_iam_role_policy_attachment.lambda_basic",
            "module.iam.aws_iam_role_policy_attachment.lambda_policy",
            "module.lambda_secure.aws_cloudwatch_log_group.certificate_monitor",
            "module.lambda_secure.data.archive_file.certificate_monitor",
            "module.storage_secure.aws_s3_bucket.dashboard",
            "module.storage_secure.aws_s3_bucket.logs",
            "module.storage_secure.aws_s3_bucket.uploads",
            "random_string.suffix"
          ],
          "create_before_destroy": true
        }
      ]
    },
    {
      "module": "module.lambda_secure",
      "mode": "managed",
      "type": "aws_lambda_function",
      "name": "dashboard_api",
      "provider": "provider[\"registry.terraform.io/hashicorp/aws\"]",
      "instances": [
        {
          "schema_version": 0,
          "attributes": {
            "architectures": [
              "x86_64"
            ],
            "arn": "arn:aws:lambda:eu-west-1:992155623828:function:cert-management-dev-secure-dashboard-api",
            "code_signing_config_arn": "",
            "dead_letter_config": [],
            "description": "",
            "environment": [
              {
                "variables": {
                  "CERTIFICATES_TABLE": "cert-management-dev-secure-certificates"
                }
              }
            ],
            "ephemeral_storage": [
              {
                "size": 512
              }
            ],
            "file_system_config": [],
            "filename": "../../modules/lambda_secure/../../environments/dev-secure/dashboard_api.zip",
            "function_name": "cert-management-dev-secure-dashboard-api",
            "handler": "dashboard_api.lambda_handler",
            "id": "cert-management-dev-secure-dashboard-api",
            "image_config": [],
            "image_uri": "",
            "invoke_arn": "arn:aws:apigateway:eu-west-1:lambda:path/2015-03-31/functions/arn:aws:lambda:eu-west-1:992155623828:function:cert-management-dev-secure-dashboard-api/invocations",
            "kms_key_arn": "",
            "last_modified": "2025-11-09T07:12:23.871+0000",
            "layers": [],
            "memory_size": 128,
            "package_type": "Zip",
            "publish": false,
            "qualified_arn": "arn:aws:lambda:eu-west-1:992155623828:function:cert-management-dev-secure-dashboard-api:$LATEST",
            "qualified_invoke_arn": "arn:aws:apigateway:eu-west-1:lambda:path/2015-03-31/functions/arn:aws:lambda:eu-west-1:992155623828:function:cert-management-dev-secure-dashboard-api:$LATEST/invocations",
            "replace_security_groups_on_destroy": null,
            "replacement_security_group_ids": null,
            "reserved_concurrent_executions": -1,
            "role": "arn:aws:iam::992155623828:role/cert-management-dev-secure-lambda-role",
            "runtime": "python3.9",
            "s3_bucket": null,
            "s3_key": null,
            "s3_object_version": null,
            "signing_job_arn": "",
            "signing_profile_version_arn": "",
            "skip_destroy": false,
            "snap_start": [],
            "source_code_hash": "N0TlETBDVIxoKZDdJ1Ddh2v6+v5VNQEqFfgreIQtnHU=",
            "source_code_size": 2563,
            "tags": {
              "Name": "cert-management-dev-secure-dashboard-api"
            },
            "tags_all": {
              "Environment": "dev-secure",
              "ManagedBy": "Terraform",
              "Name": "cert-management-dev-secure-dashboard-api",
              "Owner": "Certificate-Management-Team",
              "Project": "cert-management",
              "Security": "Enhanced"
            },
            "timeout": 30,
            "timeouts": null,
            "tracing_config": [
              {
                "mode": "PassThrough"
              }
            ],
            "version": "$LATEST",
            "vpc_config": []
          },
          "sensitive_attributes": [],
          "identity_schema_version": 0,
          "private": "eyJlMmJmYjczMC1lY2FhLTExZTYtOGY4OC0zNDM2M2JjN2M0YzAiOnsiY3JlYXRlIjo2MDAwMDAwMDAwMDAsImRlbGV0ZSI6NjAwMDAwMDAwMDAwLCJ1cGRhdGUiOjYwMDAwMDAwMDAwMH19",
          "dependencies": [
            "data.aws_caller_identity.current",
            "data.aws_region.current",
            "module.database.aws_dynamodb_table.certificate_logs",
            "module.database.aws_dynamodb_table.certificates",
            "module.iam.aws_iam_policy.lambda_policy",
            "module.iam.aws_iam_role.lambda_role",
            "module.iam.aws_iam_role_policy_attachment.lambda_basic",
            "module.iam.aws_iam_role_policy_attachment.lambda_policy",
            "module.lambda_secure.aws_cloudwatch_log_group.dashboard_api",
            "module.lambda_secure.data.archive_file.dashboard_api",
            "module.storage_secure.aws_s3_bucket.dashboard",
            "module.storage_secure.aws_s3_bucket.logs",
            "module.storage_secure.aws_s3_bucket.uploads",
            "random_string.suffix"
          ],
          "create_before_destroy": true
        }
      ]
    },
    {
      "module": "module.lambda_secure",
      "mode": "managed",
      "type": "aws_lambda_function",
      "name": "excel_processor",
      "provider": "provider[\"registry.terraform.io/hashicorp/aws\"]",
      "instances": [
        {
          "schema_version": 0,
          "attributes": {
            "architectures": [
              "x86_64"
            ],
            "arn": "arn:aws:lambda:eu-west-1:992155623828:function:cert-management-dev-secure-excel-processor",
            "code_signing_config_arn": "",
            "dead_letter_config": [],
            "description": "",
            "environment": [
              {
                "variables": {
                  "CERTIFICATES_TABLE": "cert-management-dev-secure-certificates",
                  "LOGS_BUCKET": "cert-management-dev-secure-logs-9xeyqp04",
                  "LOGS_TABLE": "cert-management-dev-secure-certificate-logs",
                  "REGION": "eu-west-1"
                }
              }
            ],
            "ephemeral_storage": [
              {
                "size": 512
              }
            ],
            "file_system_config": [],
            "filename": "../../modules/lambda_secure/../../environments/dev-secure/excel_processor.zip",
            "function_name": "cert-management-dev-secure-excel-processor",
            "handler": "excel_processor.lambda_handler",
            "id": "cert-management-dev-secure-excel-processor",
            "image_config": [],
            "image_uri": "",
            "invoke_arn": "arn:aws:apigateway:eu-west-1:lambda:path/2015-03-31/functions/arn:aws:lambda:eu-west-1:992155623828:function:cert-management-dev-secure-excel-processor/invocations",
            "kms_key_arn": "",
            "last_modified": "2025-11-09T07:12:30.610+0000",
            "layers": [],
            "memory_size": 1024,
            "package_type": "Zip",
            "publish": false,
            "qualified_arn": "arn:aws:lambda:eu-west-1:992155623828:function:cert-management-dev-secure-excel-processor:$LATEST",
            "qualified_invoke_arn": "arn:aws:apigateway:eu-west-1:lambda:path/2015-03-31/functions/arn:aws:lambda:eu-west-1:992155623828:function:cert-management-dev-secure-excel-processor:$LATEST/invocations",
            "replace_security_groups_on_destroy": null,
            "replacement_security_group_ids": null,
            "reserved_concurrent_executions": -1,
            "role": "arn:aws:iam::992155623828:role/cert-management-dev-secure-lambda-role",
            "runtime": "python3.9",
            "s3_bucket": null,
            "s3_key": null,
            "s3_object_version": null,
            "signing_job_arn": "",
            "signing_profile_version_arn": "",
            "skip_destroy": false,
            "snap_start": [],
            "source_code_hash": "9WjUhg2FmTh3KiClfTTi6RH0yS6E3itC7i/obFQJROU=",
            "source_code_size": 3290,
            "tags": {
              "Name": "cert-management-dev-secure-excel-processor"
            },
            "tags_all": {
              "Environment": "dev-secure",
              "ManagedBy": "Terraform",
              "Name": "cert-management-dev-secure-excel-processor",
              "Owner": "Certificate-Management-Team",
              "Project": "cert-management",
              "Security": "Enhanced"
            },
            "timeout": 300,
            "timeouts": null,
            "tracing_config": [
              {
                "mode": "PassThrough"
              }
            ],
            "version": "$LATEST",
            "vpc_config": []
          },
          "sensitive_attributes": [],
          "identity_schema_version": 0,
          "private": "eyJlMmJmYjczMC1lY2FhLTExZTYtOGY4OC0zNDM2M2JjN2M0YzAiOnsiY3JlYXRlIjo2MDAwMDAwMDAwMDAsImRlbGV0ZSI6NjAwMDAwMDAwMDAwLCJ1cGRhdGUiOjYwMDAwMDAwMDAwMH19",
          "dependencies": [
            "data.aws_caller_identity.current",
            "data.aws_region.current",
            "module.database.aws_dynamodb_table.certificate_logs",
            "module.database.aws_dynamodb_table.certificates",
            "module.iam.aws_iam_policy.lambda_policy",
            "module.iam.aws_iam_role.lambda_role",
            "module.iam.aws_iam_role_policy_attachment.lambda_basic",
            "module.iam.aws_iam_role_policy_attachment.lambda_policy",
            "module.lambda_secure.aws_cloudwatch_log_group.excel_processor",
            "module.lambda_secure.data.archive_file.excel_processor",
            "module.storage_secure.aws_s3_bucket.dashboard",
            "module.storage_secure.aws_s3_bucket.logs",
            "module.storage_secure.aws_s3_bucket.uploads",
            "random_string.suffix"
          ],
          "create_before_destroy": true
        }
      ]
    },
    {
      "module": "module.lambda_secure",
      "mode": "managed",
      "type": "aws_lambda_permission",
      "name": "allow_s3",
      "provider": "provider[\"registry.terraform.io/hashicorp/aws\"]",
      "instances": [
        {
          "schema_version": 0,
          "attributes": {
            "action": "lambda:InvokeFunction",
            "event_source_token": null,
            "function_name": "cert-management-dev-secure-excel-processor",
            "function_url_auth_type": null,
            "id": "AllowExecutionFromS3Bucket",
            "principal": "s3.amazonaws.com",
            "principal_org_id": null,
            "qualifier": "",
            "source_account": null,
            "source_arn": "arn:aws:s3:::cert-management-dev-secure-uploads-9xeyqp04",
            "statement_id": "AllowExecutionFromS3Bucket",
            "statement_id_prefix": ""
          },
          "sensitive_attributes": [],
          "identity_schema_version": 0,
          "private": "bnVsbA==",
          "dependencies": [
            "data.aws_caller_identity.current",
            "data.aws_region.current",
            "module.database.aws_dynamodb_table.certificate_logs",
            "module.database.aws_dynamodb_table.certificates",
            "module.iam.aws_iam_policy.lambda_policy",
            "module.iam.aws_iam_role.lambda_role",
            "module.iam.aws_iam_role_policy_attachment.lambda_basic",
            "module.iam.aws_iam_role_policy_attachment.lambda_policy",
            "module.lambda_secure.aws_cloudwatch_log_group.excel_processor",
            "module.lambda_secure.aws_lambda_function.excel_processor",
            "module.lambda_secure.data.archive_file.excel_processor",
            "module.storage_secure.aws_s3_bucket.dashboard",
            "module.storage_secure.aws_s3_bucket.logs",
            "module.storage_secure.aws_s3_bucket.uploads",
            "random_string.suffix"
          ],
          "create_before_destroy": true
        }
      ]
    },
    {
      "module": "module.lambda_secure",
      "mode": "managed",
      "type": "aws_lambda_permission",
      "name": "api_gateway",
      "provider": "provider[\"registry.terraform.io/hashicorp/aws\"]",
      "instances": [
        {
          "schema_version": 0,
          "attributes": {
            "action": "lambda:InvokeFunction",
            "event_source_token": null,
            "function_name": "cert-management-dev-secure-dashboard-api",
            "function_url_auth_type": null,
            "id": "AllowExecutionFromAPIGateway",
            "principal": "apigateway.amazonaws.com",
            "principal_org_id": null,
            "qualifier": "",
            "source_account": null,
            "source_arn": "arn:aws:execute-api:eu-west-1:992155623828:*/*/*/*/*",
            "statement_id": "AllowExecutionFromAPIGateway",
            "statement_id_prefix": ""
          },
          "sensitive_attributes": [],
          "identity_schema_version": 0,
          "private": "bnVsbA==",
          "dependencies": [
            "data.aws_caller_identity.current",
            "data.aws_region.current",
            "module.database.aws_dynamodb_table.certificate_logs",
            "module.database.aws_dynamodb_table.certificates",
            "module.iam.aws_iam_policy.lambda_policy",
            "module.iam.aws_iam_role.lambda_role",
            "module.iam.aws_iam_role_policy_attachment.lambda_basic",
            "module.iam.aws_iam_role_policy_attachment.lambda_policy",
            "module.lambda_secure.aws_cloudwatch_log_group.dashboard_api",
            "module.lambda_secure.aws_lambda_function.dashboard_api",
            "module.lambda_secure.data.archive_file.dashboard_api",
            "module.storage_secure.aws_s3_bucket.dashboard",
            "module.storage_secure.aws_s3_bucket.logs",
            "module.storage_secure.aws_s3_bucket.uploads",
            "random_string.suffix"
          ],
          "create_before_destroy": true
        }
      ]
    },
    {
      "module": "module.lambda_secure",
      "mode": "managed",
      "type": "aws_s3_bucket_notification",
      "name": "excel_upload",
      "provider": "provider[\"registry.terraform.io/hashicorp/aws\"]",
      "instances": [
        {
          "schema_version": 0,
          "attributes": {
            "bucket": "cert-management-dev-secure-uploads-9xeyqp04",
            "eventbridge": false,
            "id": "cert-management-dev-secure-uploads-9xeyqp04",
            "lambda_function": [
              {
                "events": [
                  "s3:ObjectCreated:*"
                ],
                "filter_prefix": "excel/",
                "filter_suffix": ".xlsx",
                "id": "tf-s3-lambda-20251109071237693300000003",
                "lambda_function_arn": "arn:aws:lambda:eu-west-1:992155623828:function:cert-management-dev-secure-excel-processor"
              }
            ],
            "queue": [],
            "topic": []
          },
          "sensitive_attributes": [],
          "identity_schema_version": 0,
          "private": "bnVsbA==",
          "dependencies": [
            "data.aws_caller_identity.current",
            "data.aws_region.current",
            "module.database.aws_dynamodb_table.certificate_logs",
            "module.database.aws_dynamodb_table.certificates",
            "module.iam.aws_iam_policy.lambda_policy",
            "module.iam.aws_iam_role.lambda_role",
            "module.iam.aws_iam_role_policy_attachment.lambda_basic",
            "module.iam.aws_iam_role_policy_attachment.lambda_policy",
            "module.lambda_secure.aws_cloudwatch_log_group.excel_processor",
            "module.lambda_secure.aws_lambda_function.excel_processor",
            "module.lambda_secure.aws_lambda_permission.allow_s3",
            "module.lambda_secure.data.archive_file.excel_processor",
            "module.storage_secure.aws_s3_bucket.dashboard",
            "module.storage_secure.aws_s3_bucket.logs",
            "module.storage_secure.aws_s3_bucket.uploads",
            "random_string.suffix"
          ],
          "create_before_destroy": true
        }
      ]
    },
    {
      "module": "module.monitoring",
      "mode": "managed",
      "type": "aws_cloudwatch_dashboard",
      "name": "certificates",
      "provider": "provider[\"registry.terraform.io/hashicorp/aws\"]",
      "instances": [
        {
          "schema_version": 0,
          "attributes": {
            "dashboard_arn": "arn:aws:cloudwatch::992155623828:dashboard/cert-management-dev-secure-dashboard",
            "dashboard_body": "{\"widgets\":[{\"height\":6,\"properties\":{\"metrics\":[[\"AWS/Lambda\",\"Duration\",\"FunctionName\",\"cert-management-dev-secure-certificate-monitor\"],[\".\",\"Errors\",\".\",\".\"],[\".\",\"Invocations\",\".\",\".\"]],\"period\":300,\"region\":\"eu-west-1\",\"stacked\":false,\"title\":\"Certificate Monitor Lambda Metrics\",\"view\":\"timeSeries\"},\"type\":\"metric\",\"width\":12,\"x\":0,\"y\":0},{\"height\":6,\"properties\":{\"metrics\":[[\"AWS/DynamoDB\",\"ConsumedReadCapacityUnits\",\"TableName\",\"cert-management-dev-secure-certificates\"],[\".\",\"ConsumedWriteCapacityUnits\",\".\",\".\"]],\"period\":300,\"region\":\"eu-west-1\",\"stacked\":false,\"title\":\"DynamoDB Capacity Metrics\",\"view\":\"timeSeries\"},\"type\":\"metric\",\"width\":12,\"x\":0,\"y\":6}]}",
            "dashboard_name": "cert-management-dev-secure-dashboard",
            "id": "cert-management-dev-secure-dashboard"
          },
          "sensitive_attributes": [],
          "identity_schema_version": 0,
          "private": "bnVsbA==",
          "dependencies": [
            "data.aws_caller_identity.current",
            "data.aws_region.current",
            "module.database.aws_dynamodb_table.certificate_logs",
            "module.database.aws_dynamodb_table.certificates",
            "module.iam.aws_iam_policy.lambda_policy",
            "module.iam.aws_iam_role.lambda_role",
            "module.iam.aws_iam_role_policy_attachment.lambda_basic",
            "module.iam.aws_iam_role_policy_attachment.lambda_policy",
            "module.lambda_secure.aws_cloudwatch_log_group.certificate_monitor",
            "module.lambda_secure.aws_lambda_function.certificate_monitor",
            "module.lambda_secure.data.archive_file.certificate_monitor",
            "module.storage_secure.aws_s3_bucket.dashboard",
            "module.storage_secure.aws_s3_bucket.logs",
            "module.storage_secure.aws_s3_bucket.uploads",
            "random_string.suffix"
          ]
        }
      ]
    },
    {
      "module": "module.storage_secure",
      "mode": "managed",
      "type": "aws_s3_bucket",
      "name": "dashboard",
      "provider": "provider[\"registry.terraform.io/hashicorp/aws\"]",
      "instances": [
        {
          "schema_version": 0,
          "attributes": {
            "acceleration_status": "",
            "acl": null,
            "arn": "arn:aws:s3:::cert-management-dev-secure-dashboard-9xeyqp04",
            "bucket": "cert-management-dev-secure-dashboard-9xeyqp04",
            "bucket_domain_name": "cert-management-dev-secure-dashboard-9xeyqp04.s3.amazonaws.com",
            "bucket_prefix": "",
            "bucket_regional_domain_name": "cert-management-dev-secure-dashboard-9xeyqp04.s3.eu-west-1.amazonaws.com",
            "cors_rule": [
              {
                "allowed_headers": [
                  "*"
                ],
                "allowed_methods": [
                  "GET",
                  "HEAD"
                ],
                "allowed_origins": [
                  "*"
                ],
                "expose_headers": [
                  "ETag"
                ],
                "max_age_seconds": 3000
              }
            ],
            "force_destroy": false,
            "grant": [
              {
                "id": "f13ebdcb473d3ca55e1d78bf34df253726a6f1f109b290523613e15c83de4171",
                "permissions": [
                  "FULL_CONTROL"
                ],
                "type": "CanonicalUser",
                "uri": ""
              }
            ],
            "hosted_zone_id": "Z1BKCTXD74EZPE",
            "id": "cert-management-dev-secure-dashboard-9xeyqp04",
            "lifecycle_rule": [],
            "logging": [],
            "object_lock_configuration": [],
            "object_lock_enabled": false,
            "policy": "{\"Statement\":[{\"Action\":\"s3:GetObject\",\"Effect\":\"Allow\",\"Principal\":{\"AWS\":\"arn:aws:iam::cloudfront:user/CloudFront Origin Access Identity EKZOU5O9KX66U\"},\"Resource\":\"arn:aws:s3:::cert-management-dev-secure-dashboard-9xeyqp04/*\",\"Sid\":\"AllowCloudFrontOAI\"}],\"Version\":\"2012-10-17\"}",
            "region": "eu-west-1",
            "replication_configuration": [],
            "request_payer": "BucketOwner",
            "server_side_encryption_configuration": [
              {
                "rule": [
                  {
                    "apply_server_side_encryption_by_default": [
                      {
                        "kms_master_key_id": "",
                        "sse_algorithm": "AES256"
                      }
                    ],
                    "bucket_key_enabled": false
                  }
                ]
              }
            ],
            "tags": {},
            "tags_all": {
              "Environment": "dev-secure",
              "ManagedBy": "Terraform",
              "Owner": "Certificate-Management-Team",
              "Project": "cert-management",
              "Security": "Enhanced"
            },
            "timeouts": null,
            "versioning": [
              {
                "enabled": false,
                "mfa_delete": false
              }
            ],
            "website": [],
            "website_domain": null,
            "website_endpoint": null
          },
          "sensitive_attributes": [],
          "identity_schema_version": 0,
          "private": "eyJlMmJmYjczMC1lY2FhLTExZTYtOGY4OC0zNDM2M2JjN2M0YzAiOnsiY3JlYXRlIjoxMjAwMDAwMDAwMDAwLCJkZWxldGUiOjM2MDAwMDAwMDAwMDAsInJlYWQiOjEyMDAwMDAwMDAwMDAsInVwZGF0ZSI6MTIwMDAwMDAwMDAwMH19",
          "dependencies": [
            "random_string.suffix"
          ],
          "create_before_destroy": true
        }
      ]
    },
    {
      "module": "module.storage_secure",
      "mode": "managed",
      "type": "aws_s3_bucket",
      "name": "logs",
      "provider": "provider[\"registry.terraform.io/hashicorp/aws\"]",
      "instances": [
        {
          "schema_version": 0,
          "attributes": {
            "acceleration_status": "",
            "acl": null,
            "arn": "arn:aws:s3:::cert-management-dev-secure-logs-9xeyqp04",
            "bucket": "cert-management-dev-secure-logs-9xeyqp04",
            "bucket_domain_name": "cert-management-dev-secure-logs-9xeyqp04.s3.amazonaws.com",
            "bucket_prefix": "",
            "bucket_regional_domain_name": "cert-management-dev-secure-logs-9xeyqp04.s3.eu-west-1.amazonaws.com",
            "cors_rule": [],
            "force_destroy": false,
            "grant": [
              {
                "id": "f13ebdcb473d3ca55e1d78bf34df253726a6f1f109b290523613e15c83de4171",
                "permissions": [
                  "FULL_CONTROL"
                ],
                "type": "CanonicalUser",
                "uri": ""
              }
            ],
            "hosted_zone_id": "Z1BKCTXD74EZPE",
            "id": "cert-management-dev-secure-logs-9xeyqp04",
            "lifecycle_rule": [
              {
                "abort_incomplete_multipart_upload_days": 0,
                "enabled": true,
                "expiration": [
                  {
                    "date": "",
                    "days": 365,
                    "expired_object_delete_marker": false
                  }
                ],
                "id": "archive-logs",
                "noncurrent_version_expiration": [
                  {
                    "days": 30
                  }
                ],
                "noncurrent_version_transition": [],
                "prefix": "",
                "tags": {},
                "transition": [
                  {
                    "date": "",
                    "days": 90,
                    "storage_class": "GLACIER"
                  }
                ]
              }
            ],
            "logging": [],
            "object_lock_configuration": [],
            "object_lock_enabled": false,
            "policy": "",
            "region": "eu-west-1",
            "replication_configuration": [],
            "request_payer": "BucketOwner",
            "server_side_encryption_configuration": [
              {
                "rule": [
                  {
                    "apply_server_side_encryption_by_default": [
                      {
                        "kms_master_key_id": "",
                        "sse_algorithm": "AES256"
                      }
                    ],
                    "bucket_key_enabled": false
                  }
                ]
              }
            ],
            "tags": {},
            "tags_all": {
              "Environment": "dev-secure",
              "ManagedBy": "Terraform",
              "Owner": "Certificate-Management-Team",
              "Project": "cert-management",
              "Security": "Enhanced"
            },
            "timeouts": null,
            "versioning": [
              {
                "enabled": true,
                "mfa_delete": false
              }
            ],
            "website": [],
            "website_domain": null,
            "website_endpoint": null
          },
          "sensitive_attributes": [],
          "identity_schema_version": 0,
          "private": "eyJlMmJmYjczMC1lY2FhLTExZTYtOGY4OC0zNDM2M2JjN2M0YzAiOnsiY3JlYXRlIjoxMjAwMDAwMDAwMDAwLCJkZWxldGUiOjM2MDAwMDAwMDAwMDAsInJlYWQiOjEyMDAwMDAwMDAwMDAsInVwZGF0ZSI6MTIwMDAwMDAwMDAwMH19",
          "dependencies": [
            "random_string.suffix"
          ],
          "create_before_destroy": true
        }
      ]
    },
    {
      "module": "module.storage_secure",
      "mode": "managed",
      "type": "aws_s3_bucket",
      "name": "uploads",
      "provider": "provider[\"registry.terraform.io/hashicorp/aws\"]",
      "instances": [
        {
          "schema_version": 0,
          "attributes": {
            "acceleration_status": "",
            "acl": null,
            "arn": "arn:aws:s3:::cert-management-dev-secure-uploads-9xeyqp04",
            "bucket": "cert-management-dev-secure-uploads-9xeyqp04",
            "bucket_domain_name": "cert-management-dev-secure-uploads-9xeyqp04.s3.amazonaws.com",
            "bucket_prefix": "",
            "bucket_regional_domain_name": "cert-management-dev-secure-uploads-9xeyqp04.s3.eu-west-1.amazonaws.com",
            "cors_rule": [],
            "force_destroy": true,
            "grant": [
              {
                "id": "f13ebdcb473d3ca55e1d78bf34df253726a6f1f109b290523613e15c83de4171",
                "permissions": [
                  "FULL_CONTROL"
                ],
                "type": "CanonicalUser",
                "uri": ""
              }
            ],
            "hosted_zone_id": "Z1BKCTXD74EZPE",
            "id": "cert-management-dev-secure-uploads-9xeyqp04",
            "lifecycle_rule": [
              {
                "abort_incomplete_multipart_upload_days": 0,
                "enabled": true,
                "expiration": [
                  {
                    "date": "",
                    "days": 365,
                    "expired_object_delete_marker": false
                  }
                ],
                "id": "cleanup-old-uploads",
                "noncurrent_version_expiration": [
                  {
                    "days": 30
                  }
                ],
                "noncurrent_version_transition": [],
                "prefix": "",
                "tags": {},
                "transition": [
                  {
                    "date": "",
                    "days": 30,
                    "storage_class": "STANDARD_IA"
                  },
                  {
                    "date": "",
                    "days": 90,
                    "storage_class": "GLACIER"
                  }
                ]
              }
            ],
            "logging": [],
            "object_lock_configuration": [],
            "object_lock_enabled": false,
            "policy": "",
            "region": "eu-west-1",
            "replication_configuration": [],
            "request_payer": "BucketOwner",
            "server_side_encryption_configuration": [
              {
                "rule": [
                  {
                    "apply_server_side_encryption_by_default": [
                      {
                        "kms_master_key_id": "",
                        "sse_algorithm": "AES256"
                      }
                    ],
                    "bucket_key_enabled": false
                  }
                ]
              }
            ],
            "tags": {},
            "tags_all": {
              "Environment": "dev-secure",
              "ManagedBy": "Terraform",
              "Owner": "Certificate-Management-Team",
              "Project": "cert-management",
              "Security": "Enhanced"
            },
            "timeouts": null,
            "versioning": [
              {
                "enabled": true,
                "mfa_delete": false
              }
            ],
            "website": [],
            "website_domain": null,
            "website_endpoint": null
          },
          "sensitive_attributes": [],
          "identity_schema_version": 0,
          "private": "eyJlMmJmYjczMC1lY2FhLTExZTYtOGY4OC0zNDM2M2JjN2M0YzAiOnsiY3JlYXRlIjoxMjAwMDAwMDAwMDAwLCJkZWxldGUiOjM2MDAwMDAwMDAwMDAsInJlYWQiOjEyMDAwMDAwMDAwMDAsInVwZGF0ZSI6MTIwMDAwMDAwMDAwMH19",
          "dependencies": [
            "random_string.suffix"
          ],
          "create_before_destroy": true
        }
      ]
    },
    {
      "module": "module.storage_secure",
      "mode": "managed",
      "type": "aws_s3_bucket_cors_configuration",
      "name": "dashboard",
      "provider": "provider[\"registry.terraform.io/hashicorp/aws\"]",
      "instances": [
        {
          "schema_version": 0,
          "attributes": {
            "bucket": "cert-management-dev-secure-dashboard-9xeyqp04",
            "cors_rule": [
              {
                "allowed_headers": [
                  "*"
                ],
                "allowed_methods": [
                  "GET",
                  "HEAD"
                ],
                "allowed_origins": [
                  "*"
                ],
                "expose_headers": [
                  "ETag"
                ],
                "id": "",
                "max_age_seconds": 3000
              }
            ],
            "expected_bucket_owner": "",
            "id": "cert-management-dev-secure-dashboard-9xeyqp04"
          },
          "sensitive_attributes": [],
          "identity_schema_version": 0,
          "private": "bnVsbA==",
          "dependencies": [
            "module.storage_secure.aws_s3_bucket.dashboard",
            "random_string.suffix"
          ],
          "create_before_destroy": true
        }
      ]
    },
    {
      "module": "module.storage_secure",
      "mode": "managed",
      "type": "aws_s3_bucket_lifecycle_configuration",
      "name": "logs",
      "provider": "provider[\"registry.terraform.io/hashicorp/aws\"]",
      "instances": [
        {
          "schema_version": 0,
          "attributes": {
            "bucket": "cert-management-dev-secure-logs-9xeyqp04",
            "expected_bucket_owner": "",
            "id": "cert-management-dev-secure-logs-9xeyqp04",
            "rule": [
              {
                "abort_incomplete_multipart_upload": [],
                "expiration": [
                  {
                    "date": "",
                    "days": 365,
                    "expired_object_delete_marker": false
                  }
                ],
                "filter": [
                  {
                    "and": [],
                    "object_size_greater_than": "",
                    "object_size_less_than": "",
                    "prefix": "",
                    "tag": []
                  }
                ],
                "id": "archive-logs",
                "noncurrent_version_expiration": [
                  {
                    "newer_noncurrent_versions": "",
                    "noncurrent_days": 30
                  }
                ],
                "noncurrent_version_transition": [],
                "prefix": "",
                "status": "Enabled",
                "transition": [
                  {
                    "date": "",
                    "days": 90,
                    "storage_class": "GLACIER"
                  }
                ]
              }
            ]
          },
          "sensitive_attributes": [],
          "identity_schema_version": 0,
          "private": "bnVsbA==",
          "dependencies": [
            "module.storage_secure.aws_s3_bucket.logs",
            "random_string.suffix"
          ],
          "create_before_destroy": true
        }
      ]
    },
    {
      "module": "module.storage_secure",
      "mode": "managed",
      "type": "aws_s3_bucket_lifecycle_configuration",
      "name": "uploads",
      "provider": "provider[\"registry.terraform.io/hashicorp/aws\"]",
      "instances": [
        {
          "schema_version": 0,
          "attributes": {
            "bucket": "cert-management-dev-secure-uploads-9xeyqp04",
            "expected_bucket_owner": "",
            "id": "cert-management-dev-secure-uploads-9xeyqp04",
            "rule": [
              {
                "abort_incomplete_multipart_upload": [],
                "expiration": [
                  {
                    "date": "",
                    "days": 365,
                    "expired_object_delete_marker": false
                  }
                ],
                "filter": [
                  {
                    "and": [],
                    "object_size_greater_than": "",
                    "object_size_less_than": "",
                    "prefix": "",
                    "tag": []
                  }
                ],
                "id": "cleanup-old-uploads",
                "noncurrent_version_expiration": [
                  {
                    "newer_noncurrent_versions": "",
                    "noncurrent_days": 30
                  }
                ],
                "noncurrent_version_transition": [],
                "prefix": "",
                "status": "Enabled",
                "transition": [
                  {
                    "date": "",
                    "days": 30,
                    "storage_class": "STANDARD_IA"
                  },
                  {
                    "date": "",
                    "days": 90,
                    "storage_class": "GLACIER"
                  }
                ]
              }
            ]
          },
          "sensitive_attributes": [],
          "identity_schema_version": 0,
          "private": "bnVsbA==",
          "dependencies": [
            "module.storage_secure.aws_s3_bucket.uploads",
            "random_string.suffix"
          ],
          "create_before_destroy": true
        }
      ]
    },
    {
      "module": "module.storage_secure",
      "mode": "managed",
      "type": "aws_s3_bucket_public_access_block",
      "name": "dashboard",
      "provider": "provider[\"registry.terraform.io/hashicorp/aws\"]",
      "instances": [
        {
          "schema_version": 0,
          "attributes": {
            "block_public_acls": true,
            "block_public_policy": true,
            "bucket": "cert-management-dev-secure-dashboard-9xeyqp04",
            "id": "cert-management-dev-secure-dashboard-9xeyqp04",
            "ignore_public_acls": true,
            "restrict_public_buckets": true
          },
          "sensitive_attributes": [],
          "identity_schema_version": 0,
          "private": "bnVsbA==",
          "dependencies": [
            "module.storage_secure.aws_s3_bucket.dashboard",
            "random_string.suffix"
          ],
          "create_before_destroy": true
        }
      ]
    },
    {
      "module": "module.storage_secure",
      "mode": "managed",
      "type": "aws_s3_bucket_public_access_block",
      "name": "logs",
      "provider": "provider[\"registry.terraform.io/hashicorp/aws\"]",
      "instances": [
        {
          "schema_version": 0,
          "attributes": {
            "block_public_acls": true,
            "block_public_policy": true,
            "bucket": "cert-management-dev-secure-logs-9xeyqp04",
            "id": "cert-management-dev-secure-logs-9xeyqp04",
            "ignore_public_acls": true,
            "restrict_public_buckets": true
          },
          "sensitive_attributes": [],
          "identity_schema_version": 0,
          "private": "bnVsbA==",
          "dependencies": [
            "module.storage_secure.aws_s3_bucket.logs",
            "random_string.suffix"
          ],
          "create_before_destroy": true
        }
      ]
    },
    {
      "module": "module.storage_secure",
      "mode": "managed",
      "type": "aws_s3_bucket_public_access_block",
      "name": "uploads",
      "provider": "provider[\"registry.terraform.io/hashicorp/aws\"]",
      "instances": [
        {
          "schema_version": 0,
          "attributes": {
            "block_public_acls": true,
            "block_public_policy": true,
            "bucket": "cert-management-dev-secure-uploads-9xeyqp04",
            "id": "cert-management-dev-secure-uploads-9xeyqp04",
            "ignore_public_acls": true,
            "restrict_public_buckets": true
          },
          "sensitive_attributes": [],
          "identity_schema_version": 0,
          "private": "bnVsbA==",
          "dependencies": [
            "module.storage_secure.aws_s3_bucket.uploads",
            "random_string.suffix"
          ],
          "create_before_destroy": true
        }
      ]
    },
    {
      "module": "module.storage_secure",
      "mode": "managed",
      "type": "aws_s3_bucket_server_side_encryption_configuration",
      "name": "dashboard",
      "provider": "provider[\"registry.terraform.io/hashicorp/aws\"]",
      "instances": [
        {
          "schema_version": 0,
          "attributes": {
            "bucket": "cert-management-dev-secure-dashboard-9xeyqp04",
            "expected_bucket_owner": "",
            "id": "cert-management-dev-secure-dashboard-9xeyqp04",
            "rule": [
              {
                "apply_server_side_encryption_by_default": [
                  {
                    "kms_master_key_id": "",
                    "sse_algorithm": "AES256"
                  }
                ],
                "bucket_key_enabled": false
              }
            ]
          },
          "sensitive_attributes": [],
          "identity_schema_version": 0,
          "private": "bnVsbA==",
          "dependencies": [
            "module.storage_secure.aws_s3_bucket.dashboard",
            "random_string.suffix"
          ],
          "create_before_destroy": true
        }
      ]
    },
    {
      "module": "module.storage_secure",
      "mode": "managed",
      "type": "aws_s3_bucket_server_side_encryption_configuration",
      "name": "logs",
      "provider": "provider[\"registry.terraform.io/hashicorp/aws\"]",
      "instances": [
        {
          "schema_version": 0,
          "attributes": {
            "bucket": "cert-management-dev-secure-logs-9xeyqp04",
            "expected_bucket_owner": "",
            "id": "cert-management-dev-secure-logs-9xeyqp04",
            "rule": [
              {
                "apply_server_side_encryption_by_default": [
                  {
                    "kms_master_key_id": "",
                    "sse_algorithm": "AES256"
                  }
                ],
                "bucket_key_enabled": false
              }
            ]
          },
          "sensitive_attributes": [],
          "identity_schema_version": 0,
          "private": "bnVsbA==",
          "dependencies": [
            "module.storage_secure.aws_s3_bucket.logs",
            "random_string.suffix"
          ],
          "create_before_destroy": true
        }
      ]
    },
    {
      "module": "module.storage_secure",
      "mode": "managed",
      "type": "aws_s3_bucket_server_side_encryption_configuration",
      "name": "uploads",
      "provider": "provider[\"registry.terraform.io/hashicorp/aws\"]",
      "instances": [
        {
          "schema_version": 0,
          "attributes": {
            "bucket": "cert-management-dev-secure-uploads-9xeyqp04",
            "expected_bucket_owner": "",
            "id": "cert-management-dev-secure-uploads-9xeyqp04",
            "rule": [
              {
                "apply_server_side_encryption_by_default": [
                  {
                    "kms_master_key_id": "",
                    "sse_algorithm": "AES256"
                  }
                ],
                "bucket_key_enabled": false
              }
            ]
          },
          "sensitive_attributes": [],
          "identity_schema_version": 0,
          "private": "bnVsbA==",
          "dependencies": [
            "module.storage_secure.aws_s3_bucket.uploads",
            "random_string.suffix"
          ],
          "create_before_destroy": true
        }
      ]
    },
    {
      "module": "module.storage_secure",
      "mode": "managed",
      "type": "aws_s3_bucket_versioning",
      "name": "dashboard",
      "provider": "provider[\"registry.terraform.io/hashicorp/aws\"]",
      "instances": [
        {
          "schema_version": 0,
          "attributes": {
            "bucket": "cert-management-dev-secure-dashboard-9xeyqp04",
            "expected_bucket_owner": "",
            "id": "cert-management-dev-secure-dashboard-9xeyqp04",
            "mfa": null,
            "versioning_configuration": [
              {
                "mfa_delete": "",
                "status": "Disabled"
              }
            ]
          },
          "sensitive_attributes": [],
          "identity_schema_version": 0,
          "private": "bnVsbA==",
          "dependencies": [
            "module.storage_secure.aws_s3_bucket.dashboard",
            "random_string.suffix"
          ],
          "create_before_destroy": true
        }
      ]
    },
    {
      "module": "module.storage_secure",
      "mode": "managed",
      "type": "aws_s3_bucket_versioning",
      "name": "logs",
      "provider": "provider[\"registry.terraform.io/hashicorp/aws\"]",
      "instances": [
        {
          "schema_version": 0,
          "attributes": {
            "bucket": "cert-management-dev-secure-logs-9xeyqp04",
            "expected_bucket_owner": "",
            "id": "cert-management-dev-secure-logs-9xeyqp04",
            "mfa": null,
            "versioning_configuration": [
              {
                "mfa_delete": "",
                "status": "Enabled"
              }
            ]
          },
          "sensitive_attributes": [],
          "identity_schema_version": 0,
          "private": "bnVsbA==",
          "dependencies": [
            "module.storage_secure.aws_s3_bucket.logs",
            "random_string.suffix"
          ],
          "create_before_destroy": true
        }
      ]
    },
    {
      "module": "module.storage_secure",
      "mode": "managed",
      "type": "aws_s3_bucket_versioning",
      "name": "uploads",
      "provider": "provider[\"registry.terraform.io/hashicorp/aws\"]",
      "instances": [
        {
          "schema_version": 0,
          "attributes": {
            "bucket": "cert-management-dev-secure-uploads-9xeyqp04",
            "expected_bucket_owner": "",
            "id": "cert-management-dev-secure-uploads-9xeyqp04",
            "mfa": null,
            "versioning_configuration": [
              {
                "mfa_delete": "",
                "status": "Enabled"
              }
            ]
          },
          "sensitive_attributes": [],
          "identity_schema_version": 0,
          "private": "bnVsbA==",
          "dependencies": [
            "module.storage_secure.aws_s3_bucket.uploads",
            "random_string.suffix"
          ],
          "create_before_destroy": true
        }
      ]
    }
  ],
  "check_results": null
}
